// !$*UTF8*$!
{
	archiveVersion = 1;
	classes = {
	};
	objectVersion = 46;
	objects = {

/* Begin PBXBuildFile section */
		EB0150A117C7F6B000B15B04 /* pplxapple.cpp in Sources */ = {isa = PBXBuildFile; fileRef = EB0150A017C7F6B000B15B04 /* pplxapple.cpp */; };
		EB01A00D176A37DF0022E61F /* log.cpp in Sources */ = {isa = PBXBuildFile; fileRef = EB23721A1768C9F100C10787 /* log.cpp */; };
		EB01A00E176A37DF0022E61F /* http_linux_server.cpp in Sources */ = {isa = PBXBuildFile; fileRef = EB2372121768C9DD00C10787 /* http_linux_server.cpp */; };
		EB01A00F176A37DF0022E61F /* http_listener.cpp in Sources */ = {isa = PBXBuildFile; fileRef = EB2372131768C9DD00C10787 /* http_listener.cpp */; };
		EB01A010176A37DF0022E61F /* http_msg_listen.cpp in Sources */ = {isa = PBXBuildFile; fileRef = EB2372141768C9DD00C10787 /* http_msg_listen.cpp */; };
		EB01A011176A37DF0022E61F /* http_server_api.cpp in Sources */ = {isa = PBXBuildFile; fileRef = EB2372151768C9DD00C10787 /* http_server_api.cpp */; };
		EB01A012176A37DF0022E61F /* asyncrt_utils.cpp in Sources */ = {isa = PBXBuildFile; fileRef = EB4F8CCD176025C6000EA0D8 /* asyncrt_utils.cpp */; };
		EB01A013176A37DF0022E61F /* http_linux.cpp in Sources */ = {isa = PBXBuildFile; fileRef = EB4F8CC817601C88000EA0D8 /* http_linux.cpp */; };
		EB01A014176A37DF0022E61F /* http_msg_client.cpp in Sources */ = {isa = PBXBuildFile; fileRef = EB4F8CC917601C88000EA0D8 /* http_msg_client.cpp */; };
		EB01A015176A37DF0022E61F /* fileio_linux.cpp in Sources */ = {isa = PBXBuildFile; fileRef = EB4F8CC517601BD9000EA0D8 /* fileio_linux.cpp */; };
		EB01A016176A37DF0022E61F /* http_helpers.cpp in Sources */ = {isa = PBXBuildFile; fileRef = EB4F8CBF17600B1D000EA0D8 /* http_helpers.cpp */; };
		EB01A017176A37DF0022E61F /* http_msg.cpp in Sources */ = {isa = PBXBuildFile; fileRef = EB4F8CC017600B1D000EA0D8 /* http_msg.cpp */; };
		EB01A018176A37DF0022E61F /* uri_builder.cpp in Sources */ = {isa = PBXBuildFile; fileRef = EB4F8CB9176008A9000EA0D8 /* uri_builder.cpp */; };
		EB01A019176A37DF0022E61F /* uri_parser.cpp in Sources */ = {isa = PBXBuildFile; fileRef = EB4F8CBA176008A9000EA0D8 /* uri_parser.cpp */; };
		EB01A01A176A37DF0022E61F /* uri.cpp in Sources */ = {isa = PBXBuildFile; fileRef = EB4F8CBB176008A9000EA0D8 /* uri.cpp */; };
		EB01A01C176A37DF0022E61F /* pplx.cpp in Sources */ = {isa = PBXBuildFile; fileRef = EBE3C47A175EE59E00586647 /* pplx.cpp */; };
		EB01A01E176A37DF0022E61F /* json.cpp in Sources */ = {isa = PBXBuildFile; fileRef = EBE3C492175EF89300586647 /* json.cpp */; };
		EB01A025176A43B40022E61F /* threadpool.cpp in Sources */ = {isa = PBXBuildFile; fileRef = EB01A023176A43A80022E61F /* threadpool.cpp */; };
		EB35936C17C8196B0018A863 /* pplxlinux.h in Headers */ = {isa = PBXBuildFile; fileRef = EB35936B17C8196B0018A863 /* pplxlinux.h */; };
		EB3F021A176AB31F0064D425 /* base64.cpp in Sources */ = {isa = PBXBuildFile; fileRef = EB2662ED176A699800B89F0C /* base64.cpp */; };
		EBB3BE8617792FC000FD26A1 /* CoreFoundation.framework in Frameworks */ = {isa = PBXBuildFile; fileRef = EBB3BE8417792A8A00FD26A1 /* CoreFoundation.framework */; };
/* End PBXBuildFile section */

/* Begin PBXFileReference section */
		EB0150A017C7F6B000B15B04 /* pplxapple.cpp */ = {isa = PBXFileReference; fileEncoding = 4; lastKnownFileType = sourcecode.cpp.cpp; name = pplxapple.cpp; path = ../../pplx/apple/pplxapple.cpp; sourceTree = "<group>"; };
		EB01A009176A379A0022E61F /* libcasablanca.dyn.dylib */ = {isa = PBXFileReference; explicitFileType = "compiled.mach-o.dylib"; includeInIndex = 0; path = libcasablanca.dyn.dylib; sourceTree = BUILT_PRODUCTS_DIR; };
		EB01A020176A3C2E0022E61F /* stdafx.h */ = {isa = PBXFileReference; fileEncoding = 4; lastKnownFileType = sourcecode.c.h; name = stdafx.h; path = ../../pch/stdafx.h; sourceTree = "<group>"; };
		EB01A023176A43A80022E61F /* threadpool.cpp */ = {isa = PBXFileReference; fileEncoding = 4; lastKnownFileType = sourcecode.cpp.cpp; name = threadpool.cpp; path = ../../pplx/threadpool.cpp; sourceTree = "<group>"; };
		EB2372121768C9DD00C10787 /* http_linux_server.cpp */ = {isa = PBXFileReference; fileEncoding = 4; lastKnownFileType = sourcecode.cpp.cpp; name = http_linux_server.cpp; path = ../../http/listener/http_linux_server.cpp; sourceTree = "<group>"; };
		EB2372131768C9DD00C10787 /* http_listener.cpp */ = {isa = PBXFileReference; fileEncoding = 4; lastKnownFileType = sourcecode.cpp.cpp; name = http_listener.cpp; path = ../../http/listener/http_listener.cpp; sourceTree = "<group>"; };
		EB2372141768C9DD00C10787 /* http_msg_listen.cpp */ = {isa = PBXFileReference; fileEncoding = 4; lastKnownFileType = sourcecode.cpp.cpp; name = http_msg_listen.cpp; path = ../../http/listener/http_msg_listen.cpp; sourceTree = "<group>"; };
		EB2372151768C9DD00C10787 /* http_server_api.cpp */ = {isa = PBXFileReference; fileEncoding = 4; lastKnownFileType = sourcecode.cpp.cpp; name = http_server_api.cpp; path = ../../http/listener/http_server_api.cpp; sourceTree = "<group>"; };
		EB23721A1768C9F100C10787 /* log.cpp */ = {isa = PBXFileReference; fileEncoding = 4; lastKnownFileType = sourcecode.cpp.cpp; name = log.cpp; path = ../../http/logging/log.cpp; sourceTree = "<group>"; };
		EB2662ED176A699800B89F0C /* base64.cpp */ = {isa = PBXFileReference; fileEncoding = 4; lastKnownFileType = sourcecode.cpp.cpp; name = base64.cpp; path = ../../utilities/base64.cpp; sourceTree = "<group>"; };
		EB35936B17C8196B0018A863 /* pplxlinux.h */ = {isa = PBXFileReference; fileEncoding = 4; lastKnownFileType = sourcecode.c.h; name = pplxlinux.h; path = ../../../include/pplx/pplxlinux.h; sourceTree = "<group>"; };
		EB4F8CB9176008A9000EA0D8 /* uri_builder.cpp */ = {isa = PBXFileReference; fileEncoding = 4; lastKnownFileType = sourcecode.cpp.cpp; name = uri_builder.cpp; path = ../../http/uri/uri_builder.cpp; sourceTree = "<group>"; };
		EB4F8CBA176008A9000EA0D8 /* uri_parser.cpp */ = {isa = PBXFileReference; fileEncoding = 4; lastKnownFileType = sourcecode.cpp.cpp; name = uri_parser.cpp; path = ../../http/uri/uri_parser.cpp; sourceTree = "<group>"; };
		EB4F8CBB176008A9000EA0D8 /* uri.cpp */ = {isa = PBXFileReference; fileEncoding = 4; lastKnownFileType = sourcecode.cpp.cpp; name = uri.cpp; path = ../../http/uri/uri.cpp; sourceTree = "<group>"; };
		EB4F8CBF17600B1D000EA0D8 /* http_helpers.cpp */ = {isa = PBXFileReference; fileEncoding = 4; lastKnownFileType = sourcecode.cpp.cpp; name = http_helpers.cpp; path = ../../http/common/http_helpers.cpp; sourceTree = "<group>"; };
		EB4F8CC017600B1D000EA0D8 /* http_msg.cpp */ = {isa = PBXFileReference; fileEncoding = 4; lastKnownFileType = sourcecode.cpp.cpp; name = http_msg.cpp; path = ../../http/common/http_msg.cpp; sourceTree = "<group>"; };
		EB4F8CC517601BD9000EA0D8 /* fileio_linux.cpp */ = {isa = PBXFileReference; fileEncoding = 4; lastKnownFileType = sourcecode.cpp.cpp; name = fileio_linux.cpp; path = ../../streams/linux/fileio_linux.cpp; sourceTree = "<group>"; };
		EB4F8CC817601C88000EA0D8 /* http_linux.cpp */ = {isa = PBXFileReference; fileEncoding = 4; lastKnownFileType = sourcecode.cpp.cpp; name = http_linux.cpp; path = ../../http/client/http_linux.cpp; sourceTree = "<group>"; };
		EB4F8CC917601C88000EA0D8 /* http_msg_client.cpp */ = {isa = PBXFileReference; fileEncoding = 4; lastKnownFileType = sourcecode.cpp.cpp; name = http_msg_client.cpp; path = ../../http/client/http_msg_client.cpp; sourceTree = "<group>"; };
		EB4F8CCD176025C6000EA0D8 /* asyncrt_utils.cpp */ = {isa = PBXFileReference; fileEncoding = 4; lastKnownFileType = sourcecode.cpp.cpp; name = asyncrt_utils.cpp; path = ../../utilities/asyncrt_utils.cpp; sourceTree = "<group>"; };
		EBB3BE8417792A8A00FD26A1 /* CoreFoundation.framework */ = {isa = PBXFileReference; lastKnownFileType = wrapper.framework; name = CoreFoundation.framework; path = System/Library/Frameworks/CoreFoundation.framework; sourceTree = SDKROOT; };
		EBE3C47A175EE59E00586647 /* pplx.cpp */ = {isa = PBXFileReference; fileEncoding = 4; lastKnownFileType = sourcecode.cpp.cpp; name = pplx.cpp; path = ../../pplx/pplx.cpp; sourceTree = "<group>"; };
		EBE3C480175EE72B00586647 /* apple_compat.h */ = {isa = PBXFileReference; fileEncoding = 4; lastKnownFileType = sourcecode.c.h; name = apple_compat.h; path = ../../../include/compat/apple_compat.h; sourceTree = "<group>"; };
		EBE3C481175EE72B00586647 /* nosal.h */ = {isa = PBXFileReference; fileEncoding = 4; lastKnownFileType = sourcecode.c.h; name = nosal.h; path = ../../../include/compat/nosal.h; sourceTree = "<group>"; };
		EBE3C482175EE72B00586647 /* SafeInt3.hpp */ = {isa = PBXFileReference; fileEncoding = 4; lastKnownFileType = sourcecode.cpp.h; name = SafeInt3.hpp; path = ../../../include/compat/SafeInt3.hpp; sourceTree = "<group>"; };
		EBE3C486175EE75500586647 /* pplx.h */ = {isa = PBXFileReference; fileEncoding = 4; lastKnownFileType = sourcecode.c.h; name = pplx.h; path = ../../../include/pplx/pplx.h; sourceTree = "<group>"; };
		EBE3C488175EE75500586647 /* pplxcancellation_token.h */ = {isa = PBXFileReference; fileEncoding = 4; lastKnownFileType = sourcecode.c.h; name = pplxcancellation_token.h; path = ../../../include/pplx/pplxcancellation_token.h; sourceTree = "<group>"; };
		EBE3C489175EE75500586647 /* pplxinterface.h */ = {isa = PBXFileReference; fileEncoding = 4; lastKnownFileType = sourcecode.c.h; name = pplxinterface.h; path = ../../../include/pplx/pplxinterface.h; sourceTree = "<group>"; };
		EBE3C48A175EE75500586647 /* pplxtasks.h */ = {isa = PBXFileReference; fileEncoding = 4; lastKnownFileType = sourcecode.c.h; name = pplxtasks.h; path = ../../../include/pplx/pplxtasks.h; sourceTree = "<group>"; };
		EBE3C492175EF89300586647 /* json.cpp */ = {isa = PBXFileReference; fileEncoding = 4; lastKnownFileType = sourcecode.cpp.cpp; name = json.cpp; path = ../../json/json.cpp; sourceTree = "<group>"; };
/* End PBXFileReference section */

/* Begin PBXFrameworksBuildPhase section */
		EB01A006176A379A0022E61F /* Frameworks */ = {
			isa = PBXFrameworksBuildPhase;
			buildActionMask = 2147483647;
			files = (
				EBB3BE8617792FC000FD26A1 /* CoreFoundation.framework in Frameworks */,
			);
			runOnlyForDeploymentPostprocessing = 0;
		};
/* End PBXFrameworksBuildPhase section */

/* Begin PBXGroup section */
		EBE3C468175EE43200586647 = {
			isa = PBXGroup;
			children = (
				EB0150A017C7F6B000B15B04 /* pplxapple.cpp */,
				EBB3BE8417792A8A00FD26A1 /* CoreFoundation.framework */,
				EB2662ED176A699800B89F0C /* base64.cpp */,
				EB4F8CCD176025C6000EA0D8 /* asyncrt_utils.cpp */,
				EB4F8CC517601BD9000EA0D8 /* fileio_linux.cpp */,
				EB4F8CBF17600B1D000EA0D8 /* http_helpers.cpp */,
				EB4F8CC817601C88000EA0D8 /* http_linux.cpp */,
				EB2372121768C9DD00C10787 /* http_linux_server.cpp */,
				EB2372131768C9DD00C10787 /* http_listener.cpp */,
				EB4F8CC017600B1D000EA0D8 /* http_msg.cpp */,
				EB4F8CC917601C88000EA0D8 /* http_msg_client.cpp */,
				EB2372141768C9DD00C10787 /* http_msg_listen.cpp */,
				EB2372151768C9DD00C10787 /* http_server_api.cpp */,
				EBE3C492175EF89300586647 /* json.cpp */,
				EB23721A1768C9F100C10787 /* log.cpp */,
				EBE3C47A175EE59E00586647 /* pplx.cpp */,
				EB01A023176A43A80022E61F /* threadpool.cpp */,
				EB4F8CBB176008A9000EA0D8 /* uri.cpp */,
				EB4F8CB9176008A9000EA0D8 /* uri_builder.cpp */,
				EB4F8CBA176008A9000EA0D8 /* uri_parser.cpp */,
				EBE3C480175EE72B00586647 /* apple_compat.h */,
				EBE3C481175EE72B00586647 /* nosal.h */,
				EBE3C486175EE75500586647 /* pplx.h */,
				EB35936B17C8196B0018A863 /* pplxlinux.h */,
				EBE3C488175EE75500586647 /* pplxcancellation_token.h */,
				EBE3C489175EE75500586647 /* pplxinterface.h */,
				EBE3C48A175EE75500586647 /* pplxtasks.h */,
				EB01A020176A3C2E0022E61F /* stdafx.h */,
				EBE3C482175EE72B00586647 /* SafeInt3.hpp */,
				EBE3C472175EE43200586647 /* Products */,
			);
			sourceTree = "<group>";
		};
		EBE3C472175EE43200586647 /* Products */ = {
			isa = PBXGroup;
			children = (
				EB01A009176A379A0022E61F /* libcasablanca.dyn.dylib */,
			);
			name = Products;
			sourceTree = "<group>";
		};
/* End PBXGroup section */

/* Begin PBXHeadersBuildPhase section */
		EB01A007176A379A0022E61F /* Headers */ = {
			isa = PBXHeadersBuildPhase;
			buildActionMask = 2147483647;
			files = (
				EB35936C17C8196B0018A863 /* pplxlinux.h in Headers */,
			);
			runOnlyForDeploymentPostprocessing = 0;
		};
/* End PBXHeadersBuildPhase section */

/* Begin PBXNativeTarget section */
		EB01A008176A379A0022E61F /* casablanca.dyn */ = {
			isa = PBXNativeTarget;
			buildConfigurationList = EB01A00A176A379A0022E61F /* Build configuration list for PBXNativeTarget "casablanca.dyn" */;
			buildPhases = (
				EB01A005176A379A0022E61F /* Sources */,
				EB01A006176A379A0022E61F /* Frameworks */,
				EB01A007176A379A0022E61F /* Headers */,
			);
			buildRules = (
			);
			dependencies = (
			);
			name = casablanca.dyn;
			productName = casablanca.dyn;
			productReference = EB01A009176A379A0022E61F /* libcasablanca.dyn.dylib */;
			productType = "com.apple.product-type.library.dynamic";
		};
/* End PBXNativeTarget section */

/* Begin PBXProject section */
		EBE3C469175EE43200586647 /* Project object */ = {
			isa = PBXProject;
			attributes = {
				LastUpgradeCheck = 0460;
				ORGANIZATIONNAME = "Niklas Gustafsson";
			};
			buildConfigurationList = EBE3C46C175EE43200586647 /* Build configuration list for PBXProject "casablanca.osx" */;
			compatibilityVersion = "Xcode 3.2";
			developmentRegion = English;
			hasScannedForEncodings = 0;
			knownRegions = (
				en,
			);
			mainGroup = EBE3C468175EE43200586647;
			productRefGroup = EBE3C472175EE43200586647 /* Products */;
			projectDirPath = "";
			projectRoot = "";
			targets = (
				EB01A008176A379A0022E61F /* casablanca.dyn */,
			);
		};
/* End PBXProject section */

/* Begin PBXSourcesBuildPhase section */
		EB01A005176A379A0022E61F /* Sources */ = {
			isa = PBXSourcesBuildPhase;
			buildActionMask = 2147483647;
			files = (
				EB01A00D176A37DF0022E61F /* log.cpp in Sources */,
				EB01A00E176A37DF0022E61F /* http_linux_server.cpp in Sources */,
				EB01A00F176A37DF0022E61F /* http_listener.cpp in Sources */,
				EB01A010176A37DF0022E61F /* http_msg_listen.cpp in Sources */,
				EB01A011176A37DF0022E61F /* http_server_api.cpp in Sources */,
				EB01A012176A37DF0022E61F /* asyncrt_utils.cpp in Sources */,
				EB01A013176A37DF0022E61F /* http_linux.cpp in Sources */,
				EB01A014176A37DF0022E61F /* http_msg_client.cpp in Sources */,
				EB01A015176A37DF0022E61F /* fileio_linux.cpp in Sources */,
				EB01A016176A37DF0022E61F /* http_helpers.cpp in Sources */,
				EB01A017176A37DF0022E61F /* http_msg.cpp in Sources */,
				EB01A018176A37DF0022E61F /* uri_builder.cpp in Sources */,
				EB01A019176A37DF0022E61F /* uri_parser.cpp in Sources */,
				EB01A01A176A37DF0022E61F /* uri.cpp in Sources */,
				EB01A01C176A37DF0022E61F /* pplx.cpp in Sources */,
				EB01A01E176A37DF0022E61F /* json.cpp in Sources */,
				EB01A025176A43B40022E61F /* threadpool.cpp in Sources */,
				EB3F021A176AB31F0064D425 /* base64.cpp in Sources */,
				EB0150A117C7F6B000B15B04 /* pplxapple.cpp in Sources */,
			);
			runOnlyForDeploymentPostprocessing = 0;
		};
/* End PBXSourcesBuildPhase section */

/* Begin XCBuildConfiguration section */
		EB01A00B176A379A0022E61F /* Debug */ = {
			isa = XCBuildConfiguration;
			buildSettings = {
				EXECUTABLE_PREFIX = lib;
				PRODUCT_NAME = "$(TARGET_NAME)";
			};
			name = Debug;
		};
		EB01A00C176A379A0022E61F /* Release */ = {
			isa = XCBuildConfiguration;
			buildSettings = {
				EXECUTABLE_PREFIX = lib;
				PRODUCT_NAME = "$(TARGET_NAME)";
			};
			name = Release;
		};
		EBE3C473175EE43200586647 /* Debug */ = {
			isa = XCBuildConfiguration;
			buildSettings = {
				ALWAYS_SEARCH_USER_PATHS = NO;
				ARCHS = "$(ARCHS_STANDARD_64_BIT)";
				CLANG_CXX_LANGUAGE_STANDARD = "c++0x";
				CLANG_CXX_LIBRARY = "libc++";
				CLANG_WARN_CONSTANT_CONVERSION = YES;
				CLANG_WARN_EMPTY_BODY = YES;
				CLANG_WARN_ENUM_CONVERSION = YES;
				CLANG_WARN_INT_CONVERSION = YES;
				CLANG_WARN__DUPLICATE_METHOD_MATCH = YES;
				COPY_PHASE_STRIP = NO;
				GCC_C_LANGUAGE_STANDARD = c99;
				GCC_DYNAMIC_NO_PIC = NO;
				GCC_ENABLE_OBJC_EXCEPTIONS = YES;
				GCC_OPTIMIZATION_LEVEL = 0;
				GCC_PRECOMPILE_PREFIX_HEADER = YES;
				GCC_PREFIX_HEADER = ../../pch/stdafx.h;
				GCC_PREPROCESSOR_DEFINITIONS = (
					"MS_TARGET_APPLE=1",
					"DEBUG=1",
				);
				GCC_SYMBOLS_PRIVATE_EXTERN = NO;
				GCC_WARN_64_TO_32_BIT_CONVERSION = NO;
				GCC_WARN_ABOUT_RETURN_TYPE = YES;
				GCC_WARN_UNINITIALIZED_AUTOS = YES;
				GCC_WARN_UNUSED_VALUE = NO;
				GCC_WARN_UNUSED_VARIABLE = NO;
				GENERATE_MASTER_OBJECT_FILE = YES;
				HEADER_SEARCH_PATHS = (
					../../../include,
					../../pch,
					/opt/local/include,
				);
				LIBRARY_SEARCH_PATHS = /opt/local/lib;
				MACOSX_DEPLOYMENT_TARGET = 10.8;
				ONLY_ACTIVE_ARCH = YES;
				OTHER_LDFLAGS = (
					"-l",
					"boost_locale-mt",
					"-l",
					"boost_system-mt",
					"-l",
					"boost_thread-mt",
				);
				SDKROOT = macosx;
			};
			name = Debug;
		};
		EBE3C474175EE43200586647 /* Release */ = {
			isa = XCBuildConfiguration;
			buildSettings = {
				ALWAYS_SEARCH_USER_PATHS = NO;
				ARCHS = "$(ARCHS_STANDARD_64_BIT)";
				CLANG_CXX_LANGUAGE_STANDARD = "c++0x";
				CLANG_CXX_LIBRARY = "libc++";
				CLANG_WARN_CONSTANT_CONVERSION = YES;
				CLANG_WARN_EMPTY_BODY = YES;
				CLANG_WARN_ENUM_CONVERSION = YES;
				CLANG_WARN_INT_CONVERSION = YES;
				CLANG_WARN__DUPLICATE_METHOD_MATCH = YES;
				COPY_PHASE_STRIP = YES;
				DEBUG_INFORMATION_FORMAT = "dwarf-with-dsym";
				GCC_C_LANGUAGE_STANDARD = c99;
				GCC_ENABLE_OBJC_EXCEPTIONS = YES;
				GCC_PRECOMPILE_PREFIX_HEADER = YES;
				GCC_PREFIX_HEADER = ../../pch/stdafx.h;
				GCC_PREPROCESSOR_DEFINITIONS = "MS_TARGET_APPLE=1";
				GCC_WARN_64_TO_32_BIT_CONVERSION = NO;
				GCC_WARN_ABOUT_RETURN_TYPE = YES;
				GCC_WARN_UNINITIALIZED_AUTOS = YES;
				GCC_WARN_UNUSED_VALUE = NO;
				GCC_WARN_UNUSED_VARIABLE = NO;
				GENERATE_MASTER_OBJECT_FILE = YES;
				HEADER_SEARCH_PATHS = (
					../../../include,
					../../pch,
					/opt/local/include,
				);
				LIBRARY_SEARCH_PATHS = /opt/local/lib;
				MACOSX_DEPLOYMENT_TARGET = 10.8;
				OTHER_LDFLAGS = (
					"-l",
					"boost_locale-mt",
					"-l",
					"boost_system-mt",
					"-l",
					"boost_thread-mt",
				);
				SDKROOT = macosx;
			};
			name = Release;
		};
/* End XCBuildConfiguration section */

/* Begin XCConfigurationList section */
		EB01A00A176A379A0022E61F /* Build configuration list for PBXNativeTarget "casablanca.dyn" */ = {
			isa = XCConfigurationList;
			buildConfigurations = (
				EB01A00B176A379A0022E61F /* Debug */,
				EB01A00C176A379A0022E61F /* Release */,
			);
			defaultConfigurationIsVisible = 0;
			defaultConfigurationName = Release;
		};
		EBE3C46C175EE43200586647 /* Build configuration list for PBXProject "casablanca.osx" */ = {
			isa = XCConfigurationList;
			buildConfigurations = (
				EBE3C473175EE43200586647 /* Debug */,
				EBE3C474175EE43200586647 /* Release */,
			);
			defaultConfigurationIsVisible = 0;
			defaultConfigurationName = Release;
		};
/* End XCConfigurationList section */
	};
	rootObject = EBE3C469175EE43200586647 /* Project object */;
}
