
Microsoft Visual Studio Solution File, Format Version 12.00
# Visual Studio 15
VisualStudioVersion = 15.0.27018.1
MinimumVisualStudioVersion = 10.0.40219.1
Project("{8BC9CEB8-8B4A-11D0-8D11-00A0C91BC942}") = "android", "Release\src\build\android.vcxitems", "{65951C40-A332-4B54-89C2-7CDAF30D5F66}"
EndProject
Project("{8BC9CEB8-8B4A-11D0-8D11-00A0C91BC942}") = "common", "Release\src\build\common.vcxitems", "{594DCB5F-07E3-4084-A2CE-268611FA629F}"
EndProject
Project("{8BC9CEB8-8B4A-11D0-8D11-00A0C91BC942}") = "other", "Release\src\build\other.vcxitems", "{3D5908F7-7673-4229-BC46-2007A7AF9CAE}"
EndProject
Project("{8BC9CEB8-8B4A-11D0-8D11-00A0C91BC942}") = "win32", "Release\src\build\win32.vcxitems", "{F40F4804-50F9-4257-8D74-B9CBB19AC4C3}"
EndProject
Project("{8BC9CEB8-8B4A-11D0-8D11-00A0C91BC942}") = "winrt", "Release\src\build\winrt.vcxitems", "{0A9BA181-7876-4B3D-A5E0-EE673FA51C05}"
EndProject
Project("{2150E333-8FDC-42A3-9474-1A3956D46DE8}") = "Source", "Source", "{92944FCF-7E50-41FD-8A99-DD6869F9AEA5}"
EndProject
Project("{8BC9CEB8-8B4A-11D0-8D11-00A0C91BC942}") = "cpprest141", "Release\src\build\vs141\cpprest141.vcxproj", "{1014C621-BC2D-4813-B8C1-6D83AD6F9249}"
EndProject
Project("{8BC9CEB8-8B4A-11D0-8D11-00A0C91BC942}") = "cpprest141.uwp", "Release\src\build\vs141.uwp\cpprest141.uwp.vcxproj", "{36D79E79-7E9E-4B3A-88A3-9F9B295C80B9}"
EndProject
Project("{2150E333-8FDC-42A3-9474-1A3956D46DE8}") = "Samples", "Samples", "{EF775754-D70A-4611-A00C-F49F224FD236}"
EndProject
Project("{8BC9CEB8-8B4A-11D0-8D11-00A0C91BC942}") = "SearchFile141", "Release\samples\SearchFile\SearchFile141\SearchFile141.vcxproj", "{F03BEE03-BEFB-4B17-A774-D9C8246530D4}"
EndProject
Project("{8BC9CEB8-8B4A-11D0-8D11-00A0C91BC942}") = "OAuth2Live141", "Release\samples\OAuth2Live\OAuth2Live141.vcxproj", "{2887A786-B818-4B3D-94EF-21EFD6AFDC22}"
EndProject
Project("{8BC9CEB8-8B4A-11D0-8D11-00A0C91BC942}") = "Oauth2Client141", "Release\samples\Oauth2Client\Oauth2Client141\Oauth2Client141.vcxproj", "{35DFAAD1-4B25-4ED9-BB18-84F0EFCE1654}"
EndProject
Project("{8BC9CEB8-8B4A-11D0-8D11-00A0C91BC942}") = "Oauth1Client141", "Release\samples\Oauth1Client\Oauth1Client141\Oauth1Client141.vcxproj", "{850CCB95-CFA8-4E41-9D1D-387C0C186740}"
EndProject
Project("{8BC9CEB8-8B4A-11D0-8D11-00A0C91BC942}") = "FacebookDemo141", "Release\samples\FacebookDemo\FacebookDemo141.vcxproj", "{43DE4DF3-ACAA-429E-B260-CC6D4FE82658}"
EndProject
Project("{8BC9CEB8-8B4A-11D0-8D11-00A0C91BC942}") = "CasaLens141", "Release\samples\CasaLens\CasaLens141\CasaLens141.vcxproj", "{FFBFD6C1-B525-4D35-AB64-A2FE9460B147}"
EndProject
Project("{8BC9CEB8-8B4A-11D0-8D11-00A0C91BC942}") = "BlackJack_UIClient141", "Release\samples\BlackJack\BlackJack_UIClient\BlackJack_UIClient141.vcxproj", "{B8D3F85B-DA71-4ACA-87BA-10FED681DC79}"
EndProject
Project("{8BC9CEB8-8B4A-11D0-8D11-00A0C91BC942}") = "BlackJack_Server141", "Release\samples\BlackJack\BlackJack_Server\BlackJack_Server141\BlackJack_Server141.vcxproj", "{84350CD1-D406-4A4F-9571-261CA46D77C5}"
EndProject
Project("{8BC9CEB8-8B4A-11D0-8D11-00A0C91BC942}") = "BlackJack_Client141", "Release\samples\BlackJack\BlackJack_Client\BlackJack_Client141\BlackJack_Client141.vcxproj", "{830B6E2F-9224-41D1-B9C7-A51FC78B00C7}"
EndProject
Project("{8BC9CEB8-8B4A-11D0-8D11-00A0C91BC942}") = "BingRequest141", "Release\samples\BingRequest\BingRequest141\BingRequest141.vcxproj", "{2EB9CCAA-541D-4DC1-BE2C-B1AE9712194D}"
EndProject
Project("{8BC9CEB8-8B4A-11D0-8D11-00A0C91BC942}") = "cpprest141.android", "Release\src\build\vs141.android\cpprest141.android.vcxproj", "{AFB49019-965B-4C10-BAFF-C86C16D58010}"
EndProject
Global
	GlobalSection(SharedMSBuildProjectFiles) = preSolution
		Release\src\build\winrt.vcxitems*{0a9ba181-7876-4b3d-a5e0-ee673fa51c05}*SharedItemsImports = 9
		Release\src\build\common.vcxitems*{1014c621-bc2d-4813-b8c1-6d83ad6f9249}*SharedItemsImports = 4
		Release\src\build\win32.vcxitems*{1014c621-bc2d-4813-b8c1-6d83ad6f9249}*SharedItemsImports = 4
		Release\src\build\common.vcxitems*{36d79e79-7e9e-4b3a-88a3-9f9b295c80b9}*SharedItemsImports = 4
		Release\src\build\winrt.vcxitems*{36d79e79-7e9e-4b3a-88a3-9f9b295c80b9}*SharedItemsImports = 4
		Release\src\build\other.vcxitems*{3d5908f7-7673-4229-bc46-2007a7af9cae}*SharedItemsImports = 9
		Release\src\build\common.vcxitems*{594dcb5f-07e3-4084-a2ce-268611fa629f}*SharedItemsImports = 9
		Release\src\build\android.vcxitems*{65951c40-a332-4b54-89c2-7cdaf30d5f66}*SharedItemsImports = 9
		Release\src\build\android.vcxitems*{afb49019-965b-4c10-baff-c86c16d58010}*SharedItemsImports = 4
		Release\src\build\common.vcxitems*{afb49019-965b-4c10-baff-c86c16d58010}*SharedItemsImports = 4
		Release\src\build\win32.vcxitems*{f40f4804-50f9-4257-8d74-b9cbb19ac4c3}*SharedItemsImports = 9
	EndGlobalSection
	GlobalSection(SolutionConfigurationPlatforms) = preSolution
		Debug|ARM = Debug|ARM
		Debug|x64 = Debug|x64
		Debug|x86 = Debug|x86
		Release|ARM = Release|ARM
		Release|x64 = Release|x64
		Release|x86 = Release|x86
	EndGlobalSection
	GlobalSection(ProjectConfigurationPlatforms) = postSolution
		{1014C621-BC2D-4813-B8C1-6D83AD6F9249}.Debug|ARM.ActiveCfg = Debug|ARM
		{1014C621-BC2D-4813-B8C1-6D83AD6F9249}.Debug|ARM.Build.0 = Debug|ARM
		{1014C621-BC2D-4813-B8C1-6D83AD6F9249}.Debug|x64.ActiveCfg = Debug|x64
		{1014C621-BC2D-4813-B8C1-6D83AD6F9249}.Debug|x64.Build.0 = Debug|x64
		{1014C621-BC2D-4813-B8C1-6D83AD6F9249}.Debug|x86.ActiveCfg = Debug|Win32
		{1014C621-BC2D-4813-B8C1-6D83AD6F9249}.Debug|x86.Build.0 = Debug|Win32
		{1014C621-BC2D-4813-B8C1-6D83AD6F9249}.Release|ARM.ActiveCfg = Release|ARM
		{1014C621-BC2D-4813-B8C1-6D83AD6F9249}.Release|ARM.Build.0 = Release|ARM
		{1014C621-BC2D-4813-B8C1-6D83AD6F9249}.Release|x64.ActiveCfg = Release|x64
		{1014C621-BC2D-4813-B8C1-6D83AD6F9249}.Release|x64.Build.0 = Release|x64
		{1014C621-BC2D-4813-B8C1-6D83AD6F9249}.Release|x86.ActiveCfg = Release|Win32
		{1014C621-BC2D-4813-B8C1-6D83AD6F9249}.Release|x86.Build.0 = Release|Win32
		{36D79E79-7E9E-4B3A-88A3-9F9B295C80B9}.Debug|ARM.ActiveCfg = Debug|ARM
		{36D79E79-7E9E-4B3A-88A3-9F9B295C80B9}.Debug|ARM.Build.0 = Debug|ARM
		{36D79E79-7E9E-4B3A-88A3-9F9B295C80B9}.Debug|x64.ActiveCfg = Debug|x64
		{36D79E79-7E9E-4B3A-88A3-9F9B295C80B9}.Debug|x64.Build.0 = Debug|x64
		{36D79E79-7E9E-4B3A-88A3-9F9B295C80B9}.Debug|x86.ActiveCfg = Debug|Win32
		{36D79E79-7E9E-4B3A-88A3-9F9B295C80B9}.Debug|x86.Build.0 = Debug|Win32
		{36D79E79-7E9E-4B3A-88A3-9F9B295C80B9}.Release|ARM.ActiveCfg = Release|ARM
		{36D79E79-7E9E-4B3A-88A3-9F9B295C80B9}.Release|ARM.Build.0 = Release|ARM
		{36D79E79-7E9E-4B3A-88A3-9F9B295C80B9}.Release|x64.ActiveCfg = Release|x64
		{36D79E79-7E9E-4B3A-88A3-9F9B295C80B9}.Release|x64.Build.0 = Release|x64
		{36D79E79-7E9E-4B3A-88A3-9F9B295C80B9}.Release|x86.ActiveCfg = Release|Win32
		{36D79E79-7E9E-4B3A-88A3-9F9B295C80B9}.Release|x86.Build.0 = Release|Win32
		{F03BEE03-BEFB-4B17-A774-D9C8246530D4}.Debug|ARM.ActiveCfg = Debug|Win32
		{F03BEE03-BEFB-4B17-A774-D9C8246530D4}.Debug|x64.ActiveCfg = Debug|x64
		{F03BEE03-BEFB-4B17-A774-D9C8246530D4}.Debug|x64.Build.0 = Debug|x64
		{F03BEE03-BEFB-4B17-A774-D9C8246530D4}.Debug|x86.ActiveCfg = Debug|Win32
		{F03BEE03-BEFB-4B17-A774-D9C8246530D4}.Debug|x86.Build.0 = Debug|Win32
		{F03BEE03-BEFB-4B17-A774-D9C8246530D4}.Release|ARM.ActiveCfg = Release|Win32
		{F03BEE03-BEFB-4B17-A774-D9C8246530D4}.Release|x64.ActiveCfg = Release|x64
		{F03BEE03-BEFB-4B17-A774-D9C8246530D4}.Release|x64.Build.0 = Release|x64
		{F03BEE03-BEFB-4B17-A774-D9C8246530D4}.Release|x86.ActiveCfg = Release|Win32
		{F03BEE03-BEFB-4B17-A774-D9C8246530D4}.Release|x86.Build.0 = Release|Win32
		{2887A786-B818-4B3D-94EF-21EFD6AFDC22}.Debug|ARM.ActiveCfg = Debug|ARM
		{2887A786-B818-4B3D-94EF-21EFD6AFDC22}.Debug|ARM.Build.0 = Debug|ARM
		{2887A786-B818-4B3D-94EF-21EFD6AFDC22}.Debug|ARM.Deploy.0 = Debug|ARM
		{2887A786-B818-4B3D-94EF-21EFD6AFDC22}.Debug|x64.ActiveCfg = Debug|x64
		{2887A786-B818-4B3D-94EF-21EFD6AFDC22}.Debug|x64.Build.0 = Debug|x64
		{2887A786-B818-4B3D-94EF-21EFD6AFDC22}.Debug|x64.Deploy.0 = Debug|x64
		{2887A786-B818-4B3D-94EF-21EFD6AFDC22}.Debug|x86.ActiveCfg = Debug|Win32
		{2887A786-B818-4B3D-94EF-21EFD6AFDC22}.Debug|x86.Build.0 = Debug|Win32
		{2887A786-B818-4B3D-94EF-21EFD6AFDC22}.Debug|x86.Deploy.0 = Debug|Win32
		{2887A786-B818-4B3D-94EF-21EFD6AFDC22}.Release|ARM.ActiveCfg = Release|ARM
		{2887A786-B818-4B3D-94EF-21EFD6AFDC22}.Release|ARM.Build.0 = Release|ARM
		{2887A786-B818-4B3D-94EF-21EFD6AFDC22}.Release|ARM.Deploy.0 = Release|ARM
		{2887A786-B818-4B3D-94EF-21EFD6AFDC22}.Release|x64.ActiveCfg = Release|x64
		{2887A786-B818-4B3D-94EF-21EFD6AFDC22}.Release|x64.Build.0 = Release|x64
		{2887A786-B818-4B3D-94EF-21EFD6AFDC22}.Release|x64.Deploy.0 = Release|x64
		{2887A786-B818-4B3D-94EF-21EFD6AFDC22}.Release|x86.ActiveCfg = Release|Win32
		{2887A786-B818-4B3D-94EF-21EFD6AFDC22}.Release|x86.Build.0 = Release|Win32
		{2887A786-B818-4B3D-94EF-21EFD6AFDC22}.Release|x86.Deploy.0 = Release|Win32
		{35DFAAD1-4B25-4ED9-BB18-84F0EFCE1654}.Debug|ARM.ActiveCfg = Debug|ARM
		{35DFAAD1-4B25-4ED9-BB18-84F0EFCE1654}.Debug|ARM.Build.0 = Debug|ARM
		{35DFAAD1-4B25-4ED9-BB18-84F0EFCE1654}.Debug|x64.ActiveCfg = Debug|x64
		{35DFAAD1-4B25-4ED9-BB18-84F0EFCE1654}.Debug|x64.Build.0 = Debug|x64
		{35DFAAD1-4B25-4ED9-BB18-84F0EFCE1654}.Debug|x86.ActiveCfg = Debug|Win32
		{35DFAAD1-4B25-4ED9-BB18-84F0EFCE1654}.Debug|x86.Build.0 = Debug|Win32
		{35DFAAD1-4B25-4ED9-BB18-84F0EFCE1654}.Release|ARM.ActiveCfg = Release|ARM
		{35DFAAD1-4B25-4ED9-BB18-84F0EFCE1654}.Release|ARM.Build.0 = Release|ARM
		{35DFAAD1-4B25-4ED9-BB18-84F0EFCE1654}.Release|x64.ActiveCfg = Release|x64
		{35DFAAD1-4B25-4ED9-BB18-84F0EFCE1654}.Release|x64.Build.0 = Release|x64
		{35DFAAD1-4B25-4ED9-BB18-84F0EFCE1654}.Release|x86.ActiveCfg = Release|Win32
		{35DFAAD1-4B25-4ED9-BB18-84F0EFCE1654}.Release|x86.Build.0 = Release|Win32
		{850CCB95-CFA8-4E41-9D1D-387C0C186740}.Debug|ARM.ActiveCfg = Debug|ARM
		{850CCB95-CFA8-4E41-9D1D-387C0C186740}.Debug|ARM.Build.0 = Debug|ARM
		{850CCB95-CFA8-4E41-9D1D-387C0C186740}.Debug|x64.ActiveCfg = Debug|x64
		{850CCB95-CFA8-4E41-9D1D-387C0C186740}.Debug|x64.Build.0 = Debug|x64
		{850CCB95-CFA8-4E41-9D1D-387C0C186740}.Debug|x86.ActiveCfg = Debug|Win32
		{850CCB95-CFA8-4E41-9D1D-387C0C186740}.Debug|x86.Build.0 = Debug|Win32
		{850CCB95-CFA8-4E41-9D1D-387C0C186740}.Release|ARM.ActiveCfg = Release|ARM
		{850CCB95-CFA8-4E41-9D1D-387C0C186740}.Release|ARM.Build.0 = Release|ARM
		{850CCB95-CFA8-4E41-9D1D-387C0C186740}.Release|x64.ActiveCfg = Release|x64
		{850CCB95-CFA8-4E41-9D1D-387C0C186740}.Release|x64.Build.0 = Release|x64
		{850CCB95-CFA8-4E41-9D1D-387C0C186740}.Release|x86.ActiveCfg = Release|Win32
		{850CCB95-CFA8-4E41-9D1D-387C0C186740}.Release|x86.Build.0 = Release|Win32
		{43DE4DF3-ACAA-429E-B260-CC6D4FE82658}.Debug|ARM.ActiveCfg = Debug|ARM
		{43DE4DF3-ACAA-429E-B260-CC6D4FE82658}.Debug|ARM.Build.0 = Debug|ARM
		{43DE4DF3-ACAA-429E-B260-CC6D4FE82658}.Debug|ARM.Deploy.0 = Debug|ARM
		{43DE4DF3-ACAA-429E-B260-CC6D4FE82658}.Debug|x64.ActiveCfg = Debug|x64
		{43DE4DF3-ACAA-429E-B260-CC6D4FE82658}.Debug|x64.Build.0 = Debug|x64
		{43DE4DF3-ACAA-429E-B260-CC6D4FE82658}.Debug|x64.Deploy.0 = Debug|x64
		{43DE4DF3-ACAA-429E-B260-CC6D4FE82658}.Debug|x86.ActiveCfg = Debug|Win32
		{43DE4DF3-ACAA-429E-B260-CC6D4FE82658}.Debug|x86.Build.0 = Debug|Win32
		{43DE4DF3-ACAA-429E-B260-CC6D4FE82658}.Debug|x86.Deploy.0 = Debug|Win32
		{43DE4DF3-ACAA-429E-B260-CC6D4FE82658}.Release|ARM.ActiveCfg = Release|ARM
		{43DE4DF3-ACAA-429E-B260-CC6D4FE82658}.Release|ARM.Build.0 = Release|ARM
		{43DE4DF3-ACAA-429E-B260-CC6D4FE82658}.Release|ARM.Deploy.0 = Release|ARM
		{43DE4DF3-ACAA-429E-B260-CC6D4FE82658}.Release|x64.ActiveCfg = Release|x64
		{43DE4DF3-ACAA-429E-B260-CC6D4FE82658}.Release|x64.Build.0 = Release|x64
		{43DE4DF3-ACAA-429E-B260-CC6D4FE82658}.Release|x64.Deploy.0 = Release|x64
		{43DE4DF3-ACAA-429E-B260-CC6D4FE82658}.Release|x86.ActiveCfg = Release|Win32
		{43DE4DF3-ACAA-429E-B260-CC6D4FE82658}.Release|x86.Build.0 = Release|Win32
		{43DE4DF3-ACAA-429E-B260-CC6D4FE82658}.Release|x86.Deploy.0 = Release|Win32
		{FFBFD6C1-B525-4D35-AB64-A2FE9460B147}.Debug|ARM.ActiveCfg = Debug|Win32
		{FFBFD6C1-B525-4D35-AB64-A2FE9460B147}.Debug|x64.ActiveCfg = Debug|x64
		{FFBFD6C1-B525-4D35-AB64-A2FE9460B147}.Debug|x64.Build.0 = Debug|x64
		{FFBFD6C1-B525-4D35-AB64-A2FE9460B147}.Debug|x86.ActiveCfg = Debug|Win32
		{FFBFD6C1-B525-4D35-AB64-A2FE9460B147}.Debug|x86.Build.0 = Debug|Win32
		{FFBFD6C1-B525-4D35-AB64-A2FE9460B147}.Release|ARM.ActiveCfg = Release|Win32
		{FFBFD6C1-B525-4D35-AB64-A2FE9460B147}.Release|x64.ActiveCfg = Release|x64
		{FFBFD6C1-B525-4D35-AB64-A2FE9460B147}.Release|x64.Build.0 = Release|x64
		{FFBFD6C1-B525-4D35-AB64-A2FE9460B147}.Release|x86.ActiveCfg = Release|Win32
		{FFBFD6C1-B525-4D35-AB64-A2FE9460B147}.Release|x86.Build.0 = Release|Win32
		{B8D3F85B-DA71-4ACA-87BA-10FED681DC79}.Debug|ARM.ActiveCfg = Debug|ARM
		{B8D3F85B-DA71-4ACA-87BA-10FED681DC79}.Debug|ARM.Build.0 = Debug|ARM
		{B8D3F85B-DA71-4ACA-87BA-10FED681DC79}.Debug|ARM.Deploy.0 = Debug|ARM
		{B8D3F85B-DA71-4ACA-87BA-10FED681DC79}.Debug|x64.ActiveCfg = Debug|x64
		{B8D3F85B-DA71-4ACA-87BA-10FED681DC79}.Debug|x64.Build.0 = Debug|x64
		{B8D3F85B-DA71-4ACA-87BA-10FED681DC79}.Debug|x64.Deploy.0 = Debug|x64
		{B8D3F85B-DA71-4ACA-87BA-10FED681DC79}.Debug|x86.ActiveCfg = Debug|Win32
		{B8D3F85B-DA71-4ACA-87BA-10FED681DC79}.Debug|x86.Build.0 = Debug|Win32
		{B8D3F85B-DA71-4ACA-87BA-10FED681DC79}.Debug|x86.Deploy.0 = Debug|Win32
		{B8D3F85B-DA71-4ACA-87BA-10FED681DC79}.Release|ARM.ActiveCfg = Release|ARM
		{B8D3F85B-DA71-4ACA-87BA-10FED681DC79}.Release|ARM.Build.0 = Release|ARM
		{B8D3F85B-DA71-4ACA-87BA-10FED681DC79}.Release|ARM.Deploy.0 = Release|ARM
		{B8D3F85B-DA71-4ACA-87BA-10FED681DC79}.Release|x64.ActiveCfg = Release|x64
		{B8D3F85B-DA71-4ACA-87BA-10FED681DC79}.Release|x64.Build.0 = Release|x64
		{B8D3F85B-DA71-4ACA-87BA-10FED681DC79}.Release|x64.Deploy.0 = Release|x64
		{B8D3F85B-DA71-4ACA-87BA-10FED681DC79}.Release|x86.ActiveCfg = Release|Win32
		{B8D3F85B-DA71-4ACA-87BA-10FED681DC79}.Release|x86.Build.0 = Release|Win32
		{B8D3F85B-DA71-4ACA-87BA-10FED681DC79}.Release|x86.Deploy.0 = Release|Win32
		{84350CD1-D406-4A4F-9571-261CA46D77C5}.Debug|ARM.ActiveCfg = Debug|Win32
		{84350CD1-D406-4A4F-9571-261CA46D77C5}.Debug|x64.ActiveCfg = Debug|x64
		{84350CD1-D406-4A4F-9571-261CA46D77C5}.Debug|x64.Build.0 = Debug|x64
		{84350CD1-D406-4A4F-9571-261CA46D77C5}.Debug|x86.ActiveCfg = Debug|Win32
		{84350CD1-D406-4A4F-9571-261CA46D77C5}.Debug|x86.Build.0 = Debug|Win32
		{84350CD1-D406-4A4F-9571-261CA46D77C5}.Release|ARM.ActiveCfg = Release|Win32
		{84350CD1-D406-4A4F-9571-261CA46D77C5}.Release|x64.ActiveCfg = Release|x64
		{84350CD1-D406-4A4F-9571-261CA46D77C5}.Release|x64.Build.0 = Release|x64
		{84350CD1-D406-4A4F-9571-261CA46D77C5}.Release|x86.ActiveCfg = Release|Win32
		{84350CD1-D406-4A4F-9571-261CA46D77C5}.Release|x86.Build.0 = Release|Win32
		{830B6E2F-9224-41D1-B9C7-A51FC78B00C7}.Debug|ARM.ActiveCfg = Debug|Win32
		{830B6E2F-9224-41D1-B9C7-A51FC78B00C7}.Debug|x64.ActiveCfg = Debug|x64
		{830B6E2F-9224-41D1-B9C7-A51FC78B00C7}.Debug|x64.Build.0 = Debug|x64
		{830B6E2F-9224-41D1-B9C7-A51FC78B00C7}.Debug|x86.ActiveCfg = Debug|Win32
		{830B6E2F-9224-41D1-B9C7-A51FC78B00C7}.Debug|x86.Build.0 = Debug|Win32
		{830B6E2F-9224-41D1-B9C7-A51FC78B00C7}.Release|ARM.ActiveCfg = Release|Win32
		{830B6E2F-9224-41D1-B9C7-A51FC78B00C7}.Release|x64.ActiveCfg = Release|x64
		{830B6E2F-9224-41D1-B9C7-A51FC78B00C7}.Release|x64.Build.0 = Release|x64
		{830B6E2F-9224-41D1-B9C7-A51FC78B00C7}.Release|x86.ActiveCfg = Release|Win32
		{830B6E2F-9224-41D1-B9C7-A51FC78B00C7}.Release|x86.Build.0 = Release|Win32
		{2EB9CCAA-541D-4DC1-BE2C-B1AE9712194D}.Debug|ARM.ActiveCfg = Debug|Win32
		{2EB9CCAA-541D-4DC1-BE2C-B1AE9712194D}.Debug|x64.ActiveCfg = Debug|x64
		{2EB9CCAA-541D-4DC1-BE2C-B1AE9712194D}.Debug|x64.Build.0 = Debug|x64
		{2EB9CCAA-541D-4DC1-BE2C-B1AE9712194D}.Debug|x86.ActiveCfg = Debug|Win32
		{2EB9CCAA-541D-4DC1-BE2C-B1AE9712194D}.Debug|x86.Build.0 = Debug|Win32
		{2EB9CCAA-541D-4DC1-BE2C-B1AE9712194D}.Release|ARM.ActiveCfg = Release|Win32
		{2EB9CCAA-541D-4DC1-BE2C-B1AE9712194D}.Release|x64.ActiveCfg = Release|x64
		{2EB9CCAA-541D-4DC1-BE2C-B1AE9712194D}.Release|x64.Build.0 = Release|x64
		{2EB9CCAA-541D-4DC1-BE2C-B1AE9712194D}.Release|x86.ActiveCfg = Release|Win32
		{2EB9CCAA-541D-4DC1-BE2C-B1AE9712194D}.Release|x86.Build.0 = Release|Win32
		{AFB49019-965B-4C10-BAFF-C86C16D58010}.Debug|ARM.ActiveCfg = Debug|ARM
		{AFB49019-965B-4C10-BAFF-C86C16D58010}.Debug|ARM.Build.0 = Debug|ARM
		{AFB49019-965B-4C10-BAFF-C86C16D58010}.Debug|x64.ActiveCfg = Debug|x86
		{AFB49019-965B-4C10-BAFF-C86C16D58010}.Debug|x86.ActiveCfg = Debug|x86
		{AFB49019-965B-4C10-BAFF-C86C16D58010}.Debug|x86.Build.0 = Debug|x86
		{AFB49019-965B-4C10-BAFF-C86C16D58010}.Release|ARM.ActiveCfg = Release|ARM
		{AFB49019-965B-4C10-BAFF-C86C16D58010}.Release|ARM.Build.0 = Release|ARM
		{AFB49019-965B-4C10-BAFF-C86C16D58010}.Release|x64.ActiveCfg = Release|x86
		{AFB49019-965B-4C10-BAFF-C86C16D58010}.Release|x86.ActiveCfg = Release|x86
		{AFB49019-965B-4C10-BAFF-C86C16D58010}.Release|x86.Build.0 = Release|x86
	EndGlobalSection
	GlobalSection(SolutionProperties) = preSolution
		HideSolutionNode = FALSE
	EndGlobalSection
	GlobalSection(NestedProjects) = preSolution
		{65951C40-A332-4B54-89C2-7CDAF30D5F66} = {92944FCF-7E50-41FD-8A99-DD6869F9AEA5}
		{594DCB5F-07E3-4084-A2CE-268611FA629F} = {92944FCF-7E50-41FD-8A99-DD6869F9AEA5}
		{3D5908F7-7673-4229-BC46-2007A7AF9CAE} = {92944FCF-7E50-41FD-8A99-DD6869F9AEA5}
		{F40F4804-50F9-4257-8D74-B9CBB19AC4C3} = {92944FCF-7E50-41FD-8A99-DD6869F9AEA5}
		{0A9BA181-7876-4B3D-A5E0-EE673FA51C05} = {92944FCF-7E50-41FD-8A99-DD6869F9AEA5}
		{1014C621-BC2D-4813-B8C1-6D83AD6F9249} = {92944FCF-7E50-41FD-8A99-DD6869F9AEA5}
		{36D79E79-7E9E-4B3A-88A3-9F9B295C80B9} = {92944FCF-7E50-41FD-8A99-DD6869F9AEA5}
		{F03BEE03-BEFB-4B17-A774-D9C8246530D4} = {EF775754-D70A-4611-A00C-F49F224FD236}
		{2887A786-B818-4B3D-94EF-21EFD6AFDC22} = {EF775754-D70A-4611-A00C-F49F224FD236}
		{35DFAAD1-4B25-4ED9-BB18-84F0EFCE1654} = {EF775754-D70A-4611-A00C-F49F224FD236}
		{850CCB95-CFA8-4E41-9D1D-387C0C186740} = {EF775754-D70A-4611-A00C-F49F224FD236}
		{43DE4DF3-ACAA-429E-B260-CC6D4FE82658} = {EF775754-D70A-4611-A00C-F49F224FD236}
		{FFBFD6C1-B525-4D35-AB64-A2FE9460B147} = {EF775754-D70A-4611-A00C-F49F224FD236}
		{B8D3F85B-DA71-4ACA-87BA-10FED681DC79} = {EF775754-D70A-4611-A00C-F49F224FD236}
		{84350CD1-D406-4A4F-9571-261CA46D77C5} = {EF775754-D70A-4611-A00C-F49F224FD236}
		{830B6E2F-9224-41D1-B9C7-A51FC78B00C7} = {EF775754-D70A-4611-A00C-F49F224FD236}
		{2EB9CCAA-541D-4DC1-BE2C-B1AE9712194D} = {EF775754-D70A-4611-A00C-F49F224FD236}
		{AFB49019-965B-4C10-BAFF-C86C16D58010} = {92944FCF-7E50-41FD-8A99-DD6869F9AEA5}
	EndGlobalSection
	GlobalSection(ExtensibilityGlobals) = postSolution
		SolutionGuid = {5782CB9E-B335-4D07-A195-717BF4093536}
	EndGlobalSection
EndGlobal
