
Microsoft Visual Studio Solution File, Format Version 12.00
# Visual Studio 2012
Project("{8BC9CEB8-8B4A-11D0-8D11-00A0C91BC942}") = "cpprestsdk110", "Release\src\build\vs11\casablanca110.vcxproj", "{90D85FF4-F0AE-4816-923F-0EF2758F30AB}"
EndProject
Project("{2150E333-8FDC-42A3-9474-1A3956D46DE8}") = "Source", "Source", "{40661945-A809-4D65-8E8B-1B040E1BCD4B}"
EndProject
Project("{8BC9CEB8-8B4A-11D0-8D11-00A0C91BC942}") = "cpprestsdk110.winrt", "Release\src\build\vs11.winrt\casablanca110.winrt.vcxproj", "{198ED804-2655-4D92-8104-C220E3EA9452}"
EndProject
Project("{8BC9CEB8-8B4A-11D0-8D11-00A0C91BC942}") = "cpprestsdk110.wp8", "Release\src\build\vs11.wp8\casablanca110.wp8.vcxproj", "{4BA4E05C-E06B-4D50-948B-6323B411D22A}"
EndProject
Project("{8BC9CEB8-8B4A-11D0-8D11-00A0C91BC942}") = "cpprestsdk110.xp", "Release\src\build\vs11.xp\casablanca110.xp.vcxproj", "{4D9ED383-673B-4E48-A6AF-6BD9F108150E}"
EndProject
Project("{2150E333-8FDC-42A3-9474-1A3956D46DE8}") = "Samples", "Samples", "{234BF944-8E20-44D2-A667-11E7247ABD87}"
EndProject
Project("{2150E333-8FDC-42A3-9474-1A3956D46DE8}") = "BingRequest", "BingRequest", "{593D36F1-7101-4899-A3D6-710C8F8E64D5}"
EndProject
Project("{2150E333-8FDC-42A3-9474-1A3956D46DE8}") = "BlackJack", "BlackJack", "{8924DE69-04A7-4788-B6B8-576E62CD00C6}"
EndProject
Project("{2150E333-8FDC-42A3-9474-1A3956D46DE8}") = "Client", "Client", "{2B4870FB-EC51-4652-ADD3-77F091BE055D}"
EndProject
Project("{2150E333-8FDC-42A3-9474-1A3956D46DE8}") = "Server", "Server", "{B28EAA46-4205-48AF-9265-0265E8ABB9EE}"
EndProject
Project("{2150E333-8FDC-42A3-9474-1A3956D46DE8}") = "CasaLens", "CasaLens", "{6CEF6734-89E5-4AF6-9DDC-A33C10F667F8}"
EndProject
Project("{2150E333-8FDC-42A3-9474-1A3956D46DE8}") = "SearchFile", "SearchFile", "{95495A58-C524-4289-AC9E-9E795402941B}"
EndProject
Project("{8BC9CEB8-8B4A-11D0-8D11-00A0C91BC942}") = "BingRequest110", "Release\samples\BingRequest\BingRequest110\BingRequest110.vcxproj", "{2EB9CCAA-541D-4DC1-BE2C-B1AE9712194D}"
EndProject
Project("{8BC9CEB8-8B4A-11D0-8D11-00A0C91BC942}") = "BingRequest110.xp", "Release\samples\BingRequest\BingRequest110.xp\BingRequest110.xp.vcxproj", "{1CD1E187-611B-4FF3-B88E-8408F626A3A1}"
EndProject
Project("{8BC9CEB8-8B4A-11D0-8D11-00A0C91BC942}") = "BlackJack_Client110", "Release\samples\BlackJack\BlackJack_Client\BlackJack_Client110\BlackJack_Client110.vcxproj", "{830B6E2F-9224-41D1-B9C7-A51FC78B00C7}"
EndProject
Project("{8BC9CEB8-8B4A-11D0-8D11-00A0C91BC942}") = "BlackJack_Server110", "Release\samples\BlackJack\BlackJack_Server\BlackJack_Server110\BlackJack_Server110.vcxproj", "{84350CD1-D406-4A4F-9571-261CA46D77C5}"
EndProject
Project("{8BC9CEB8-8B4A-11D0-8D11-00A0C91BC942}") = "CasaLens110", "Release\samples\CasaLens\CasaLens110\CasaLens110.vcxproj", "{FFBFD6C1-B525-4D35-AB64-A2FE9460B147}"
EndProject
Project("{8BC9CEB8-8B4A-11D0-8D11-00A0C91BC942}") = "SearchFile110", "Release\samples\SearchFile\SearchFile110\SearchFile110.vcxproj", "{F03BEE03-BEFB-4B17-A774-D9C8246530D4}"
EndProject
Project("{2150E333-8FDC-42A3-9474-1A3956D46DE8}") = "UIClient", "UIClient", "{25B3D124-F282-4FF0-9E2E-576BC33A7228}"
EndProject
Project("{8BC9CEB8-8B4A-11D0-8D11-00A0C91BC942}") = "BlackJack_UIClient110", "Release\samples\BlackJack\BlackJack_UIClient\BlackJack_UIClient110.vcxproj", "{B8D3F85B-DA71-4ACA-87BA-10FED681DC79}"
EndProject
Project("{2150E333-8FDC-42A3-9474-1A3956D46DE8}") = "Facebook", "Facebook", "{0B777D7B-3DD1-4E3F-8735-E70BC8A3D1ED}"
EndProject
Project("{8BC9CEB8-8B4A-11D0-8D11-00A0C91BC942}") = "FacebookDemo110", "Release\samples\FacebookDemo\FacebookDemo110.vcxproj", "{43DE4DF3-ACAA-429E-B260-CC6D4FE82658}"
EndProject
Project("{2150E333-8FDC-42A3-9474-1A3956D46DE8}") = "WindowsLiveAuth", "WindowsLiveAuth", "{B3663EFB-3933-4CC5-AFEA-00808B7BE396}"
EndProject
Project("{8BC9CEB8-8B4A-11D0-8D11-00A0C91BC942}") = "WindowsLiveAuth110", "Release\samples\WindowsLiveAuth\WindowsLiveAuth110.vcxproj", "{1C20F771-3131-46E8-805F-AA1FE44165C0}"
EndProject
Global
	GlobalSection(SolutionConfigurationPlatforms) = preSolution
		Debug|ARM = Debug|ARM
		Debug|Win32 = Debug|Win32
		Debug|x64 = Debug|x64
		Release|ARM = Release|ARM
		Release|Win32 = Release|Win32
		Release|x64 = Release|x64
	EndGlobalSection
	GlobalSection(ProjectConfigurationPlatforms) = postSolution
		{90D85FF4-F0AE-4816-923F-0EF2758F30AB}.Debug|ARM.ActiveCfg = Debug|ARM
		{90D85FF4-F0AE-4816-923F-0EF2758F30AB}.Debug|Win32.ActiveCfg = Debug|Win32
		{90D85FF4-F0AE-4816-923F-0EF2758F30AB}.Debug|Win32.Build.0 = Debug|Win32
		{90D85FF4-F0AE-4816-923F-0EF2758F30AB}.Debug|x64.ActiveCfg = Debug|x64
		{90D85FF4-F0AE-4816-923F-0EF2758F30AB}.Debug|x64.Build.0 = Debug|x64
		{90D85FF4-F0AE-4816-923F-0EF2758F30AB}.Release|ARM.ActiveCfg = Release|ARM
		{90D85FF4-F0AE-4816-923F-0EF2758F30AB}.Release|Win32.ActiveCfg = Release|Win32
		{90D85FF4-F0AE-4816-923F-0EF2758F30AB}.Release|Win32.Build.0 = Release|Win32
		{90D85FF4-F0AE-4816-923F-0EF2758F30AB}.Release|x64.ActiveCfg = Release|x64
		{90D85FF4-F0AE-4816-923F-0EF2758F30AB}.Release|x64.Build.0 = Release|x64
		{198ED804-2655-4D92-8104-C220E3EA9452}.Debug|ARM.ActiveCfg = Debug|ARM
		{198ED804-2655-4D92-8104-C220E3EA9452}.Debug|ARM.Build.0 = Debug|ARM
		{198ED804-2655-4D92-8104-C220E3EA9452}.Debug|Win32.ActiveCfg = Debug|Win32
		{198ED804-2655-4D92-8104-C220E3EA9452}.Debug|Win32.Build.0 = Debug|Win32
		{198ED804-2655-4D92-8104-C220E3EA9452}.Debug|x64.ActiveCfg = Debug|x64
		{198ED804-2655-4D92-8104-C220E3EA9452}.Debug|x64.Build.0 = Debug|x64
		{198ED804-2655-4D92-8104-C220E3EA9452}.Release|ARM.ActiveCfg = Release|ARM
		{198ED804-2655-4D92-8104-C220E3EA9452}.Release|ARM.Build.0 = Release|ARM
		{198ED804-2655-4D92-8104-C220E3EA9452}.Release|Win32.ActiveCfg = Release|Win32
		{198ED804-2655-4D92-8104-C220E3EA9452}.Release|Win32.Build.0 = Release|Win32
		{198ED804-2655-4D92-8104-C220E3EA9452}.Release|x64.ActiveCfg = Release|x64
		{198ED804-2655-4D92-8104-C220E3EA9452}.Release|x64.Build.0 = Release|x64
		{4BA4E05C-E06B-4D50-948B-6323B411D22A}.Debug|ARM.ActiveCfg = Debug|ARM
		{4BA4E05C-E06B-4D50-948B-6323B411D22A}.Debug|ARM.Build.0 = Debug|ARM
		{4BA4E05C-E06B-4D50-948B-6323B411D22A}.Debug|Win32.ActiveCfg = Debug|Win32
		{4BA4E05C-E06B-4D50-948B-6323B411D22A}.Debug|Win32.Build.0 = Debug|Win32
		{4BA4E05C-E06B-4D50-948B-6323B411D22A}.Debug|x64.ActiveCfg = Debug|x64
		{4BA4E05C-E06B-4D50-948B-6323B411D22A}.Release|ARM.ActiveCfg = Release|ARM
		{4BA4E05C-E06B-4D50-948B-6323B411D22A}.Release|ARM.Build.0 = Release|ARM
		{4BA4E05C-E06B-4D50-948B-6323B411D22A}.Release|Win32.ActiveCfg = Release|Win32
		{4BA4E05C-E06B-4D50-948B-6323B411D22A}.Release|Win32.Build.0 = Release|Win32
		{4BA4E05C-E06B-4D50-948B-6323B411D22A}.Release|x64.ActiveCfg = Release|x64
		{4D9ED383-673B-4E48-A6AF-6BD9F108150E}.Debug|ARM.ActiveCfg = Debug|ARM
		{4D9ED383-673B-4E48-A6AF-6BD9F108150E}.Debug|Win32.ActiveCfg = Debug|Win32
		{4D9ED383-673B-4E48-A6AF-6BD9F108150E}.Debug|Win32.Build.0 = Debug|Win32
		{4D9ED383-673B-4E48-A6AF-6BD9F108150E}.Debug|x64.ActiveCfg = Debug|x64
		{4D9ED383-673B-4E48-A6AF-6BD9F108150E}.Debug|x64.Build.0 = Debug|x64
		{4D9ED383-673B-4E48-A6AF-6BD9F108150E}.Release|ARM.ActiveCfg = Release|ARM
		{4D9ED383-673B-4E48-A6AF-6BD9F108150E}.Release|Win32.ActiveCfg = Release|Win32
		{4D9ED383-673B-4E48-A6AF-6BD9F108150E}.Release|Win32.Build.0 = Release|Win32
		{4D9ED383-673B-4E48-A6AF-6BD9F108150E}.Release|x64.ActiveCfg = Release|x64
		{4D9ED383-673B-4E48-A6AF-6BD9F108150E}.Release|x64.Build.0 = Release|x64
		{2EB9CCAA-541D-4DC1-BE2C-B1AE9712194D}.Debug|ARM.ActiveCfg = Debug|Win32
		{2EB9CCAA-541D-4DC1-BE2C-B1AE9712194D}.Debug|Win32.ActiveCfg = Debug|Win32
		{2EB9CCAA-541D-4DC1-BE2C-B1AE9712194D}.Debug|Win32.Build.0 = Debug|Win32
		{2EB9CCAA-541D-4DC1-BE2C-B1AE9712194D}.Debug|x64.ActiveCfg = Debug|x64
		{2EB9CCAA-541D-4DC1-BE2C-B1AE9712194D}.Debug|x64.Build.0 = Debug|x64
		{2EB9CCAA-541D-4DC1-BE2C-B1AE9712194D}.Release|ARM.ActiveCfg = Release|Win32
		{2EB9CCAA-541D-4DC1-BE2C-B1AE9712194D}.Release|Win32.ActiveCfg = Release|Win32
		{2EB9CCAA-541D-4DC1-BE2C-B1AE9712194D}.Release|Win32.Build.0 = Release|Win32
		{2EB9CCAA-541D-4DC1-BE2C-B1AE9712194D}.Release|x64.ActiveCfg = Release|x64
		{2EB9CCAA-541D-4DC1-BE2C-B1AE9712194D}.Release|x64.Build.0 = Release|x64
		{1CD1E187-611B-4FF3-B88E-8408F626A3A1}.Debug|ARM.ActiveCfg = Debug|Win32
		{1CD1E187-611B-4FF3-B88E-8408F626A3A1}.Debug|Win32.ActiveCfg = Debug|Win32
		{1CD1E187-611B-4FF3-B88E-8408F626A3A1}.Debug|Win32.Build.0 = Debug|Win32
		{1CD1E187-611B-4FF3-B88E-8408F626A3A1}.Debug|x64.ActiveCfg = Debug|x64
		{1CD1E187-611B-4FF3-B88E-8408F626A3A1}.Debug|x64.Build.0 = Debug|x64
		{1CD1E187-611B-4FF3-B88E-8408F626A3A1}.Release|ARM.ActiveCfg = Release|Win32
		{1CD1E187-611B-4FF3-B88E-8408F626A3A1}.Release|Win32.ActiveCfg = Release|Win32
		{1CD1E187-611B-4FF3-B88E-8408F626A3A1}.Release|Win32.Build.0 = Release|Win32
		{1CD1E187-611B-4FF3-B88E-8408F626A3A1}.Release|x64.ActiveCfg = Release|x64
		{1CD1E187-611B-4FF3-B88E-8408F626A3A1}.Release|x64.Build.0 = Release|x64
		{830B6E2F-9224-41D1-B9C7-A51FC78B00C7}.Debug|ARM.ActiveCfg = Debug|Win32
		{830B6E2F-9224-41D1-B9C7-A51FC78B00C7}.Debug|Win32.ActiveCfg = Debug|Win32
		{830B6E2F-9224-41D1-B9C7-A51FC78B00C7}.Debug|Win32.Build.0 = Debug|Win32
		{830B6E2F-9224-41D1-B9C7-A51FC78B00C7}.Debug|x64.ActiveCfg = Debug|x64
		{830B6E2F-9224-41D1-B9C7-A51FC78B00C7}.Debug|x64.Build.0 = Debug|x64
		{830B6E2F-9224-41D1-B9C7-A51FC78B00C7}.Release|ARM.ActiveCfg = Release|Win32
		{830B6E2F-9224-41D1-B9C7-A51FC78B00C7}.Release|Win32.ActiveCfg = Release|Win32
		{830B6E2F-9224-41D1-B9C7-A51FC78B00C7}.Release|Win32.Build.0 = Release|Win32
		{830B6E2F-9224-41D1-B9C7-A51FC78B00C7}.Release|x64.ActiveCfg = Release|x64
		{830B6E2F-9224-41D1-B9C7-A51FC78B00C7}.Release|x64.Build.0 = Release|x64
		{84350CD1-D406-4A4F-9571-261CA46D77C5}.Debug|ARM.ActiveCfg = Debug|Win32
		{84350CD1-D406-4A4F-9571-261CA46D77C5}.Debug|Win32.ActiveCfg = Debug|Win32
		{84350CD1-D406-4A4F-9571-261CA46D77C5}.Debug|Win32.Build.0 = Debug|Win32
		{84350CD1-D406-4A4F-9571-261CA46D77C5}.Debug|x64.ActiveCfg = Debug|x64
		{84350CD1-D406-4A4F-9571-261CA46D77C5}.Debug|x64.Build.0 = Debug|x64
		{84350CD1-D406-4A4F-9571-261CA46D77C5}.Release|ARM.ActiveCfg = Release|Win32
		{84350CD1-D406-4A4F-9571-261CA46D77C5}.Release|Win32.ActiveCfg = Release|Win32
		{84350CD1-D406-4A4F-9571-261CA46D77C5}.Release|Win32.Build.0 = Release|Win32
		{84350CD1-D406-4A4F-9571-261CA46D77C5}.Release|x64.ActiveCfg = Release|x64
		{84350CD1-D406-4A4F-9571-261CA46D77C5}.Release|x64.Build.0 = Release|x64
		{FFBFD6C1-B525-4D35-AB64-A2FE9460B147}.Debug|ARM.ActiveCfg = Debug|Win32
		{FFBFD6C1-B525-4D35-AB64-A2FE9460B147}.Debug|Win32.ActiveCfg = Debug|Win32
		{FFBFD6C1-B525-4D35-AB64-A2FE9460B147}.Debug|Win32.Build.0 = Debug|Win32
		{FFBFD6C1-B525-4D35-AB64-A2FE9460B147}.Debug|x64.ActiveCfg = Debug|x64
		{FFBFD6C1-B525-4D35-AB64-A2FE9460B147}.Debug|x64.Build.0 = Debug|x64
		{FFBFD6C1-B525-4D35-AB64-A2FE9460B147}.Release|ARM.ActiveCfg = Release|Win32
		{FFBFD6C1-B525-4D35-AB64-A2FE9460B147}.Release|Win32.ActiveCfg = Release|Win32
		{FFBFD6C1-B525-4D35-AB64-A2FE9460B147}.Release|Win32.Build.0 = Release|Win32
		{FFBFD6C1-B525-4D35-AB64-A2FE9460B147}.Release|x64.ActiveCfg = Release|x64
		{FFBFD6C1-B525-4D35-AB64-A2FE9460B147}.Release|x64.Build.0 = Release|x64
		{F03BEE03-BEFB-4B17-A774-D9C8246530D4}.Debug|ARM.ActiveCfg = Debug|Win32
		{F03BEE03-BEFB-4B17-A774-D9C8246530D4}.Debug|Win32.ActiveCfg = Debug|Win32
		{F03BEE03-BEFB-4B17-A774-D9C8246530D4}.Debug|Win32.Build.0 = Debug|Win32
		{F03BEE03-BEFB-4B17-A774-D9C8246530D4}.Debug|x64.ActiveCfg = Debug|x64
		{F03BEE03-BEFB-4B17-A774-D9C8246530D4}.Debug|x64.Build.0 = Debug|x64
		{F03BEE03-BEFB-4B17-A774-D9C8246530D4}.Release|ARM.ActiveCfg = Release|Win32
		{F03BEE03-BEFB-4B17-A774-D9C8246530D4}.Release|Win32.ActiveCfg = Release|Win32
		{F03BEE03-BEFB-4B17-A774-D9C8246530D4}.Release|Win32.Build.0 = Release|Win32
		{F03BEE03-BEFB-4B17-A774-D9C8246530D4}.Release|x64.ActiveCfg = Release|x64
		{F03BEE03-BEFB-4B17-A774-D9C8246530D4}.Release|x64.Build.0 = Release|x64
		{B8D3F85B-DA71-4ACA-87BA-10FED681DC79}.Debug|ARM.ActiveCfg = Debug|ARM
		{B8D3F85B-DA71-4ACA-87BA-10FED681DC79}.Debug|ARM.Build.0 = Debug|ARM
		{B8D3F85B-DA71-4ACA-87BA-10FED681DC79}.Debug|ARM.Deploy.0 = Debug|ARM
		{B8D3F85B-DA71-4ACA-87BA-10FED681DC79}.Debug|Win32.ActiveCfg = Debug|Win32
		{B8D3F85B-DA71-4ACA-87BA-10FED681DC79}.Debug|Win32.Build.0 = Debug|Win32
		{B8D3F85B-DA71-4ACA-87BA-10FED681DC79}.Debug|Win32.Deploy.0 = Debug|Win32
		{B8D3F85B-DA71-4ACA-87BA-10FED681DC79}.Debug|x64.ActiveCfg = Debug|x64
		{B8D3F85B-DA71-4ACA-87BA-10FED681DC79}.Debug|x64.Build.0 = Debug|x64
		{B8D3F85B-DA71-4ACA-87BA-10FED681DC79}.Debug|x64.Deploy.0 = Debug|x64
		{B8D3F85B-DA71-4ACA-87BA-10FED681DC79}.Release|ARM.ActiveCfg = Release|ARM
		{B8D3F85B-DA71-4ACA-87BA-10FED681DC79}.Release|ARM.Build.0 = Release|ARM
		{B8D3F85B-DA71-4ACA-87BA-10FED681DC79}.Release|ARM.Deploy.0 = Release|ARM
		{B8D3F85B-DA71-4ACA-87BA-10FED681DC79}.Release|Win32.ActiveCfg = Release|Win32
		{B8D3F85B-DA71-4ACA-87BA-10FED681DC79}.Release|Win32.Build.0 = Release|Win32
		{B8D3F85B-DA71-4ACA-87BA-10FED681DC79}.Release|Win32.Deploy.0 = Release|Win32
		{B8D3F85B-DA71-4ACA-87BA-10FED681DC79}.Release|x64.ActiveCfg = Release|x64
		{B8D3F85B-DA71-4ACA-87BA-10FED681DC79}.Release|x64.Build.0 = Release|x64
		{B8D3F85B-DA71-4ACA-87BA-10FED681DC79}.Release|x64.Deploy.0 = Release|x64
		{43DE4DF3-ACAA-429E-B260-CC6D4FE82658}.Debug|ARM.ActiveCfg = Debug|ARM
		{43DE4DF3-ACAA-429E-B260-CC6D4FE82658}.Debug|ARM.Build.0 = Debug|ARM
		{43DE4DF3-ACAA-429E-B260-CC6D4FE82658}.Debug|ARM.Deploy.0 = Debug|ARM
		{43DE4DF3-ACAA-429E-B260-CC6D4FE82658}.Debug|Win32.ActiveCfg = Debug|Win32
		{43DE4DF3-ACAA-429E-B260-CC6D4FE82658}.Debug|Win32.Build.0 = Debug|Win32
		{43DE4DF3-ACAA-429E-B260-CC6D4FE82658}.Debug|Win32.Deploy.0 = Debug|Win32
		{43DE4DF3-ACAA-429E-B260-CC6D4FE82658}.Debug|x64.ActiveCfg = Debug|x64
		{43DE4DF3-ACAA-429E-B260-CC6D4FE82658}.Debug|x64.Build.0 = Debug|x64
		{43DE4DF3-ACAA-429E-B260-CC6D4FE82658}.Debug|x64.Deploy.0 = Debug|x64
		{43DE4DF3-ACAA-429E-B260-CC6D4FE82658}.Release|ARM.ActiveCfg = Release|ARM
		{43DE4DF3-ACAA-429E-B260-CC6D4FE82658}.Release|ARM.Build.0 = Release|ARM
		{43DE4DF3-ACAA-429E-B260-CC6D4FE82658}.Release|ARM.Deploy.0 = Release|ARM
		{43DE4DF3-ACAA-429E-B260-CC6D4FE82658}.Release|Win32.ActiveCfg = Release|Win32
		{43DE4DF3-ACAA-429E-B260-CC6D4FE82658}.Release|Win32.Build.0 = Release|Win32
		{43DE4DF3-ACAA-429E-B260-CC6D4FE82658}.Release|Win32.Deploy.0 = Release|Win32
		{43DE4DF3-ACAA-429E-B260-CC6D4FE82658}.Release|x64.ActiveCfg = Release|x64
		{43DE4DF3-ACAA-429E-B260-CC6D4FE82658}.Release|x64.Build.0 = Release|x64
		{43DE4DF3-ACAA-429E-B260-CC6D4FE82658}.Release|x64.Deploy.0 = Release|x64
		{1C20F771-3131-46E8-805F-AA1FE44165C0}.Debug|ARM.ActiveCfg = Debug|ARM
		{1C20F771-3131-46E8-805F-AA1FE44165C0}.Debug|ARM.Build.0 = Debug|ARM
		{1C20F771-3131-46E8-805F-AA1FE44165C0}.Debug|ARM.Deploy.0 = Debug|ARM
		{1C20F771-3131-46E8-805F-AA1FE44165C0}.Debug|Win32.ActiveCfg = Debug|Win32
		{1C20F771-3131-46E8-805F-AA1FE44165C0}.Debug|Win32.Build.0 = Debug|Win32
		{1C20F771-3131-46E8-805F-AA1FE44165C0}.Debug|Win32.Deploy.0 = Debug|Win32
		{1C20F771-3131-46E8-805F-AA1FE44165C0}.Debug|x64.ActiveCfg = Debug|x64
		{1C20F771-3131-46E8-805F-AA1FE44165C0}.Debug|x64.Build.0 = Debug|x64
		{1C20F771-3131-46E8-805F-AA1FE44165C0}.Debug|x64.Deploy.0 = Debug|x64
		{1C20F771-3131-46E8-805F-AA1FE44165C0}.Release|ARM.ActiveCfg = Release|ARM
		{1C20F771-3131-46E8-805F-AA1FE44165C0}.Release|ARM.Build.0 = Release|ARM
		{1C20F771-3131-46E8-805F-AA1FE44165C0}.Release|ARM.Deploy.0 = Release|ARM
		{1C20F771-3131-46E8-805F-AA1FE44165C0}.Release|Win32.ActiveCfg = Release|Win32
		{1C20F771-3131-46E8-805F-AA1FE44165C0}.Release|Win32.Build.0 = Release|Win32
		{1C20F771-3131-46E8-805F-AA1FE44165C0}.Release|Win32.Deploy.0 = Release|Win32
		{1C20F771-3131-46E8-805F-AA1FE44165C0}.Release|x64.ActiveCfg = Release|x64
		{1C20F771-3131-46E8-805F-AA1FE44165C0}.Release|x64.Build.0 = Release|x64
		{1C20F771-3131-46E8-805F-AA1FE44165C0}.Release|x64.Deploy.0 = Release|x64
	EndGlobalSection
	GlobalSection(SolutionProperties) = preSolution
		HideSolutionNode = FALSE
	EndGlobalSection
	GlobalSection(NestedProjects) = preSolution
		{90D85FF4-F0AE-4816-923F-0EF2758F30AB} = {40661945-A809-4D65-8E8B-1B040E1BCD4B}
		{198ED804-2655-4D92-8104-C220E3EA9452} = {40661945-A809-4D65-8E8B-1B040E1BCD4B}
		{4BA4E05C-E06B-4D50-948B-6323B411D22A} = {40661945-A809-4D65-8E8B-1B040E1BCD4B}
		{4D9ED383-673B-4E48-A6AF-6BD9F108150E} = {40661945-A809-4D65-8E8B-1B040E1BCD4B}
		{593D36F1-7101-4899-A3D6-710C8F8E64D5} = {234BF944-8E20-44D2-A667-11E7247ABD87}
		{8924DE69-04A7-4788-B6B8-576E62CD00C6} = {234BF944-8E20-44D2-A667-11E7247ABD87}
		{6CEF6734-89E5-4AF6-9DDC-A33C10F667F8} = {234BF944-8E20-44D2-A667-11E7247ABD87}
		{95495A58-C524-4289-AC9E-9E795402941B} = {234BF944-8E20-44D2-A667-11E7247ABD87}
		{0B777D7B-3DD1-4E3F-8735-E70BC8A3D1ED} = {234BF944-8E20-44D2-A667-11E7247ABD87}
		{B3663EFB-3933-4CC5-AFEA-00808B7BE396} = {234BF944-8E20-44D2-A667-11E7247ABD87}
		{2EB9CCAA-541D-4DC1-BE2C-B1AE9712194D} = {593D36F1-7101-4899-A3D6-710C8F8E64D5}
		{1CD1E187-611B-4FF3-B88E-8408F626A3A1} = {593D36F1-7101-4899-A3D6-710C8F8E64D5}
		{2B4870FB-EC51-4652-ADD3-77F091BE055D} = {8924DE69-04A7-4788-B6B8-576E62CD00C6}
		{B28EAA46-4205-48AF-9265-0265E8ABB9EE} = {8924DE69-04A7-4788-B6B8-576E62CD00C6}
		{25B3D124-F282-4FF0-9E2E-576BC33A7228} = {8924DE69-04A7-4788-B6B8-576E62CD00C6}
		{830B6E2F-9224-41D1-B9C7-A51FC78B00C7} = {2B4870FB-EC51-4652-ADD3-77F091BE055D}
		{84350CD1-D406-4A4F-9571-261CA46D77C5} = {B28EAA46-4205-48AF-9265-0265E8ABB9EE}
		{FFBFD6C1-B525-4D35-AB64-A2FE9460B147} = {6CEF6734-89E5-4AF6-9DDC-A33C10F667F8}
		{F03BEE03-BEFB-4B17-A774-D9C8246530D4} = {95495A58-C524-4289-AC9E-9E795402941B}
		{B8D3F85B-DA71-4ACA-87BA-10FED681DC79} = {25B3D124-F282-4FF0-9E2E-576BC33A7228}
		{43DE4DF3-ACAA-429E-B260-CC6D4FE82658} = {0B777D7B-3DD1-4E3F-8735-E70BC8A3D1ED}
		{1C20F771-3131-46E8-805F-AA1FE44165C0} = {B3663EFB-3933-4CC5-AFEA-00808B7BE396}
	EndGlobalSection
EndGlobal
