// !$*UTF8*$!
{
	archiveVersion = 1;
	classes = {
	};
	objectVersion = 46;
	objects = {

/* Begin PBXBuildFile section */
		EBA6F4321762FAC200C18685 /* config.h in Headers */ = {isa = PBXBuildFile; fileRef = EBA6F4301762FAC200C18685 /* config.h */; };
		EBA6F4331762FAC200C18685 /* unittestpp.h in Headers */ = {isa = PBXBuildFile; fileRef = EBA6F4311762FAC200C18685 /* unittestpp.h */; };
		EBA6F47D1762FAC800C18685 /* AssertException.cpp in Sources */ = {isa = PBXBuildFile; fileRef = EBA6F4351762FAC800C18685 /* AssertException.cpp */; };
		EBA6F47E1762FAC800C18685 /* AssertException.h in Headers */ = {isa = PBXBuildFile; fileRef = EBA6F4361762FAC800C18685 /* AssertException.h */; };
		EBA6F47F1762FAC800C18685 /* CheckMacros.h in Headers */ = {isa = PBXBuildFile; fileRef = EBA6F4371762FAC800C18685 /* CheckMacros.h */; };
		EBA6F4801762FAC800C18685 /* Checks.h in Headers */ = {isa = PBXBuildFile; fileRef = EBA6F4381762FAC800C18685 /* Checks.h */; };
		EBA6F4811762FAC800C18685 /* CompositeTestReporter.cpp in Sources */ = {isa = PBXBuildFile; fileRef = EBA6F4391762FAC800C18685 /* CompositeTestReporter.cpp */; };
		EBA6F4821762FAC800C18685 /* CompositeTestReporter.h in Headers */ = {isa = PBXBuildFile; fileRef = EBA6F43A1762FAC800C18685 /* CompositeTestReporter.h */; };
		EBA6F4831762FAC800C18685 /* CurrentTest.cpp in Sources */ = {isa = PBXBuildFile; fileRef = EBA6F43B1762FAC800C18685 /* CurrentTest.cpp */; };
		EBA6F4841762FAC800C18685 /* CurrentTest.h in Headers */ = {isa = PBXBuildFile; fileRef = EBA6F43C1762FAC800C18685 /* CurrentTest.h */; };
		EBA6F4851762FAC800C18685 /* DeferredTestReporter.cpp in Sources */ = {isa = PBXBuildFile; fileRef = EBA6F43D1762FAC800C18685 /* DeferredTestReporter.cpp */; };
		EBA6F4861762FAC800C18685 /* DeferredTestReporter.h in Headers */ = {isa = PBXBuildFile; fileRef = EBA6F43E1762FAC800C18685 /* DeferredTestReporter.h */; };
		EBA6F4871762FAC800C18685 /* DeferredTestResult.cpp in Sources */ = {isa = PBXBuildFile; fileRef = EBA6F43F1762FAC800C18685 /* DeferredTestResult.cpp */; };
		EBA6F4881762FAC800C18685 /* DeferredTestResult.h in Headers */ = {isa = PBXBuildFile; fileRef = EBA6F4401762FAC800C18685 /* DeferredTestResult.h */; };
		EBA6F4891762FAC800C18685 /* ExceptionMacros.h in Headers */ = {isa = PBXBuildFile; fileRef = EBA6F4411762FAC800C18685 /* ExceptionMacros.h */; };
		EBA6F48A1762FAC800C18685 /* ExecuteTest.h in Headers */ = {isa = PBXBuildFile; fileRef = EBA6F4421762FAC800C18685 /* ExecuteTest.h */; };
		EBA6F48B1762FAC800C18685 /* GlobalSettings.cpp in Sources */ = {isa = PBXBuildFile; fileRef = EBA6F4431762FAC800C18685 /* GlobalSettings.cpp */; };
		EBA6F48C1762FAC800C18685 /* GlobalSettings.h in Headers */ = {isa = PBXBuildFile; fileRef = EBA6F4441762FAC800C18685 /* GlobalSettings.h */; };
		EBA6F48D1762FAC800C18685 /* HelperMacros.h in Headers */ = {isa = PBXBuildFile; fileRef = EBA6F4451762FAC800C18685 /* HelperMacros.h */; };
		EBA6F48E1762FAC800C18685 /* MemoryOutStream.cpp in Sources */ = {isa = PBXBuildFile; fileRef = EBA6F4461762FAC800C18685 /* MemoryOutStream.cpp */; };
		EBA6F48F1762FAC800C18685 /* MemoryOutStream.h in Headers */ = {isa = PBXBuildFile; fileRef = EBA6F4471762FAC800C18685 /* MemoryOutStream.h */; };
		EBA6F4901762FAC800C18685 /* SignalTranslator.cpp in Sources */ = {isa = PBXBuildFile; fileRef = EBA6F4491762FAC800C18685 /* SignalTranslator.cpp */; };
		EBA6F4911762FAC800C18685 /* SignalTranslator.h in Headers */ = {isa = PBXBuildFile; fileRef = EBA6F44A1762FAC800C18685 /* SignalTranslator.h */; };
		EBA6F4921762FAC800C18685 /* TimeHelpers.cpp in Sources */ = {isa = PBXBuildFile; fileRef = EBA6F44B1762FAC800C18685 /* TimeHelpers.cpp */; };
		EBA6F4931762FAC800C18685 /* TimeHelpers.h in Headers */ = {isa = PBXBuildFile; fileRef = EBA6F44C1762FAC800C18685 /* TimeHelpers.h */; };
		EBA6F4941762FAC800C18685 /* ReportAssert.cpp in Sources */ = {isa = PBXBuildFile; fileRef = EBA6F44D1762FAC800C18685 /* ReportAssert.cpp */; };
		EBA6F4951762FAC800C18685 /* ReportAssert.h in Headers */ = {isa = PBXBuildFile; fileRef = EBA6F44E1762FAC800C18685 /* ReportAssert.h */; };
		EBA6F4961762FAC800C18685 /* ReportAssertImpl.h in Headers */ = {isa = PBXBuildFile; fileRef = EBA6F44F1762FAC800C18685 /* ReportAssertImpl.h */; };
		EBA6F4971762FAC800C18685 /* stdafx.cpp in Sources */ = {isa = PBXBuildFile; fileRef = EBA6F4501762FAC800C18685 /* stdafx.cpp */; };
		EBA6F4981762FAC800C18685 /* stdafx.h in Headers */ = {isa = PBXBuildFile; fileRef = EBA6F4511762FAC800C18685 /* stdafx.h */; };
		EBA6F4991762FAC800C18685 /* Test.cpp in Sources */ = {isa = PBXBuildFile; fileRef = EBA6F4521762FAC800C18685 /* Test.cpp */; };
		EBA6F49A1762FAC800C18685 /* Test.h in Headers */ = {isa = PBXBuildFile; fileRef = EBA6F4531762FAC800C18685 /* Test.h */; };
		EBA6F49B1762FAC800C18685 /* TestDetails.cpp in Sources */ = {isa = PBXBuildFile; fileRef = EBA6F4541762FAC800C18685 /* TestDetails.cpp */; };
		EBA6F49C1762FAC800C18685 /* TestDetails.h in Headers */ = {isa = PBXBuildFile; fileRef = EBA6F4551762FAC800C18685 /* TestDetails.h */; };
		EBA6F49D1762FAC800C18685 /* TestList.cpp in Sources */ = {isa = PBXBuildFile; fileRef = EBA6F4561762FAC800C18685 /* TestList.cpp */; };
		EBA6F49E1762FAC800C18685 /* TestList.h in Headers */ = {isa = PBXBuildFile; fileRef = EBA6F4571762FAC800C18685 /* TestList.h */; };
		EBA6F49F1762FAC800C18685 /* TestMacros.h in Headers */ = {isa = PBXBuildFile; fileRef = EBA6F4581762FAC800C18685 /* TestMacros.h */; };
		EBA6F4A01762FAC800C18685 /* TestProperties.h in Headers */ = {isa = PBXBuildFile; fileRef = EBA6F4591762FAC800C18685 /* TestProperties.h */; };
		EBA6F4A11762FAC800C18685 /* TestReporter.cpp in Sources */ = {isa = PBXBuildFile; fileRef = EBA6F45A1762FAC800C18685 /* TestReporter.cpp */; };
		EBA6F4A21762FAC800C18685 /* TestReporter.h in Headers */ = {isa = PBXBuildFile; fileRef = EBA6F45B1762FAC800C18685 /* TestReporter.h */; };
		EBA6F4A31762FAC800C18685 /* TestReporterStdout.cpp in Sources */ = {isa = PBXBuildFile; fileRef = EBA6F45C1762FAC800C18685 /* TestReporterStdout.cpp */; };
		EBA6F4A41762FAC800C18685 /* TestReporterStdout.h in Headers */ = {isa = PBXBuildFile; fileRef = EBA6F45D1762FAC800C18685 /* TestReporterStdout.h */; };
		EBA6F4A51762FAC800C18685 /* TestResults.cpp in Sources */ = {isa = PBXBuildFile; fileRef = EBA6F45E1762FAC800C18685 /* TestResults.cpp */; };
		EBA6F4A61762FAC800C18685 /* TestResults.h in Headers */ = {isa = PBXBuildFile; fileRef = EBA6F45F1762FAC800C18685 /* TestResults.h */; };
		EBA6F4A71762FAC800C18685 /* TestRunner.cpp in Sources */ = {isa = PBXBuildFile; fileRef = EBA6F4601762FAC800C18685 /* TestRunner.cpp */; };
		EBA6F4A81762FAC800C18685 /* TestRunner.h in Headers */ = {isa = PBXBuildFile; fileRef = EBA6F4611762FAC800C18685 /* TestRunner.h */; };
		EBA6F4BC1762FAC800C18685 /* TestSuite.h in Headers */ = {isa = PBXBuildFile; fileRef = EBA6F4761762FAC800C18685 /* TestSuite.h */; };
		EBA6F4BD1762FAC800C18685 /* TimeHelpers.h in Headers */ = {isa = PBXBuildFile; fileRef = EBA6F4771762FAC800C18685 /* TimeHelpers.h */; };
		EBA6F4C01762FAC800C18685 /* XmlTestReporter.cpp in Sources */ = {isa = PBXBuildFile; fileRef = EBA6F47B1762FAC800C18685 /* XmlTestReporter.cpp */; };
		EBA6F4C11762FAC800C18685 /* XmlTestReporter.h in Headers */ = {isa = PBXBuildFile; fileRef = EBA6F47C1762FAC800C18685 /* XmlTestReporter.h */; };
/* End PBXBuildFile section */

/* Begin PBXFileReference section */
		EBA6F4291762FA9700C18685 /* libUnitTestpp.dylib */ = {isa = PBXFileReference; explicitFileType = "compiled.mach-o.dylib"; includeInIndex = 0; path = libUnitTestpp.dylib; sourceTree = BUILT_PRODUCTS_DIR; };
		EBA6F4301762FAC200C18685 /* config.h */ = {isa = PBXFileReference; fileEncoding = 4; lastKnownFileType = sourcecode.c.h; name = config.h; path = ../config.h; sourceTree = "<group>"; };
		EBA6F4311762FAC200C18685 /* unittestpp.h */ = {isa = PBXFileReference; fileEncoding = 4; lastKnownFileType = sourcecode.c.h; name = unittestpp.h; path = ../unittestpp.h; sourceTree = "<group>"; };
		EBA6F4351762FAC800C18685 /* AssertException.cpp */ = {isa = PBXFileReference; fileEncoding = 4; lastKnownFileType = sourcecode.cpp.cpp; path = AssertException.cpp; sourceTree = "<group>"; };
		EBA6F4361762FAC800C18685 /* AssertException.h */ = {isa = PBXFileReference; fileEncoding = 4; lastKnownFileType = sourcecode.c.h; path = AssertException.h; sourceTree = "<group>"; };
		EBA6F4371762FAC800C18685 /* CheckMacros.h */ = {isa = PBXFileReference; fileEncoding = 4; lastKnownFileType = sourcecode.c.h; path = CheckMacros.h; sourceTree = "<group>"; };
		EBA6F4381762FAC800C18685 /* Checks.h */ = {isa = PBXFileReference; fileEncoding = 4; lastKnownFileType = sourcecode.c.h; path = Checks.h; sourceTree = "<group>"; };
		EBA6F4391762FAC800C18685 /* CompositeTestReporter.cpp */ = {isa = PBXFileReference; fileEncoding = 4; lastKnownFileType = sourcecode.cpp.cpp; path = CompositeTestReporter.cpp; sourceTree = "<group>"; };
		EBA6F43A1762FAC800C18685 /* CompositeTestReporter.h */ = {isa = PBXFileReference; fileEncoding = 4; lastKnownFileType = sourcecode.c.h; path = CompositeTestReporter.h; sourceTree = "<group>"; };
		EBA6F43B1762FAC800C18685 /* CurrentTest.cpp */ = {isa = PBXFileReference; fileEncoding = 4; lastKnownFileType = sourcecode.cpp.cpp; path = CurrentTest.cpp; sourceTree = "<group>"; };
		EBA6F43C1762FAC800C18685 /* CurrentTest.h */ = {isa = PBXFileReference; fileEncoding = 4; lastKnownFileType = sourcecode.c.h; path = CurrentTest.h; sourceTree = "<group>"; };
		EBA6F43D1762FAC800C18685 /* DeferredTestReporter.cpp */ = {isa = PBXFileReference; fileEncoding = 4; lastKnownFileType = sourcecode.cpp.cpp; path = DeferredTestReporter.cpp; sourceTree = "<group>"; };
		EBA6F43E1762FAC800C18685 /* DeferredTestReporter.h */ = {isa = PBXFileReference; fileEncoding = 4; lastKnownFileType = sourcecode.c.h; path = DeferredTestReporter.h; sourceTree = "<group>"; };
		EBA6F43F1762FAC800C18685 /* DeferredTestResult.cpp */ = {isa = PBXFileReference; fileEncoding = 4; lastKnownFileType = sourcecode.cpp.cpp; path = DeferredTestResult.cpp; sourceTree = "<group>"; };
		EBA6F4401762FAC800C18685 /* DeferredTestResult.h */ = {isa = PBXFileReference; fileEncoding = 4; lastKnownFileType = sourcecode.c.h; path = DeferredTestResult.h; sourceTree = "<group>"; };
		EBA6F4411762FAC800C18685 /* ExceptionMacros.h */ = {isa = PBXFileReference; fileEncoding = 4; lastKnownFileType = sourcecode.c.h; path = ExceptionMacros.h; sourceTree = "<group>"; };
		EBA6F4421762FAC800C18685 /* ExecuteTest.h */ = {isa = PBXFileReference; fileEncoding = 4; lastKnownFileType = sourcecode.c.h; path = ExecuteTest.h; sourceTree = "<group>"; };
		EBA6F4431762FAC800C18685 /* GlobalSettings.cpp */ = {isa = PBXFileReference; fileEncoding = 4; lastKnownFileType = sourcecode.cpp.cpp; path = GlobalSettings.cpp; sourceTree = "<group>"; };
		EBA6F4441762FAC800C18685 /* GlobalSettings.h */ = {isa = PBXFileReference; fileEncoding = 4; lastKnownFileType = sourcecode.c.h; path = GlobalSettings.h; sourceTree = "<group>"; };
		EBA6F4451762FAC800C18685 /* HelperMacros.h */ = {isa = PBXFileReference; fileEncoding = 4; lastKnownFileType = sourcecode.c.h; path = HelperMacros.h; sourceTree = "<group>"; };
		EBA6F4461762FAC800C18685 /* MemoryOutStream.cpp */ = {isa = PBXFileReference; fileEncoding = 4; lastKnownFileType = sourcecode.cpp.cpp; path = MemoryOutStream.cpp; sourceTree = "<group>"; };
		EBA6F4471762FAC800C18685 /* MemoryOutStream.h */ = {isa = PBXFileReference; fileEncoding = 4; lastKnownFileType = sourcecode.c.h; path = MemoryOutStream.h; sourceTree = "<group>"; };
		EBA6F4491762FAC800C18685 /* SignalTranslator.cpp */ = {isa = PBXFileReference; fileEncoding = 4; lastKnownFileType = sourcecode.cpp.cpp; path = SignalTranslator.cpp; sourceTree = "<group>"; };
		EBA6F44A1762FAC800C18685 /* SignalTranslator.h */ = {isa = PBXFileReference; fileEncoding = 4; lastKnownFileType = sourcecode.c.h; path = SignalTranslator.h; sourceTree = "<group>"; };
		EBA6F44B1762FAC800C18685 /* TimeHelpers.cpp */ = {isa = PBXFileReference; fileEncoding = 4; lastKnownFileType = sourcecode.cpp.cpp; path = TimeHelpers.cpp; sourceTree = "<group>"; };
		EBA6F44C1762FAC800C18685 /* TimeHelpers.h */ = {isa = PBXFileReference; fileEncoding = 4; lastKnownFileType = sourcecode.c.h; path = TimeHelpers.h; sourceTree = "<group>"; };
		EBA6F44D1762FAC800C18685 /* ReportAssert.cpp */ = {isa = PBXFileReference; fileEncoding = 4; lastKnownFileType = sourcecode.cpp.cpp; path = ReportAssert.cpp; sourceTree = "<group>"; };
		EBA6F44E1762FAC800C18685 /* ReportAssert.h */ = {isa = PBXFileReference; fileEncoding = 4; lastKnownFileType = sourcecode.c.h; path = ReportAssert.h; sourceTree = "<group>"; };
		EBA6F44F1762FAC800C18685 /* ReportAssertImpl.h */ = {isa = PBXFileReference; fileEncoding = 4; lastKnownFileType = sourcecode.c.h; path = ReportAssertImpl.h; sourceTree = "<group>"; };
		EBA6F4501762FAC800C18685 /* stdafx.cpp */ = {isa = PBXFileReference; fileEncoding = 4; lastKnownFileType = sourcecode.cpp.cpp; path = stdafx.cpp; sourceTree = "<group>"; };
		EBA6F4511762FAC800C18685 /* stdafx.h */ = {isa = PBXFileReference; fileEncoding = 4; lastKnownFileType = sourcecode.c.h; path = stdafx.h; sourceTree = "<group>"; };
		EBA6F4521762FAC800C18685 /* Test.cpp */ = {isa = PBXFileReference; fileEncoding = 4; lastKnownFileType = sourcecode.cpp.cpp; path = Test.cpp; sourceTree = "<group>"; };
		EBA6F4531762FAC800C18685 /* Test.h */ = {isa = PBXFileReference; fileEncoding = 4; lastKnownFileType = sourcecode.c.h; path = Test.h; sourceTree = "<group>"; };
		EBA6F4541762FAC800C18685 /* TestDetails.cpp */ = {isa = PBXFileReference; fileEncoding = 4; lastKnownFileType = sourcecode.cpp.cpp; path = TestDetails.cpp; sourceTree = "<group>"; };
		EBA6F4551762FAC800C18685 /* TestDetails.h */ = {isa = PBXFileReference; fileEncoding = 4; lastKnownFileType = sourcecode.c.h; path = TestDetails.h; sourceTree = "<group>"; };
		EBA6F4561762FAC800C18685 /* TestList.cpp */ = {isa = PBXFileReference; fileEncoding = 4; lastKnownFileType = sourcecode.cpp.cpp; path = TestList.cpp; sourceTree = "<group>"; };
		EBA6F4571762FAC800C18685 /* TestList.h */ = {isa = PBXFileReference; fileEncoding = 4; lastKnownFileType = sourcecode.c.h; path = TestList.h; sourceTree = "<group>"; };
		EBA6F4581762FAC800C18685 /* TestMacros.h */ = {isa = PBXFileReference; fileEncoding = 4; lastKnownFileType = sourcecode.c.h; path = TestMacros.h; sourceTree = "<group>"; };
		EBA6F4591762FAC800C18685 /* TestProperties.h */ = {isa = PBXFileReference; fileEncoding = 4; lastKnownFileType = sourcecode.c.h; path = TestProperties.h; sourceTree = "<group>"; };
		EBA6F45A1762FAC800C18685 /* TestReporter.cpp */ = {isa = PBXFileReference; fileEncoding = 4; lastKnownFileType = sourcecode.cpp.cpp; path = TestReporter.cpp; sourceTree = "<group>"; };
		EBA6F45B1762FAC800C18685 /* TestReporter.h */ = {isa = PBXFileReference; fileEncoding = 4; lastKnownFileType = sourcecode.c.h; path = TestReporter.h; sourceTree = "<group>"; };
		EBA6F45C1762FAC800C18685 /* TestReporterStdout.cpp */ = {isa = PBXFileReference; fileEncoding = 4; lastKnownFileType = sourcecode.cpp.cpp; path = TestReporterStdout.cpp; sourceTree = "<group>"; };
		EBA6F45D1762FAC800C18685 /* TestReporterStdout.h */ = {isa = PBXFileReference; fileEncoding = 4; lastKnownFileType = sourcecode.c.h; path = TestReporterStdout.h; sourceTree = "<group>"; };
		EBA6F45E1762FAC800C18685 /* TestResults.cpp */ = {isa = PBXFileReference; fileEncoding = 4; lastKnownFileType = sourcecode.cpp.cpp; path = TestResults.cpp; sourceTree = "<group>"; };
		EBA6F45F1762FAC800C18685 /* TestResults.h */ = {isa = PBXFileReference; fileEncoding = 4; lastKnownFileType = sourcecode.c.h; path = TestResults.h; sourceTree = "<group>"; };
		EBA6F4601762FAC800C18685 /* TestRunner.cpp */ = {isa = PBXFileReference; fileEncoding = 4; lastKnownFileType = sourcecode.cpp.cpp; path = TestRunner.cpp; sourceTree = "<group>"; };
		EBA6F4611762FAC800C18685 /* TestRunner.h */ = {isa = PBXFileReference; fileEncoding = 4; lastKnownFileType = sourcecode.c.h; path = TestRunner.h; sourceTree = "<group>"; };
		EBA6F4631762FAC800C18685 /* RecordingReporter.h */ = {isa = PBXFileReference; fileEncoding = 4; lastKnownFileType = sourcecode.c.h; path = RecordingReporter.h; sourceTree = "<group>"; };
		EBA6F4641762FAC800C18685 /* ScopedCurrentTest.h */ = {isa = PBXFileReference; fileEncoding = 4; lastKnownFileType = sourcecode.c.h; path = ScopedCurrentTest.h; sourceTree = "<group>"; };
		EBA6F4651762FAC800C18685 /* stdafx.cpp */ = {isa = PBXFileReference; fileEncoding = 4; lastKnownFileType = sourcecode.cpp.cpp; path = stdafx.cpp; sourceTree = "<group>"; };
		EBA6F4661762FAC800C18685 /* stdafx.h */ = {isa = PBXFileReference; fileEncoding = 4; lastKnownFileType = sourcecode.c.h; path = stdafx.h; sourceTree = "<group>"; };
		EBA6F4671762FAC800C18685 /* TestAssertHandler.cpp */ = {isa = PBXFileReference; fileEncoding = 4; lastKnownFileType = sourcecode.cpp.cpp; path = TestAssertHandler.cpp; sourceTree = "<group>"; };
		EBA6F4681762FAC800C18685 /* TestCheckMacros.cpp */ = {isa = PBXFileReference; fileEncoding = 4; lastKnownFileType = sourcecode.cpp.cpp; path = TestCheckMacros.cpp; sourceTree = "<group>"; };
		EBA6F4691762FAC800C18685 /* TestChecks.cpp */ = {isa = PBXFileReference; fileEncoding = 4; lastKnownFileType = sourcecode.cpp.cpp; path = TestChecks.cpp; sourceTree = "<group>"; };
		EBA6F46A1762FAC800C18685 /* TestCompositeTestReporter.cpp */ = {isa = PBXFileReference; fileEncoding = 4; lastKnownFileType = sourcecode.cpp.cpp; path = TestCompositeTestReporter.cpp; sourceTree = "<group>"; };
		EBA6F46B1762FAC800C18685 /* TestCurrentTest.cpp */ = {isa = PBXFileReference; fileEncoding = 4; lastKnownFileType = sourcecode.cpp.cpp; path = TestCurrentTest.cpp; sourceTree = "<group>"; };
		EBA6F46C1762FAC800C18685 /* TestDeferredTestReporter.cpp */ = {isa = PBXFileReference; fileEncoding = 4; lastKnownFileType = sourcecode.cpp.cpp; path = TestDeferredTestReporter.cpp; sourceTree = "<group>"; };
		EBA6F46D1762FAC800C18685 /* TestMemoryOutStream.cpp */ = {isa = PBXFileReference; fileEncoding = 4; lastKnownFileType = sourcecode.cpp.cpp; path = TestMemoryOutStream.cpp; sourceTree = "<group>"; };
		EBA6F46E1762FAC800C18685 /* TestTest.cpp */ = {isa = PBXFileReference; fileEncoding = 4; lastKnownFileType = sourcecode.cpp.cpp; path = TestTest.cpp; sourceTree = "<group>"; };
		EBA6F46F1762FAC800C18685 /* TestTestList.cpp */ = {isa = PBXFileReference; fileEncoding = 4; lastKnownFileType = sourcecode.cpp.cpp; path = TestTestList.cpp; sourceTree = "<group>"; };
		EBA6F4701762FAC800C18685 /* TestTestMacros.cpp */ = {isa = PBXFileReference; fileEncoding = 4; lastKnownFileType = sourcecode.cpp.cpp; path = TestTestMacros.cpp; sourceTree = "<group>"; };
		EBA6F4711762FAC800C18685 /* TestTestResults.cpp */ = {isa = PBXFileReference; fileEncoding = 4; lastKnownFileType = sourcecode.cpp.cpp; path = TestTestResults.cpp; sourceTree = "<group>"; };
		EBA6F4721762FAC800C18685 /* TestTestRunner.cpp */ = {isa = PBXFileReference; fileEncoding = 4; lastKnownFileType = sourcecode.cpp.cpp; path = TestTestRunner.cpp; sourceTree = "<group>"; };
		EBA6F4731762FAC800C18685 /* TestTestSuite.cpp */ = {isa = PBXFileReference; fileEncoding = 4; lastKnownFileType = sourcecode.cpp.cpp; path = TestTestSuite.cpp; sourceTree = "<group>"; };
		EBA6F4741762FAC800C18685 /* TestUnitTestPP.cpp */ = {isa = PBXFileReference; fileEncoding = 4; lastKnownFileType = sourcecode.cpp.cpp; path = TestUnitTestPP.cpp; sourceTree = "<group>"; };
		EBA6F4751762FAC800C18685 /* TestXmlTestReporter.cpp */ = {isa = PBXFileReference; fileEncoding = 4; lastKnownFileType = sourcecode.cpp.cpp; path = TestXmlTestReporter.cpp; sourceTree = "<group>"; };
		EBA6F4761762FAC800C18685 /* TestSuite.h */ = {isa = PBXFileReference; fileEncoding = 4; lastKnownFileType = sourcecode.c.h; path = TestSuite.h; sourceTree = "<group>"; };
		EBA6F4771762FAC800C18685 /* TimeHelpers.h */ = {isa = PBXFileReference; fileEncoding = 4; lastKnownFileType = sourcecode.c.h; path = TimeHelpers.h; sourceTree = "<group>"; };
		EBA6F47B1762FAC800C18685 /* XmlTestReporter.cpp */ = {isa = PBXFileReference; fileEncoding = 4; lastKnownFileType = sourcecode.cpp.cpp; path = XmlTestReporter.cpp; sourceTree = "<group>"; };
		EBA6F47C1762FAC800C18685 /* XmlTestReporter.h */ = {isa = PBXFileReference; fileEncoding = 4; lastKnownFileType = sourcecode.c.h; path = XmlTestReporter.h; sourceTree = "<group>"; };
/* End PBXFileReference section */

/* Begin PBXFrameworksBuildPhase section */
		EBA6F4261762FA9700C18685 /* Frameworks */ = {
			isa = PBXFrameworksBuildPhase;
			buildActionMask = 2147483647;
			files = (
			);
			runOnlyForDeploymentPostprocessing = 0;
		};
/* End PBXFrameworksBuildPhase section */

/* Begin PBXGroup section */
		EBA6F4201762FA9700C18685 = {
			isa = PBXGroup;
			children = (
				EBA6F4301762FAC200C18685 /* config.h */,
				EBA6F42A1762FA9700C18685 /* Products */,
				EBA6F4341762FAC800C18685 /* src */,
				EBA6F4311762FAC200C18685 /* unittestpp.h */,
			);
			sourceTree = "<group>";
		};
		EBA6F42A1762FA9700C18685 /* Products */ = {
			isa = PBXGroup;
			children = (
				EBA6F4291762FA9700C18685 /* libUnitTestpp.dylib */,
			);
			name = Products;
			sourceTree = "<group>";
		};
		EBA6F4341762FAC800C18685 /* src */ = {
			isa = PBXGroup;
			children = (
				EBA6F4351762FAC800C18685 /* AssertException.cpp */,
				EBA6F4361762FAC800C18685 /* AssertException.h */,
				EBA6F4371762FAC800C18685 /* CheckMacros.h */,
				EBA6F4381762FAC800C18685 /* Checks.h */,
				EBA6F4391762FAC800C18685 /* CompositeTestReporter.cpp */,
				EBA6F43A1762FAC800C18685 /* CompositeTestReporter.h */,
				EBA6F43B1762FAC800C18685 /* CurrentTest.cpp */,
				EBA6F43C1762FAC800C18685 /* CurrentTest.h */,
				EBA6F43D1762FAC800C18685 /* DeferredTestReporter.cpp */,
				EBA6F43E1762FAC800C18685 /* DeferredTestReporter.h */,
				EBA6F43F1762FAC800C18685 /* DeferredTestResult.cpp */,
				EBA6F4401762FAC800C18685 /* DeferredTestResult.h */,
				EBA6F4411762FAC800C18685 /* ExceptionMacros.h */,
				EBA6F4421762FAC800C18685 /* ExecuteTest.h */,
				EBA6F4431762FAC800C18685 /* GlobalSettings.cpp */,
				EBA6F4441762FAC800C18685 /* GlobalSettings.h */,
				EBA6F4451762FAC800C18685 /* HelperMacros.h */,
				EBA6F4461762FAC800C18685 /* MemoryOutStream.cpp */,
				EBA6F4471762FAC800C18685 /* MemoryOutStream.h */,
				EBA6F4481762FAC800C18685 /* Posix */,
				EBA6F44D1762FAC800C18685 /* ReportAssert.cpp */,
				EBA6F44E1762FAC800C18685 /* ReportAssert.h */,
				EBA6F44F1762FAC800C18685 /* ReportAssertImpl.h */,
				EBA6F4501762FAC800C18685 /* stdafx.cpp */,
				EBA6F4511762FAC800C18685 /* stdafx.h */,
				EBA6F4521762FAC800C18685 /* Test.cpp */,
				EBA6F4531762FAC800C18685 /* Test.h */,
				EBA6F4541762FAC800C18685 /* TestDetails.cpp */,
				EBA6F4551762FAC800C18685 /* TestDetails.h */,
				EBA6F4561762FAC800C18685 /* TestList.cpp */,
				EBA6F4571762FAC800C18685 /* TestList.h */,
				EBA6F4581762FAC800C18685 /* TestMacros.h */,
				EBA6F4591762FAC800C18685 /* TestProperties.h */,
				EBA6F45A1762FAC800C18685 /* TestReporter.cpp */,
				EBA6F45B1762FAC800C18685 /* TestReporter.h */,
				EBA6F45C1762FAC800C18685 /* TestReporterStdout.cpp */,
				EBA6F45D1762FAC800C18685 /* TestReporterStdout.h */,
				EBA6F45E1762FAC800C18685 /* TestResults.cpp */,
				EBA6F45F1762FAC800C18685 /* TestResults.h */,
				EBA6F4601762FAC800C18685 /* TestRunner.cpp */,
				EBA6F4611762FAC800C18685 /* TestRunner.h */,
				EBA6F4621762FAC800C18685 /* tests */,
				EBA6F4761762FAC800C18685 /* TestSuite.h */,
				EBA6F4771762FAC800C18685 /* TimeHelpers.h */,
				EBA6F47B1762FAC800C18685 /* XmlTestReporter.cpp */,
				EBA6F47C1762FAC800C18685 /* XmlTestReporter.h */,
			);
			name = src;
			path = ../src;
			sourceTree = "<group>";
		};
		EBA6F4481762FAC800C18685 /* Posix */ = {
			isa = PBXGroup;
			children = (
				EBA6F4491762FAC800C18685 /* SignalTranslator.cpp */,
				EBA6F44A1762FAC800C18685 /* SignalTranslator.h */,
				EBA6F44B1762FAC800C18685 /* TimeHelpers.cpp */,
				EBA6F44C1762FAC800C18685 /* TimeHelpers.h */,
			);
			path = Posix;
			sourceTree = "<group>";
		};
		EBA6F4621762FAC800C18685 /* tests */ = {
			isa = PBXGroup;
			children = (
				EBA6F4631762FAC800C18685 /* RecordingReporter.h */,
				EBA6F4641762FAC800C18685 /* ScopedCurrentTest.h */,
				EBA6F4651762FAC800C18685 /* stdafx.cpp */,
				EBA6F4661762FAC800C18685 /* stdafx.h */,
				EBA6F4671762FAC800C18685 /* TestAssertHandler.cpp */,
				EBA6F4681762FAC800C18685 /* TestCheckMacros.cpp */,
				EBA6F4691762FAC800C18685 /* TestChecks.cpp */,
				EBA6F46A1762FAC800C18685 /* TestCompositeTestReporter.cpp */,
				EBA6F46B1762FAC800C18685 /* TestCurrentTest.cpp */,
				EBA6F46C1762FAC800C18685 /* TestDeferredTestReporter.cpp */,
				EBA6F46D1762FAC800C18685 /* TestMemoryOutStream.cpp */,
				EBA6F46E1762FAC800C18685 /* TestTest.cpp */,
				EBA6F46F1762FAC800C18685 /* TestTestList.cpp */,
				EBA6F4701762FAC800C18685 /* TestTestMacros.cpp */,
				EBA6F4711762FAC800C18685 /* TestTestResults.cpp */,
				EBA6F4721762FAC800C18685 /* TestTestRunner.cpp */,
				EBA6F4731762FAC800C18685 /* TestTestSuite.cpp */,
				EBA6F4741762FAC800C18685 /* TestUnitTestPP.cpp */,
				EBA6F4751762FAC800C18685 /* TestXmlTestReporter.cpp */,
			);
			path = tests;
			sourceTree = "<group>";
		};
/* End PBXGroup section */

/* Begin PBXHeadersBuildPhase section */
		EBA6F4271762FA9700C18685 /* Headers */ = {
			isa = PBXHeadersBuildPhase;
			buildActionMask = 2147483647;
			files = (
				EBA6F4321762FAC200C18685 /* config.h in Headers */,
				EBA6F4331762FAC200C18685 /* unittestpp.h in Headers */,
				EBA6F47E1762FAC800C18685 /* AssertException.h in Headers */,
				EBA6F47F1762FAC800C18685 /* CheckMacros.h in Headers */,
				EBA6F4801762FAC800C18685 /* Checks.h in Headers */,
				EBA6F4821762FAC800C18685 /* CompositeTestReporter.h in Headers */,
				EBA6F4841762FAC800C18685 /* CurrentTest.h in Headers */,
				EBA6F4861762FAC800C18685 /* DeferredTestReporter.h in Headers */,
				EBA6F4881762FAC800C18685 /* DeferredTestResult.h in Headers */,
				EBA6F4891762FAC800C18685 /* ExceptionMacros.h in Headers */,
				EBA6F48A1762FAC800C18685 /* ExecuteTest.h in Headers */,
				EBA6F48C1762FAC800C18685 /* GlobalSettings.h in Headers */,
				EBA6F48D1762FAC800C18685 /* HelperMacros.h in Headers */,
				EBA6F48F1762FAC800C18685 /* MemoryOutStream.h in Headers */,
				EBA6F4911762FAC800C18685 /* SignalTranslator.h in Headers */,
				EBA6F4931762FAC800C18685 /* TimeHelpers.h in Headers */,
				EBA6F4951762FAC800C18685 /* ReportAssert.h in Headers */,
				EBA6F4961762FAC800C18685 /* ReportAssertImpl.h in Headers */,
				EBA6F4981762FAC800C18685 /* stdafx.h in Headers */,
				EBA6F49A1762FAC800C18685 /* Test.h in Headers */,
				EBA6F49C1762FAC800C18685 /* TestDetails.h in Headers */,
				EBA6F49E1762FAC800C18685 /* TestList.h in Headers */,
				EBA6F49F1762FAC800C18685 /* TestMacros.h in Headers */,
				EBA6F4A01762FAC800C18685 /* TestProperties.h in Headers */,
				EBA6F4A21762FAC800C18685 /* TestReporter.h in Headers */,
				EBA6F4A41762FAC800C18685 /* TestReporterStdout.h in Headers */,
				EBA6F4A61762FAC800C18685 /* TestResults.h in Headers */,
				EBA6F4A81762FAC800C18685 /* TestRunner.h in Headers */,
				EBA6F4BC1762FAC800C18685 /* TestSuite.h in Headers */,
				EBA6F4BD1762FAC800C18685 /* TimeHelpers.h in Headers */,
				EBA6F4C11762FAC800C18685 /* XmlTestReporter.h in Headers */,
			);
			runOnlyForDeploymentPostprocessing = 0;
		};
/* End PBXHeadersBuildPhase section */

/* Begin PBXNativeTarget section */
		EBA6F4281762FA9700C18685 /* UnitTestpp */ = {
			isa = PBXNativeTarget;
			buildConfigurationList = EBA6F42D1762FA9700C18685 /* Build configuration list for PBXNativeTarget "UnitTestpp" */;
			buildPhases = (
				EBA6F4251762FA9700C18685 /* Sources */,
				EBA6F4261762FA9700C18685 /* Frameworks */,
				EBA6F4271762FA9700C18685 /* Headers */,
			);
			buildRules = (
			);
			dependencies = (
			);
			name = UnitTestpp;
			productName = UnitTestpp;
			productReference = EBA6F4291762FA9700C18685 /* libUnitTestpp.dylib */;
			productType = "com.apple.product-type.library.dynamic";
		};
/* End PBXNativeTarget section */

/* Begin PBXProject section */
		EBA6F4211762FA9700C18685 /* Project object */ = {
			isa = PBXProject;
			attributes = {
				LastUpgradeCheck = 0460;
				ORGANIZATIONNAME = "Niklas Gustafsson";
			};
			buildConfigurationList = EBA6F4241762FA9700C18685 /* Build configuration list for PBXProject "UnitTestpp" */;
			compatibilityVersion = "Xcode 3.2";
			developmentRegion = English;
			hasScannedForEncodings = 0;
			knownRegions = (
				en,
			);
			mainGroup = EBA6F4201762FA9700C18685;
			productRefGroup = EBA6F42A1762FA9700C18685 /* Products */;
			projectDirPath = "";
			projectRoot = "";
			targets = (
				EBA6F4281762FA9700C18685 /* UnitTestpp */,
			);
		};
/* End PBXProject section */

/* Begin PBXSourcesBuildPhase section */
		EBA6F4251762FA9700C18685 /* Sources */ = {
			isa = PBXSourcesBuildPhase;
			buildActionMask = 2147483647;
			files = (
				EBA6F47D1762FAC800C18685 /* AssertException.cpp in Sources */,
				EBA6F4811762FAC800C18685 /* CompositeTestReporter.cpp in Sources */,
				EBA6F4831762FAC800C18685 /* CurrentTest.cpp in Sources */,
				EBA6F4851762FAC800C18685 /* DeferredTestReporter.cpp in Sources */,
				EBA6F4871762FAC800C18685 /* DeferredTestResult.cpp in Sources */,
				EBA6F48B1762FAC800C18685 /* GlobalSettings.cpp in Sources */,
				EBA6F48E1762FAC800C18685 /* MemoryOutStream.cpp in Sources */,
				EBA6F4901762FAC800C18685 /* SignalTranslator.cpp in Sources */,
				EBA6F4921762FAC800C18685 /* TimeHelpers.cpp in Sources */,
				EBA6F4941762FAC800C18685 /* ReportAssert.cpp in Sources */,
				EBA6F4971762FAC800C18685 /* stdafx.cpp in Sources */,
				EBA6F4991762FAC800C18685 /* Test.cpp in Sources */,
				EBA6F49B1762FAC800C18685 /* TestDetails.cpp in Sources */,
				EBA6F49D1762FAC800C18685 /* TestList.cpp in Sources */,
				EBA6F4A11762FAC800C18685 /* TestReporter.cpp in Sources */,
				EBA6F4A31762FAC800C18685 /* TestReporterStdout.cpp in Sources */,
				EBA6F4A51762FAC800C18685 /* TestResults.cpp in Sources */,
				EBA6F4A71762FAC800C18685 /* TestRunner.cpp in Sources */,
				EBA6F4C01762FAC800C18685 /* XmlTestReporter.cpp in Sources */,
			);
			runOnlyForDeploymentPostprocessing = 0;
		};
/* End PBXSourcesBuildPhase section */

/* Begin XCBuildConfiguration section */
		EBA6F42B1762FA9700C18685 /* Debug */ = {
			isa = XCBuildConfiguration;
			buildSettings = {
				ALWAYS_SEARCH_USER_PATHS = NO;
				ARCHS = "$(ARCHS_STANDARD_64_BIT)";
				CLANG_CXX_LANGUAGE_STANDARD = "gnu++0x";
				CLANG_CXX_LIBRARY = "libc++";
				CLANG_WARN_CONSTANT_CONVERSION = YES;
				CLANG_WARN_EMPTY_BODY = YES;
				CLANG_WARN_ENUM_CONVERSION = YES;
				CLANG_WARN_INT_CONVERSION = YES;
				CLANG_WARN__DUPLICATE_METHOD_MATCH = YES;
				COPY_PHASE_STRIP = NO;
				GCC_C_LANGUAGE_STANDARD = gnu99;
				GCC_DYNAMIC_NO_PIC = NO;
				GCC_ENABLE_OBJC_EXCEPTIONS = YES;
				GCC_OPTIMIZATION_LEVEL = 0;
				GCC_PREPROCESSOR_DEFINITIONS = (
					"DEBUG=1",
					"$(inherited)",
				);
				GCC_SYMBOLS_PRIVATE_EXTERN = NO;
				GCC_WARN_64_TO_32_BIT_CONVERSION = YES;
				GCC_WARN_ABOUT_RETURN_TYPE = YES;
				GCC_WARN_UNINITIALIZED_AUTOS = YES;
				GCC_WARN_UNUSED_VARIABLE = YES;
				GENERATE_MASTER_OBJECT_FILE = YES;
				MACOSX_DEPLOYMENT_TARGET = 10.8;
				ONLY_ACTIVE_ARCH = YES;
				SDKROOT = macosx;
			};
			name = Debug;
		};
		EBA6F42C1762FA9700C18685 /* Release */ = {
			isa = XCBuildConfiguration;
			buildSettings = {
				ALWAYS_SEARCH_USER_PATHS = NO;
				ARCHS = "$(ARCHS_STANDARD_64_BIT)";
				CLANG_CXX_LANGUAGE_STANDARD = "gnu++0x";
				CLANG_CXX_LIBRARY = "libc++";
				CLANG_WARN_CONSTANT_CONVERSION = YES;
				CLANG_WARN_EMPTY_BODY = YES;
				CLANG_WARN_ENUM_CONVERSION = YES;
				CLANG_WARN_INT_CONVERSION = YES;
				CLANG_WARN__DUPLICATE_METHOD_MATCH = YES;
				COPY_PHASE_STRIP = YES;
				DEBUG_INFORMATION_FORMAT = "dwarf-with-dsym";
				GCC_C_LANGUAGE_STANDARD = gnu99;
				GCC_ENABLE_OBJC_EXCEPTIONS = YES;
				GCC_WARN_64_TO_32_BIT_CONVERSION = YES;
				GCC_WARN_ABOUT_RETURN_TYPE = YES;
				GCC_WARN_UNINITIALIZED_AUTOS = YES;
				GCC_WARN_UNUSED_VARIABLE = YES;
				GENERATE_MASTER_OBJECT_FILE = YES;
				MACOSX_DEPLOYMENT_TARGET = 10.8;
				SDKROOT = macosx;
			};
			name = Release;
		};
		EBA6F42E1762FA9700C18685 /* Debug */ = {
			isa = XCBuildConfiguration;
			buildSettings = {
				EXECUTABLE_PREFIX = lib;
				GCC_PREPROCESSOR_DEFINITIONS = (
					MS_TARGET_APPLE,
					"DEBUG=1",
				);
				HEADER_SEARCH_PATHS = (
					../../../../include,
					/opt/local/include,
				);
				PRODUCT_NAME = "$(TARGET_NAME)";
				WARNING_CFLAGS = "-Wno-return-type-c-linkage";
			};
			name = Debug;
		};
		EBA6F42F1762FA9700C18685 /* Release */ = {
			isa = XCBuildConfiguration;
			buildSettings = {
				EXECUTABLE_PREFIX = lib;
				GCC_PREPROCESSOR_DEFINITIONS = MS_TARGET_APPLE;
				HEADER_SEARCH_PATHS = (
					../../../../include,
					/opt/local/include,
				);
				PRODUCT_NAME = "$(TARGET_NAME)";
				WARNING_CFLAGS = "-Wno-return-type-c-linkage";
			};
			name = Release;
		};
/* End XCBuildConfiguration section */

/* Begin XCConfigurationList section */
		EBA6F4241762FA9700C18685 /* Build configuration list for PBXProject "UnitTestpp" */ = {
			isa = XCConfigurationList;
			buildConfigurations = (
				EBA6F42B1762FA9700C18685 /* Debug */,
				EBA6F42C1762FA9700C18685 /* Release */,
			);
			defaultConfigurationIsVisible = 0;
			defaultConfigurationName = Release;
		};
		EBA6F42D1762FA9700C18685 /* Build configuration list for PBXNativeTarget "UnitTestpp" */ = {
			isa = XCConfigurationList;
			buildConfigurations = (
				EBA6F42E1762FA9700C18685 /* Debug */,
				EBA6F42F1762FA9700C18685 /* Release */,
			);
			defaultConfigurationIsVisible = 0;
			defaultConfigurationName = Release;
		};
/* End XCConfigurationList section */
	};
	rootObject = EBA6F4211762FA9700C18685 /* Project object */;
}
