<?xml version="1.0" encoding="utf-8"?>
<Project ToolsVersion="4.0" xmlns="http://schemas.microsoft.com/developer/msbuild/2003">
  <ItemGroup>
    <ClCompile Include="$(CasablancaSrcDir)\http\client\http_msg_client.cpp" />
    <ClCompile Include="$(CasablancaSrcDir)\http\common\http_helpers.cpp" />
    <ClCompile Include="$(CasablancaSrcDir)\http\common\http_msg.cpp" />
    <ClCompile Include="$(CasablancaSrcDir)\http\oauth\oauth2.cpp" />
    <ClCompile Include="$(CasablancaSrcDir)\json\json.cpp" />
    <ClCompile Include="$(CasablancaSrcDir)\json\json_parsing.cpp" />
    <ClCompile Include="$(CasablancaSrcDir)\json\json_serialization.cpp" />
    <ClCompile Include="$(CasablancaSrcDir)\uri\uri.cpp" />
    <ClCompile Include="$(CasablancaSrcDir)\uri\uri_builder.cpp" />
    <ClCompile Include="$(CasablancaSrcDir)\uri\uri_parser.cpp" />
    <ClCompile Include="$(CasablancaSrcDir)\utilities\asyncrt_utils.cpp" />
    <ClCompile Include="$(CasablancaSrcDir)\utilities\base64.cpp" />
    <ClCompile Include="$(CasablancaSrcDir)\utilities\dllmain.cpp" />
    <ClCompile Include="$(CasablancaSrcDir)\websockets\client\ws_msg.cpp" />
    <ClCompile Include="$(CasablancaSrcDir)\websockets\client\ws_client.cpp" />
    <ClCompile Include="$(CasablancaSrcDir)\pch\stdafx.cpp" />
    <ClCompile Include="$(CasablancaSrcDir)\http\listener\http_msg_listen.cpp" />
    <ClCompile Include="$(CasablancaSrcDir)\http\oauth\oauth1.cpp" />
    <ClCompile Include="$(CasablancaSrcDir)\http\listener\http_server_api.cpp" />
    <ClCompile Include="$(CasablancaSrcDir)\http\listener\http_windows_server.cpp" />
    <ClCompile Include="$(CasablancaSrcDir)\http\listener\http_listener.cpp" />
    <ClCompile Include="$(CasablancaSrcDir)\http\client\http_win7.cpp" />
    <ClCompile Include="$(CasablancaSrcDir)\streams\windows\fileio.cpp" />
    <ClCompile Include="$(CasablancaSrcDir)\streams\windows\ioscheduler.cpp" />
  </ItemGroup>
  <ItemGroup>
    <ClInclude Include="$(CasablancaSrcDir)\pch\stdafx.h" />
    <ClInclude Include="$(CasablancaIncludeDir)\cpprest\astreambuf.h" />
    <ClInclude Include="$(CasablancaIncludeDir)\cpprest\asyncrt_utils.h" />
    <ClInclude Include="$(CasablancaIncludeDir)\cpprest\base_uri.h" />
    <ClInclude Include="$(CasablancaIncludeDir)\cpprest\basic_types.h" />
    <ClInclude Include="$(CasablancaIncludeDir)\cpprest\containerstream.h" />
    <ClInclude Include="$(CasablancaIncludeDir)\cpprest\fileio.h" />
    <ClInclude Include="$(CasablancaIncludeDir)\cpprest\filestream.h" />
    <ClInclude Include="$(CasablancaIncludeDir)\cpprest\globals.h" />
    <ClInclude Include="$(CasablancaIncludeDir)\cpprest\web_utilities.h" />
    <ClInclude Include="$(CasablancaIncludeDir)\cpprest\http_client.h" />
    <ClInclude Include="$(CasablancaIncludeDir)\cpprest\http_constants.dat" />
    <ClInclude Include="$(CasablancaIncludeDir)\cpprest\http_helpers.h" />
    <ClInclude Include="$(CasablancaIncludeDir)\cpprest\http_headers.h" />
    <ClInclude Include="$(CasablancaIncludeDir)\cpprest\http_msg.h" />
    <ClInclude Include="$(CasablancaIncludeDir)\cpprest\interopstream.h" />
    <ClInclude Include="$(CasablancaIncludeDir)\pplx\ioscheduler.h" />
    <ClInclude Include="$(CasablancaIncludeDir)\cpprest\json.h" />
    <ClInclude Include="$(CasablancaIncludeDir)\compat\linux_compat.h" />
    <ClInclude Include="$(CasablancaIncludeDir)\compat\nosal.h" />
    <ClInclude Include="$(CasablancaIncludeDir)\pplx\pplx.h" />
    <ClInclude Include="$(CasablancaIncludeDir)\pplx\pplxconv.h" />
    <ClInclude Include="$(CasablancaIncludeDir)\pplx\pplxinterface.h" />
    <ClInclude Include="$(CasablancaIncludeDir)\pplx\pplxtasks.h" />
    <ClInclude Include="$(CasablancaIncludeDir)\pplx\pplxwin.h" />
    <ClInclude Include="$(CasablancaIncludeDir)\cpprest\producerconsumerstream.h" />
    <ClInclude Include="$(CasablancaIncludeDir)\cpprest\rawptrstream.h" />
    <ClInclude Include="$(CasablancaIncludeDir)\compat\SafeInt3.hpp" />
    <ClInclude Include="$(CasablancaIncludeDir)\cpprest\streams.h" />
    <ClInclude Include="$(CasablancaIncludeDir)\cpprest\targetver.h" />
    <ClInclude Include="$(CasablancaIncludeDir)\pplx\threadpool.h" />
    <ClInclude Include="$(CasablancaIncludeDir)\cpprest\uri.h" />
    <ClInclude Include="$(CasablancaIncludeDir)\cpprest\uri_parser.h" />
    <ClInclude Include="$(CasablancaIncludeDir)\compat\windows_compat.h" />
    <ClInclude Include="$(CasablancaIncludeDir)\cpprest\xxpublic.h" />
    <ClInclude Include="$(CasablancaIncludeDir)\pplx\pplxcancellation_token.h" />
    <ClInclude Include="$(CasablancaIncludeDir)\cpprest\uri_builder.h" />
    <ClInclude Include="$(CasablancaIncludeDir)\cpprest\http_client_impl.h" />
    <ClInclude Include="$(CasablancaIncludeDir)\cpprest\oauth2.h" />
    <ClInclude Include="$(CasablancaIncludeDir)\cpprest\ws_client.h" />
    <ClInclude Include="$(CasablancaIncludeDir)\cpprest\ws_msg.h" />
    <ClInclude Include="$(CasablancaIncludeDir)\cpprest\http_listener.h" />
    <ClInclude Include="$(CasablancaIncludeDir)\cpprest\http_server.h" />
    <ClInclude Include="$(CasablancaIncludeDir)\cpprest\http_server_api.h" />
    <ClInclude Include="$(CasablancaIncludeDir)\cpprest\http_windows_server.h" />
    <ClInclude Include="$(CasablancaIncludeDir)\cpprest\oauth1.h" />
  </ItemGroup>
  <ItemGroup>
    <None Include="..\UnitTestpp\packages.config" />
  </ItemGroup>
</Project>