<?xml version="1.0" encoding="utf-8"?>
<Project ToolsVersion="4.0" xmlns="http://schemas.microsoft.com/developer/msbuild/2003">
  <ItemGroup>
    <Filter Include="Common">
      <UniqueIdentifier>475cd6f5-c129-4405-aeb4-a0a915bc08fb</UniqueIdentifier>
    </Filter>
    <Filter Include="Assets">
      <UniqueIdentifier>afde3f48-5194-487f-9741-8e47cd122a67</UniqueIdentifier>
    </Filter>
    <Page Include="Common\StandardStyles.xaml">
      <Filter>Common</Filter>
    </Page>
    <Image Include="Assets\Logo.png">
      <Filter>Assets</Filter>
    </Image>
    <Image Include="Assets\SmallLogo.png">
      <Filter>Assets</Filter>
    </Image>
    <Image Include="Assets\StoreLogo.png">
      <Filter>Assets</Filter>
    </Image>
    <Image Include="Assets\SplashScreen.png">
      <Filter>Assets</Filter>
    </Image>
  </ItemGroup>
  <ItemGroup>
    <ApplicationDefinition Include="App.xaml" />
  </ItemGroup>
  <ItemGroup>
    <ClCompile Include="App.xaml.cpp" />
    <ClCompile Include="pch.cpp" />
    <ClCompile Include="CardShape.xaml.cpp" />
    <ClCompile Include="Player.xaml.cpp" />
    <ClCompile Include="PlayingTable.xaml.cpp" />
  </ItemGroup>
  <ItemGroup>
    <ClInclude Include="pch.h" />
    <ClInclude Include="App.xaml.h" />
    <ClInclude Include="messagetypes.h" />
    <ClInclude Include="CardShape.xaml.h" />
    <ClInclude Include="Player.xaml.h" />
    <ClInclude Include="PlayingTable.xaml.h" />
  </ItemGroup>
  <ItemGroup>
    <AppxManifest Include="Package.appxmanifest" />
  </ItemGroup>
  <ItemGroup>
    <None Include="Blackjack Client_TemporaryKey.pfx" />
  </ItemGroup>
  <ItemGroup>
    <Image Include="Cards.PNG" />
  </ItemGroup>
  <ItemGroup>
    <Page Include="CardShape.xaml" />
    <Page Include="Player.xaml" />
    <Page Include="PlayingTable.xaml" />
  </ItemGroup>
</Project>