// !$*UTF8*$!
{
	archiveVersion = 1;
	classes = {
	};
	objectVersion = 46;
	objects = {

/* Begin PBXBuildFile section */
		EB1E191017C6E56800722C51 /* authentication_tests.cpp in Sources */ = {isa = PBXBuildFile; fileRef = EB1E190E17C6E56800722C51 /* authentication_tests.cpp */; };
		EB1E191117C6E56800722C51 /* outside_tests.cpp in Sources */ = {isa = PBXBuildFile; fileRef = EB1E190F17C6E56800722C51 /* outside_tests.cpp */; };
		EBD6C82B1773FBDB000ADB0F /* libcasablanca.dyn.dylib in Frameworks */ = {isa = PBXBuildFile; fileRef = EBD6C8281773FBDB000ADB0F /* libcasablanca.dyn.dylib */; };
		EBD6C82C1773FBDB000ADB0F /* libUnitTestpp.dylib in Frameworks */ = {isa = PBXBuildFile; fileRef = EBD6C8291773FBDB000ADB0F /* libUnitTestpp.dylib */; };
		EBD6C82D1773FBDB000ADB0F /* libutilities.dylib in Frameworks */ = {isa = PBXBuildFile; fileRef = EBD6C82A1773FBDB000ADB0F /* libutilities.dylib */; };
		EBD6C8411773FC88000ADB0F /* building_request_tests.cpp in Sources */ = {isa = PBXBuildFile; fileRef = EBD6C82E1773FC88000ADB0F /* building_request_tests.cpp */; };
		EBD6C8421773FC88000ADB0F /* client_construction.cpp in Sources */ = {isa = PBXBuildFile; fileRef = EBD6C82F1773FC88000ADB0F /* client_construction.cpp */; };
		EBD6C8431773FC88000ADB0F /* connections_and_errors.cpp in Sources */ = {isa = PBXBuildFile; fileRef = EBD6C8301773FC88000ADB0F /* connections_and_errors.cpp */; };
		EBD6C8441773FC88000ADB0F /* header_tests.cpp in Sources */ = {isa = PBXBuildFile; fileRef = EBD6C8311773FC88000ADB0F /* header_tests.cpp */; };
		EBD6C8461773FC88000ADB0F /* http_client_tests.cpp in Sources */ = {isa = PBXBuildFile; fileRef = EBD6C8331773FC88000ADB0F /* http_client_tests.cpp */; };
		EBD6C8481773FC88000ADB0F /* http_methods_tests.cpp in Sources */ = {isa = PBXBuildFile; fileRef = EBD6C8351773FC88000ADB0F /* http_methods_tests.cpp */; };
		EBD6C8491773FC88000ADB0F /* multiple_requests.cpp in Sources */ = {isa = PBXBuildFile; fileRef = EBD6C8361773FC88000ADB0F /* multiple_requests.cpp */; };
		EBD6C84A1773FC88000ADB0F /* pipeline_stage_tests.cpp in Sources */ = {isa = PBXBuildFile; fileRef = EBD6C8371773FC88000ADB0F /* pipeline_stage_tests.cpp */; };
		EBD6C84B1773FC88000ADB0F /* progress_handler_tests.cpp in Sources */ = {isa = PBXBuildFile; fileRef = EBD6C8381773FC88000ADB0F /* progress_handler_tests.cpp */; };
		EBD6C84D1773FC88000ADB0F /* request_helper_tests.cpp in Sources */ = {isa = PBXBuildFile; fileRef = EBD6C83A1773FC88000ADB0F /* request_helper_tests.cpp */; };
		EBD6C84E1773FC88000ADB0F /* request_stream_tests.cpp in Sources */ = {isa = PBXBuildFile; fileRef = EBD6C83B1773FC88000ADB0F /* request_stream_tests.cpp */; };
		EBD6C84F1773FC88000ADB0F /* request_uri_tests.cpp in Sources */ = {isa = PBXBuildFile; fileRef = EBD6C83C1773FC88000ADB0F /* request_uri_tests.cpp */; };
		EBD6C8501773FC88000ADB0F /* response_extract_tests.cpp in Sources */ = {isa = PBXBuildFile; fileRef = EBD6C83D1773FC88000ADB0F /* response_extract_tests.cpp */; };
		EBD6C8511773FC88000ADB0F /* response_stream_tests.cpp in Sources */ = {isa = PBXBuildFile; fileRef = EBD6C83E1773FC88000ADB0F /* response_stream_tests.cpp */; };
		EBD6C8521773FC88000ADB0F /* status_code_reason_phrase_tests.cpp in Sources */ = {isa = PBXBuildFile; fileRef = EBD6C83F1773FC88000ADB0F /* status_code_reason_phrase_tests.cpp */; };
		EBD6C8531773FC88000ADB0F /* to_string_tests.cpp in Sources */ = {isa = PBXBuildFile; fileRef = EBD6C8401773FC88000ADB0F /* to_string_tests.cpp */; };
		EBD6C85817740258000ADB0F /* http_asserts.cpp in Sources */ = {isa = PBXBuildFile; fileRef = EBD6C85417740258000ADB0F /* http_asserts.cpp */; };
		EBD6C85917740258000ADB0F /* test_http_client.cpp in Sources */ = {isa = PBXBuildFile; fileRef = EBD6C85517740258000ADB0F /* test_http_client.cpp */; };
		EBD6C85A17740258000ADB0F /* test_http_server.cpp in Sources */ = {isa = PBXBuildFile; fileRef = EBD6C85617740258000ADB0F /* test_http_server.cpp */; };
		EBD6C85B17740258000ADB0F /* test_server_utilities.cpp in Sources */ = {isa = PBXBuildFile; fileRef = EBD6C85717740258000ADB0F /* test_server_utilities.cpp */; };
/* End PBXBuildFile section */

/* Begin PBXFileReference section */
		EB1E190E17C6E56800722C51 /* authentication_tests.cpp */ = {isa = PBXFileReference; fileEncoding = 4; lastKnownFileType = sourcecode.cpp.cpp; name = authentication_tests.cpp; path = ../../authentication_tests.cpp; sourceTree = "<group>"; };
		EB1E190F17C6E56800722C51 /* outside_tests.cpp */ = {isa = PBXFileReference; fileEncoding = 4; lastKnownFileType = sourcecode.cpp.cpp; name = outside_tests.cpp; path = ../../outside_tests.cpp; sourceTree = "<group>"; };
		EBD6C8211773FBA9000ADB0F /* libhttpclient_test.dylib */ = {isa = PBXFileReference; explicitFileType = "compiled.mach-o.dylib"; includeInIndex = 0; path = libhttpclient_test.dylib; sourceTree = BUILT_PRODUCTS_DIR; };
		EBD6C8281773FBDB000ADB0F /* libcasablanca.dyn.dylib */ = {isa = PBXFileReference; lastKnownFileType = "compiled.mach-o.dylib"; name = libcasablanca.dyn.dylib; path = "../../../../../../../../../Library/Developer/Xcode/DerivedData/casablanca-dsizxvnszpogyxcgnjjddmqvfvaa/Build/Products/Debug/libcasablanca.dyn.dylib"; sourceTree = "<group>"; };
		EBD6C8291773FBDB000ADB0F /* libUnitTestpp.dylib */ = {isa = PBXFileReference; lastKnownFileType = "compiled.mach-o.dylib"; name = libUnitTestpp.dylib; path = "../../../../../../../../../Library/Developer/Xcode/DerivedData/casablanca-dsizxvnszpogyxcgnjjddmqvfvaa/Build/Products/Debug/libUnitTestpp.dylib"; sourceTree = "<group>"; };
		EBD6C82A1773FBDB000ADB0F /* libutilities.dylib */ = {isa = PBXFileReference; lastKnownFileType = "compiled.mach-o.dylib"; name = libutilities.dylib; path = "../../../../../../../../../Library/Developer/Xcode/DerivedData/casablanca-dsizxvnszpogyxcgnjjddmqvfvaa/Build/Products/Debug/libutilities.dylib"; sourceTree = "<group>"; };
		EBD6C82E1773FC88000ADB0F /* building_request_tests.cpp */ = {isa = PBXFileReference; fileEncoding = 4; lastKnownFileType = sourcecode.cpp.cpp; name = building_request_tests.cpp; path = ../../building_request_tests.cpp; sourceTree = "<group>"; };
		EBD6C82F1773FC88000ADB0F /* client_construction.cpp */ = {isa = PBXFileReference; fileEncoding = 4; lastKnownFileType = sourcecode.cpp.cpp; name = client_construction.cpp; path = ../../client_construction.cpp; sourceTree = "<group>"; };
		EBD6C8301773FC88000ADB0F /* connections_and_errors.cpp */ = {isa = PBXFileReference; fileEncoding = 4; lastKnownFileType = sourcecode.cpp.cpp; name = connections_and_errors.cpp; path = ../../connections_and_errors.cpp; sourceTree = "<group>"; };
		EBD6C8311773FC88000ADB0F /* header_tests.cpp */ = {isa = PBXFileReference; fileEncoding = 4; lastKnownFileType = sourcecode.cpp.cpp; name = header_tests.cpp; path = ../../header_tests.cpp; sourceTree = "<group>"; };
		EBD6C8321773FC88000ADB0F /* http_client_fuzz_tests.cpp */ = {isa = PBXFileReference; fileEncoding = 4; lastKnownFileType = sourcecode.cpp.cpp; name = http_client_fuzz_tests.cpp; path = ../../http_client_fuzz_tests.cpp; sourceTree = "<group>"; };
		EBD6C8331773FC88000ADB0F /* http_client_tests.cpp */ = {isa = PBXFileReference; fileEncoding = 4; lastKnownFileType = sourcecode.cpp.cpp; name = http_client_tests.cpp; path = ../../http_client_tests.cpp; sourceTree = "<group>"; };
		EBD6C8341773FC88000ADB0F /* http_client_tests.h */ = {isa = PBXFileReference; fileEncoding = 4; lastKnownFileType = sourcecode.c.h; name = http_client_tests.h; path = ../../http_client_tests.h; sourceTree = "<group>"; };
		EBD6C8351773FC88000ADB0F /* http_methods_tests.cpp */ = {isa = PBXFileReference; fileEncoding = 4; lastKnownFileType = sourcecode.cpp.cpp; name = http_methods_tests.cpp; path = ../../http_methods_tests.cpp; sourceTree = "<group>"; };
		EBD6C8361773FC88000ADB0F /* multiple_requests.cpp */ = {isa = PBXFileReference; fileEncoding = 4; lastKnownFileType = sourcecode.cpp.cpp; name = multiple_requests.cpp; path = ../../multiple_requests.cpp; sourceTree = "<group>"; };
		EBD6C8371773FC88000ADB0F /* pipeline_stage_tests.cpp */ = {isa = PBXFileReference; fileEncoding = 4; lastKnownFileType = sourcecode.cpp.cpp; name = pipeline_stage_tests.cpp; path = ../../pipeline_stage_tests.cpp; sourceTree = "<group>"; };
		EBD6C8381773FC88000ADB0F /* progress_handler_tests.cpp */ = {isa = PBXFileReference; fileEncoding = 4; lastKnownFileType = sourcecode.cpp.cpp; name = progress_handler_tests.cpp; path = ../../progress_handler_tests.cpp; sourceTree = "<group>"; };
		EBD6C8391773FC88000ADB0F /* proxy_tests.cpp */ = {isa = PBXFileReference; fileEncoding = 4; lastKnownFileType = sourcecode.cpp.cpp; name = proxy_tests.cpp; path = ../../proxy_tests.cpp; sourceTree = "<group>"; };
		EBD6C83A1773FC88000ADB0F /* request_helper_tests.cpp */ = {isa = PBXFileReference; fileEncoding = 4; lastKnownFileType = sourcecode.cpp.cpp; name = request_helper_tests.cpp; path = ../../request_helper_tests.cpp; sourceTree = "<group>"; };
		EBD6C83B1773FC88000ADB0F /* request_stream_tests.cpp */ = {isa = PBXFileReference; fileEncoding = 4; lastKnownFileType = sourcecode.cpp.cpp; name = request_stream_tests.cpp; path = ../../request_stream_tests.cpp; sourceTree = "<group>"; };
		EBD6C83C1773FC88000ADB0F /* request_uri_tests.cpp */ = {isa = PBXFileReference; fileEncoding = 4; lastKnownFileType = sourcecode.cpp.cpp; name = request_uri_tests.cpp; path = ../../request_uri_tests.cpp; sourceTree = "<group>"; };
		EBD6C83D1773FC88000ADB0F /* response_extract_tests.cpp */ = {isa = PBXFileReference; fileEncoding = 4; lastKnownFileType = sourcecode.cpp.cpp; name = response_extract_tests.cpp; path = ../../response_extract_tests.cpp; sourceTree = "<group>"; };
		EBD6C83E1773FC88000ADB0F /* response_stream_tests.cpp */ = {isa = PBXFileReference; fileEncoding = 4; lastKnownFileType = sourcecode.cpp.cpp; name = response_stream_tests.cpp; path = ../../response_stream_tests.cpp; sourceTree = "<group>"; };
		EBD6C83F1773FC88000ADB0F /* status_code_reason_phrase_tests.cpp */ = {isa = PBXFileReference; fileEncoding = 4; lastKnownFileType = sourcecode.cpp.cpp; name = status_code_reason_phrase_tests.cpp; path = ../../status_code_reason_phrase_tests.cpp; sourceTree = "<group>"; };
		EBD6C8401773FC88000ADB0F /* to_string_tests.cpp */ = {isa = PBXFileReference; fileEncoding = 4; lastKnownFileType = sourcecode.cpp.cpp; name = to_string_tests.cpp; path = ../../to_string_tests.cpp; sourceTree = "<group>"; };
		EBD6C85417740258000ADB0F /* http_asserts.cpp */ = {isa = PBXFileReference; fileEncoding = 4; lastKnownFileType = sourcecode.cpp.cpp; name = http_asserts.cpp; path = ../../../utilities/http_asserts.cpp; sourceTree = "<group>"; };
		EBD6C85517740258000ADB0F /* test_http_client.cpp */ = {isa = PBXFileReference; fileEncoding = 4; lastKnownFileType = sourcecode.cpp.cpp; name = test_http_client.cpp; path = ../../../utilities/test_http_client.cpp; sourceTree = "<group>"; };
		EBD6C85617740258000ADB0F /* test_http_server.cpp */ = {isa = PBXFileReference; fileEncoding = 4; lastKnownFileType = sourcecode.cpp.cpp; name = test_http_server.cpp; path = ../../../utilities/test_http_server.cpp; sourceTree = "<group>"; };
		EBD6C85717740258000ADB0F /* test_server_utilities.cpp */ = {isa = PBXFileReference; fileEncoding = 4; lastKnownFileType = sourcecode.cpp.cpp; name = test_server_utilities.cpp; path = ../../../utilities/test_server_utilities.cpp; sourceTree = "<group>"; };
/* End PBXFileReference section */

/* Begin PBXFrameworksBuildPhase section */
		EBD6C81E1773FBA9000ADB0F /* Frameworks */ = {
			isa = PBXFrameworksBuildPhase;
			buildActionMask = 2147483647;
			files = (
				EBD6C82B1773FBDB000ADB0F /* libcasablanca.dyn.dylib in Frameworks */,
				EBD6C82C1773FBDB000ADB0F /* libUnitTestpp.dylib in Frameworks */,
				EBD6C82D1773FBDB000ADB0F /* libutilities.dylib in Frameworks */,
			);
			runOnlyForDeploymentPostprocessing = 0;
		};
/* End PBXFrameworksBuildPhase section */

/* Begin PBXGroup section */
		EBD6C8181773FBA9000ADB0F = {
			isa = PBXGroup;
			children = (
				EB1E190E17C6E56800722C51 /* authentication_tests.cpp */,
				EB1E190F17C6E56800722C51 /* outside_tests.cpp */,
				EBD6C85417740258000ADB0F /* http_asserts.cpp */,
				EBD6C85517740258000ADB0F /* test_http_client.cpp */,
				EBD6C85617740258000ADB0F /* test_http_server.cpp */,
				EBD6C85717740258000ADB0F /* test_server_utilities.cpp */,
				EBD6C82E1773FC88000ADB0F /* building_request_tests.cpp */,
				EBD6C82F1773FC88000ADB0F /* client_construction.cpp */,
				EBD6C8301773FC88000ADB0F /* connections_and_errors.cpp */,
				EBD6C8311773FC88000ADB0F /* header_tests.cpp */,
				EBD6C8321773FC88000ADB0F /* http_client_fuzz_tests.cpp */,
				EBD6C8331773FC88000ADB0F /* http_client_tests.cpp */,
				EBD6C8341773FC88000ADB0F /* http_client_tests.h */,
				EBD6C8351773FC88000ADB0F /* http_methods_tests.cpp */,
				EBD6C8361773FC88000ADB0F /* multiple_requests.cpp */,
				EBD6C8371773FC88000ADB0F /* pipeline_stage_tests.cpp */,
				EBD6C8381773FC88000ADB0F /* progress_handler_tests.cpp */,
				EBD6C8391773FC88000ADB0F /* proxy_tests.cpp */,
				EBD6C83A1773FC88000ADB0F /* request_helper_tests.cpp */,
				EBD6C83B1773FC88000ADB0F /* request_stream_tests.cpp */,
				EBD6C83C1773FC88000ADB0F /* request_uri_tests.cpp */,
				EBD6C83D1773FC88000ADB0F /* response_extract_tests.cpp */,
				EBD6C83E1773FC88000ADB0F /* response_stream_tests.cpp */,
				EBD6C83F1773FC88000ADB0F /* status_code_reason_phrase_tests.cpp */,
				EBD6C8401773FC88000ADB0F /* to_string_tests.cpp */,
				EBD6C8281773FBDB000ADB0F /* libcasablanca.dyn.dylib */,
				EBD6C8291773FBDB000ADB0F /* libUnitTestpp.dylib */,
				EBD6C82A1773FBDB000ADB0F /* libutilities.dylib */,
				EBD6C8221773FBA9000ADB0F /* Products */,
			);
			sourceTree = "<group>";
		};
		EBD6C8221773FBA9000ADB0F /* Products */ = {
			isa = PBXGroup;
			children = (
				EBD6C8211773FBA9000ADB0F /* libhttpclient_test.dylib */,
			);
			name = Products;
			sourceTree = "<group>";
		};
/* End PBXGroup section */

/* Begin PBXHeadersBuildPhase section */
		EBD6C81F1773FBA9000ADB0F /* Headers */ = {
			isa = PBXHeadersBuildPhase;
			buildActionMask = 2147483647;
			files = (
			);
			runOnlyForDeploymentPostprocessing = 0;
		};
/* End PBXHeadersBuildPhase section */

/* Begin PBXNativeTarget section */
		EBD6C8201773FBA9000ADB0F /* httpclient_test */ = {
			isa = PBXNativeTarget;
			buildConfigurationList = EBD6C8251773FBA9000ADB0F /* Build configuration list for PBXNativeTarget "httpclient_test" */;
			buildPhases = (
				EBD6C81D1773FBA9000ADB0F /* Sources */,
				EBD6C81E1773FBA9000ADB0F /* Frameworks */,
				EBD6C81F1773FBA9000ADB0F /* Headers */,
			);
			buildRules = (
			);
			dependencies = (
			);
			name = httpclient_test;
			productName = httpclient_test;
			productReference = EBD6C8211773FBA9000ADB0F /* libhttpclient_test.dylib */;
			productType = "com.apple.product-type.library.dynamic";
		};
/* End PBXNativeTarget section */

/* Begin PBXProject section */
		EBD6C8191773FBA9000ADB0F /* Project object */ = {
			isa = PBXProject;
			attributes = {
				LastUpgradeCheck = 0460;
				ORGANIZATIONNAME = "Niklas Gustafsson";
			};
			buildConfigurationList = EBD6C81C1773FBA9000ADB0F /* Build configuration list for PBXProject "httpclient_test" */;
			compatibilityVersion = "Xcode 3.2";
			developmentRegion = English;
			hasScannedForEncodings = 0;
			knownRegions = (
				en,
			);
			mainGroup = EBD6C8181773FBA9000ADB0F;
			productRefGroup = EBD6C8221773FBA9000ADB0F /* Products */;
			projectDirPath = "";
			projectRoot = "";
			targets = (
				EBD6C8201773FBA9000ADB0F /* httpclient_test */,
			);
		};
/* End PBXProject section */

/* Begin PBXSourcesBuildPhase section */
		EBD6C81D1773FBA9000ADB0F /* Sources */ = {
			isa = PBXSourcesBuildPhase;
			buildActionMask = 2147483647;
			files = (
				EBD6C8411773FC88000ADB0F /* building_request_tests.cpp in Sources */,
				EBD6C8421773FC88000ADB0F /* client_construction.cpp in Sources */,
				EBD6C8431773FC88000ADB0F /* connections_and_errors.cpp in Sources */,
				EBD6C8441773FC88000ADB0F /* header_tests.cpp in Sources */,
				EBD6C8461773FC88000ADB0F /* http_client_tests.cpp in Sources */,
				EBD6C8481773FC88000ADB0F /* http_methods_tests.cpp in Sources */,
				EBD6C8491773FC88000ADB0F /* multiple_requests.cpp in Sources */,
				EBD6C84A1773FC88000ADB0F /* pipeline_stage_tests.cpp in Sources */,
				EBD6C84B1773FC88000ADB0F /* progress_handler_tests.cpp in Sources */,
				EBD6C84D1773FC88000ADB0F /* request_helper_tests.cpp in Sources */,
				EBD6C84E1773FC88000ADB0F /* request_stream_tests.cpp in Sources */,
				EBD6C84F1773FC88000ADB0F /* request_uri_tests.cpp in Sources */,
				EBD6C8501773FC88000ADB0F /* response_extract_tests.cpp in Sources */,
				EBD6C8511773FC88000ADB0F /* response_stream_tests.cpp in Sources */,
				EBD6C8521773FC88000ADB0F /* status_code_reason_phrase_tests.cpp in Sources */,
				EBD6C8531773FC88000ADB0F /* to_string_tests.cpp in Sources */,
				EBD6C85817740258000ADB0F /* http_asserts.cpp in Sources */,
				EBD6C85917740258000ADB0F /* test_http_client.cpp in Sources */,
				EBD6C85A17740258000ADB0F /* test_http_server.cpp in Sources */,
				EBD6C85B17740258000ADB0F /* test_server_utilities.cpp in Sources */,
				EB1E191017C6E56800722C51 /* authentication_tests.cpp in Sources */,
				EB1E191117C6E56800722C51 /* outside_tests.cpp in Sources */,
			);
			runOnlyForDeploymentPostprocessing = 0;
		};
/* End PBXSourcesBuildPhase section */

/* Begin XCBuildConfiguration section */
		EBD6C8231773FBA9000ADB0F /* Debug */ = {
			isa = XCBuildConfiguration;
			buildSettings = {
				ALWAYS_SEARCH_USER_PATHS = NO;
				ARCHS = "$(ARCHS_STANDARD_64_BIT)";
				CLANG_CXX_LANGUAGE_STANDARD = "c++0x";
				CLANG_CXX_LIBRARY = "libc++";
				CLANG_WARN_CONSTANT_CONVERSION = YES;
				CLANG_WARN_EMPTY_BODY = YES;
				CLANG_WARN_ENUM_CONVERSION = YES;
				CLANG_WARN_INT_CONVERSION = YES;
				CLANG_WARN__DUPLICATE_METHOD_MATCH = YES;
				COPY_PHASE_STRIP = NO;
				GCC_C_LANGUAGE_STANDARD = gnu99;
				GCC_DYNAMIC_NO_PIC = NO;
				GCC_ENABLE_OBJC_EXCEPTIONS = YES;
				GCC_OPTIMIZATION_LEVEL = 0;
				GCC_PRECOMPILE_PREFIX_HEADER = YES;
				GCC_PREFIX_HEADER = ../../stdafx.h;
				GCC_PREPROCESSOR_DEFINITIONS = (
					"DEBUG=1",
					"$(inherited)",
				);
				GCC_SYMBOLS_PRIVATE_EXTERN = NO;
				GCC_WARN_64_TO_32_BIT_CONVERSION = NO;
				GCC_WARN_ABOUT_RETURN_TYPE = YES;
				GCC_WARN_UNINITIALIZED_AUTOS = YES;
				GCC_WARN_UNUSED_VALUE = NO;
				GCC_WARN_UNUSED_VARIABLE = NO;
				HEADER_SEARCH_PATHS = (
					/opt/local/include,
					../../../../../../include,
					../../../../../Common/UnitTestpp,
					../../../utilities/include,
					../../../../../Common/utilities/include,
				);
				MACOSX_DEPLOYMENT_TARGET = 10.8;
				ONLY_ACTIVE_ARCH = YES;
				SDKROOT = macosx;
				WARNING_CFLAGS = "-Wno-return-type-c-linkage";
			};
			name = Debug;
		};
		EBD6C8241773FBA9000ADB0F /* Release */ = {
			isa = XCBuildConfiguration;
			buildSettings = {
				ALWAYS_SEARCH_USER_PATHS = NO;
				ARCHS = "$(ARCHS_STANDARD_64_BIT)";
				CLANG_CXX_LANGUAGE_STANDARD = "c++0x";
				CLANG_CXX_LIBRARY = "libc++";
				CLANG_WARN_CONSTANT_CONVERSION = YES;
				CLANG_WARN_EMPTY_BODY = YES;
				CLANG_WARN_ENUM_CONVERSION = YES;
				CLANG_WARN_INT_CONVERSION = YES;
				CLANG_WARN__DUPLICATE_METHOD_MATCH = YES;
				COPY_PHASE_STRIP = YES;
				DEBUG_INFORMATION_FORMAT = "dwarf-with-dsym";
				GCC_C_LANGUAGE_STANDARD = gnu99;
				GCC_ENABLE_OBJC_EXCEPTIONS = YES;
				GCC_PRECOMPILE_PREFIX_HEADER = YES;
				GCC_PREFIX_HEADER = ../../stdafx.h;
				GCC_WARN_64_TO_32_BIT_CONVERSION = NO;
				GCC_WARN_ABOUT_RETURN_TYPE = YES;
				GCC_WARN_UNINITIALIZED_AUTOS = YES;
				GCC_WARN_UNUSED_VALUE = NO;
				GCC_WARN_UNUSED_VARIABLE = NO;
				HEADER_SEARCH_PATHS = (
					/opt/local/include,
					../../../../../../include,
					../../../../../Common/UnitTestpp,
					../../../utilities/include,
					../../../../../Common/utilities/include,
				);
				MACOSX_DEPLOYMENT_TARGET = 10.8;
				SDKROOT = macosx;
				WARNING_CFLAGS = "-Wno-return-type-c-linkage";
			};
			name = Release;
		};
		EBD6C8261773FBA9000ADB0F /* Debug */ = {
			isa = XCBuildConfiguration;
			buildSettings = {
				EXECUTABLE_PREFIX = lib;
				LIBRARY_SEARCH_PATHS = (
					"$(inherited)",
					"\"$(SRCROOT)/../../../../../../../../../Library/Developer/Xcode/DerivedData/casablanca-dsizxvnszpogyxcgnjjddmqvfvaa/Build/Products/Debug\"",
				);
				PRODUCT_NAME = "$(TARGET_NAME)";
			};
			name = Debug;
		};
		EBD6C8271773FBA9000ADB0F /* Release */ = {
			isa = XCBuildConfiguration;
			buildSettings = {
				EXECUTABLE_PREFIX = lib;
				LIBRARY_SEARCH_PATHS = (
					"$(inherited)",
					"\"$(SRCROOT)/../../../../../../../../../Library/Developer/Xcode/DerivedData/casablanca-dsizxvnszpogyxcgnjjddmqvfvaa/Build/Products/Debug\"",
				);
				PRODUCT_NAME = "$(TARGET_NAME)";
			};
			name = Release;
		};
/* End XCBuildConfiguration section */

/* Begin XCConfigurationList section */
		EBD6C81C1773FBA9000ADB0F /* Build configuration list for PBXProject "httpclient_test" */ = {
			isa = XCConfigurationList;
			buildConfigurations = (
				EBD6C8231773FBA9000ADB0F /* Debug */,
				EBD6C8241773FBA9000ADB0F /* Release */,
			);
			defaultConfigurationIsVisible = 0;
			defaultConfigurationName = Release;
		};
		EBD6C8251773FBA9000ADB0F /* Build configuration list for PBXNativeTarget "httpclient_test" */ = {
			isa = XCConfigurationList;
			buildConfigurations = (
				EBD6C8261773FBA9000ADB0F /* Debug */,
				EBD6C8271773FBA9000ADB0F /* Release */,
			);
			defaultConfigurationIsVisible = 0;
		};
/* End XCConfigurationList section */
	};
	rootObject = EBD6C8191773FBA9000ADB0F /* Project object */;
}
