
Microsoft Visual Studio Solution File, Format Version 12.00
# Visual Studio 2012
Project("{8BC9CEB8-8B4A-11D0-8D11-00A0C91BC942}") = "casablanca110", "src\build\casablanca110.vcxproj", "{90D85FF4-F0AE-4816-923F-0EF2758F30AB}"
EndProject
Project("{8BC9CEB8-8B4A-11D0-8D11-00A0C91BC942}") = "TestRunner110", "tests\Common\TestRunner\VS11\TestRunner110.vcxproj", "{6490C580-DD4A-4F2D-A345-732C5148349F}"
EndProject
Project("{8BC9CEB8-8B4A-11D0-8D11-00A0C91BC942}") = "TestUnitTestpp110", "tests\Common\UnitTestpp\VS11\TestUnitTestpp110.vcxproj", "{E715BBE6-743D-47C2-8F43-92AA18F6ED19}"
EndProject
Project("{8BC9CEB8-8B4A-11D0-8D11-00A0C91BC942}") = "UnitTestpp110", "tests\Common\UnitTestpp\VS11\UnitTestpp110.vcxproj", "{3EB86C0D-432C-4FFC-BAD4-8DF4EFC7D0FF}"
EndProject
Project("{8BC9CEB8-8B4A-11D0-8D11-00A0C91BC942}") = "CommonUtilities110", "tests\Common\utilities\VS11\CommonUtilities110.vcxproj", "{0C9D50D9-94FB-4732-A4AD-58E068315BB2}"
EndProject
Project("{8BC9CEB8-8B4A-11D0-8D11-00A0C91BC942}") = "HttpClient110_test", "tests\Functional\http\client\VS11\HttpClient110_test.vcxproj", "{DC215F97-C43C-47F5-9784-711908A24AE3}"
EndProject
Project("{8BC9CEB8-8B4A-11D0-8D11-00A0C91BC942}") = "HttpTestUtilities110", "tests\Functional\http\utilities\VS11\HttpTestUtilities110.vcxproj", "{6837625B-C0DB-4FD0-AEE2-19699031B76E}"
EndProject
Project("{8BC9CEB8-8B4A-11D0-8D11-00A0C91BC942}") = "JSON110_test", "tests\Functional\json\VS11\JSON110_test.vcxproj", "{6F026328-4D10-4EF1-BD6C-8FD3CBE0F530}"
EndProject
Project("{8BC9CEB8-8B4A-11D0-8D11-00A0C91BC942}") = "atl_header110", "tests\Functional\misc\atl_headers\VS11\header_test110.vcxproj", "{32DB3115-2918-477F-B00A-DAC6277EEFAB}"
EndProject
Project("{8BC9CEB8-8B4A-11D0-8D11-00A0C91BC942}") = "pplx110_test", "tests\Functional\pplx\pplx_test\VS11\pplx110_test.vcxproj", "{5115840E-A5A8-4044-B595-CDA05C2D65D0}"
EndProject
Project("{8BC9CEB8-8B4A-11D0-8D11-00A0C91BC942}") = "streams110_test", "tests\Functional\streams\VS11\streams110_test.vcxproj", "{181CCB80-9AE8-4ED7-8B7D-4C0CBC80EEDD}"
EndProject
Project("{8BC9CEB8-8B4A-11D0-8D11-00A0C91BC942}") = "Uri110_test", "tests\Functional\uri\VS11\Uri110_test.vcxproj", "{3D9C3F25-1736-4D39-A31F-6B2DE34E20CF}"
EndProject
Project("{8BC9CEB8-8B4A-11D0-8D11-00A0C91BC942}") = "casablanca110.winrt", "src\build\casablanca110.winrt.vcxproj", "{198ED804-2655-4D92-8104-C220E3EA9452}"
EndProject
Global
	GlobalSection(TeamFoundationVersionControl) = preSolution
		SccNumberOfProjects = 14
		SccEnterpriseProvider = {4CA58AB2-18FA-4F8D-95D4-32DDF27D184C}
		SccTeamFoundationServer = http://tkbgitvstfat01:8080/devdiv2
		SccProjectUniqueName0 = src\\build\\casablanca110.vcxproj
		SccProjectName0 = src/build
		SccAuxPath0 = http://tkbgitvstfat01:8080/devdiv2
		SccLocalPath0 = src\\build
		SccProvider0 = {4CA58AB2-18FA-4F8D-95D4-32DDF27D184C}
		SccProjectUniqueName1 = tests\\Common\\TestRunner\\VS11\\TestRunner110.vcxproj
		SccProjectName1 = tests/Common/TestRunner/VS11
		SccAuxPath1 = http://tkbgitvstfat01:8080/devdiv2
		SccLocalPath1 = tests\\Common\\TestRunner\\VS11
		SccProvider1 = {4CA58AB2-18FA-4F8D-95D4-32DDF27D184C}
		SccProjectUniqueName2 = tests\\Common\\UnitTestpp\\VS11\\TestUnitTestpp110.vcxproj
		SccProjectName2 = tests/Common/UnitTestpp/VS11
		SccAuxPath2 = http://tkbgitvstfat01:8080/devdiv2
		SccLocalPath2 = tests\\Common\\UnitTestpp\\VS11
		SccProvider2 = {4CA58AB2-18FA-4F8D-95D4-32DDF27D184C}
		SccProjectUniqueName3 = tests\\Common\\UnitTestpp\\VS11\\UnitTestpp110.vcxproj
		SccProjectName3 = tests/Common/UnitTestpp/VS11
		SccAuxPath3 = http://tkbgitvstfat01:8080/devdiv2
		SccLocalPath3 = tests\\Common\\UnitTestpp\\VS11
		SccProvider3 = {4CA58AB2-18FA-4F8D-95D4-32DDF27D184C}
		SccProjectUniqueName4 = tests\\Common\\utilities\\VS11\\CommonUtilities110.vcxproj
		SccProjectName4 = tests/Common/utilities/VS11
		SccAuxPath4 = http://tkbgitvstfat01:8080/devdiv2
		SccLocalPath4 = tests\\Common\\utilities\\VS11
		SccProvider4 = {4CA58AB2-18FA-4F8D-95D4-32DDF27D184C}
		SccProjectUniqueName5 = tests\\Functional\\http\\client\\VS11\\HttpClient110_test.vcxproj
		SccProjectName5 = tests/Functional/http/client/VS11
		SccAuxPath5 = http://tkbgitvstfat01:8080/devdiv2
		SccLocalPath5 = tests\\Functional\\http\\client\\VS11
		SccProvider5 = {4CA58AB2-18FA-4F8D-95D4-32DDF27D184C}
		SccProjectUniqueName6 = tests\\Functional\\http\\utilities\\VS11\\HttpTestUtilities110.vcxproj
		SccProjectName6 = tests/Functional/http/utilities/VS11
		SccAuxPath6 = http://tkbgitvstfat01:8080/devdiv2
		SccLocalPath6 = tests\\Functional\\http\\utilities\\VS11
		SccProvider6 = {4CA58AB2-18FA-4F8D-95D4-32DDF27D184C}
		SccProjectUniqueName7 = tests\\Functional\\json\\VS11\\JSON110_test.vcxproj
		SccProjectName7 = tests/Functional/json/VS11
		SccAuxPath7 = http://tkbgitvstfat01:8080/devdiv2
		SccLocalPath7 = tests\\Functional\\json\\VS11
		SccProvider7 = {4CA58AB2-18FA-4F8D-95D4-32DDF27D184C}
		SccProjectUniqueName8 = tests\\Functional\\misc\\atl_headers\\VS11\\header_test110.vcxproj
		SccProjectName8 = tests/Functional/misc/atl_headers/VS11
		SccAuxPath8 = http://tkbgitvstfat01:8080/devdiv2
		SccLocalPath8 = tests\\Functional\\misc\\atl_headers\\VS11
		SccProvider8 = {4CA58AB2-18FA-4F8D-95D4-32DDF27D184C}
		SccProjectUniqueName9 = tests\\Functional\\pplx\\pplx_test\\VS11\\pplx110_test.vcxproj
		SccProjectName9 = tests/Functional/pplx/pplx_test/VS11
		SccAuxPath9 = http://tkbgitvstfat01:8080/devdiv2
		SccLocalPath9 = tests\\Functional\\pplx\\pplx_test\\VS11
		SccProvider9 = {4CA58AB2-18FA-4F8D-95D4-32DDF27D184C}
		SccProjectUniqueName10 = tests\\Functional\\streams\\VS11\\streams110_test.vcxproj
		SccProjectName10 = tests/Functional/streams/VS11
		SccAuxPath10 = http://tkbgitvstfat01:8080/devdiv2
		SccLocalPath10 = tests\\Functional\\streams\\VS11
		SccProvider10 = {4CA58AB2-18FA-4F8D-95D4-32DDF27D184C}
		SccProjectUniqueName11 = tests\\Functional\\uri\\VS11\\Uri110_test.vcxproj
		SccProjectName11 = tests/Functional/uri/VS11
		SccAuxPath11 = http://tkbgitvstfat01:8080/devdiv2
		SccLocalPath11 = tests\\Functional\\uri\\VS11
		SccProvider11 = {4CA58AB2-18FA-4F8D-95D4-32DDF27D184C}
		SccProjectUniqueName12 = tests\\Functional\\http\\utilities\\testlistener\\VS11\\testlistener110.vcxproj
		SccProjectName12 = tests/Functional/http/utilities/testlistener/VS11
		SccAuxPath12 = http://tkbgitvstfat01:8080/devdiv2
		SccLocalPath12 = tests\\Functional\\http\\utilities\\testlistener\\VS11
		SccProvider12 = {4CA58AB2-18FA-4F8D-95D4-32DDF27D184C}
		SccProjectUniqueName13 = src\\build\\casablanca110.winrt.vcxproj
		SccProjectName13 = src/build
		SccAuxPath13 = http://tkbgitvstfat01:8080/devdiv2
		SccLocalPath13 = src\\build
		SccProvider13 = {4CA58AB2-18FA-4F8D-95D4-32DDF27D184C}
	EndGlobalSection
	GlobalSection(SolutionConfigurationPlatforms) = preSolution
		Debug|ARM = Debug|ARM
		Debug|Win32 = Debug|Win32
		Debug|x64 = Debug|x64
		Release|ARM = Release|ARM
		Release|Win32 = Release|Win32
		Release|x64 = Release|x64
	EndGlobalSection
	GlobalSection(ProjectConfigurationPlatforms) = postSolution
		{90D85FF4-F0AE-4816-923F-0EF2758F30AB}.Debug|ARM.ActiveCfg = Debug|ARM
		{90D85FF4-F0AE-4816-923F-0EF2758F30AB}.Debug|ARM.Build.0 = Debug|ARM
		{90D85FF4-F0AE-4816-923F-0EF2758F30AB}.Debug|Win32.ActiveCfg = Debug|Win32
		{90D85FF4-F0AE-4816-923F-0EF2758F30AB}.Debug|Win32.Build.0 = Debug|Win32
		{90D85FF4-F0AE-4816-923F-0EF2758F30AB}.Debug|x64.ActiveCfg = Debug|x64
		{90D85FF4-F0AE-4816-923F-0EF2758F30AB}.Debug|x64.Build.0 = Debug|x64
		{90D85FF4-F0AE-4816-923F-0EF2758F30AB}.Release|ARM.ActiveCfg = Release|ARM
		{90D85FF4-F0AE-4816-923F-0EF2758F30AB}.Release|ARM.Build.0 = Release|ARM
		{90D85FF4-F0AE-4816-923F-0EF2758F30AB}.Release|Win32.ActiveCfg = Release|Win32
		{90D85FF4-F0AE-4816-923F-0EF2758F30AB}.Release|Win32.Build.0 = Release|Win32
		{90D85FF4-F0AE-4816-923F-0EF2758F30AB}.Release|x64.ActiveCfg = Release|x64
		{90D85FF4-F0AE-4816-923F-0EF2758F30AB}.Release|x64.Build.0 = Release|x64
		{6490C580-DD4A-4F2D-A345-732C5148349F}.Debug|ARM.ActiveCfg = Debug|ARM
		{6490C580-DD4A-4F2D-A345-732C5148349F}.Debug|ARM.Build.0 = Debug|ARM
		{6490C580-DD4A-4F2D-A345-732C5148349F}.Debug|Win32.ActiveCfg = Debug|Win32
		{6490C580-DD4A-4F2D-A345-732C5148349F}.Debug|Win32.Build.0 = Debug|Win32
		{6490C580-DD4A-4F2D-A345-732C5148349F}.Debug|x64.ActiveCfg = Debug|x64
		{6490C580-DD4A-4F2D-A345-732C5148349F}.Debug|x64.Build.0 = Debug|x64
		{6490C580-DD4A-4F2D-A345-732C5148349F}.Release|ARM.ActiveCfg = Release|ARM
		{6490C580-DD4A-4F2D-A345-732C5148349F}.Release|ARM.Build.0 = Release|ARM
		{6490C580-DD4A-4F2D-A345-732C5148349F}.Release|Win32.ActiveCfg = Release|Win32
		{6490C580-DD4A-4F2D-A345-732C5148349F}.Release|Win32.Build.0 = Release|Win32
		{6490C580-DD4A-4F2D-A345-732C5148349F}.Release|x64.ActiveCfg = Release|x64
		{6490C580-DD4A-4F2D-A345-732C5148349F}.Release|x64.Build.0 = Release|x64
		{E715BBE6-743D-47C2-8F43-92AA18F6ED19}.Debug|ARM.ActiveCfg = Debug|ARM
		{E715BBE6-743D-47C2-8F43-92AA18F6ED19}.Debug|ARM.Build.0 = Debug|ARM
		{E715BBE6-743D-47C2-8F43-92AA18F6ED19}.Debug|Win32.ActiveCfg = Debug|Win32
		{E715BBE6-743D-47C2-8F43-92AA18F6ED19}.Debug|Win32.Build.0 = Debug|Win32
		{E715BBE6-743D-47C2-8F43-92AA18F6ED19}.Debug|x64.ActiveCfg = Debug|x64
		{E715BBE6-743D-47C2-8F43-92AA18F6ED19}.Debug|x64.Build.0 = Debug|x64
		{E715BBE6-743D-47C2-8F43-92AA18F6ED19}.Release|ARM.ActiveCfg = Release|ARM
		{E715BBE6-743D-47C2-8F43-92AA18F6ED19}.Release|ARM.Build.0 = Release|ARM
		{E715BBE6-743D-47C2-8F43-92AA18F6ED19}.Release|Win32.ActiveCfg = Release|Win32
		{E715BBE6-743D-47C2-8F43-92AA18F6ED19}.Release|Win32.Build.0 = Release|Win32
		{E715BBE6-743D-47C2-8F43-92AA18F6ED19}.Release|x64.ActiveCfg = Release|x64
		{E715BBE6-743D-47C2-8F43-92AA18F6ED19}.Release|x64.Build.0 = Release|x64
		{3EB86C0D-432C-4FFC-BAD4-8DF4EFC7D0FF}.Debug|ARM.ActiveCfg = Debug|ARM
		{3EB86C0D-432C-4FFC-BAD4-8DF4EFC7D0FF}.Debug|ARM.Build.0 = Debug|ARM
		{3EB86C0D-432C-4FFC-BAD4-8DF4EFC7D0FF}.Debug|Win32.ActiveCfg = Debug|Win32
		{3EB86C0D-432C-4FFC-BAD4-8DF4EFC7D0FF}.Debug|Win32.Build.0 = Debug|Win32
		{3EB86C0D-432C-4FFC-BAD4-8DF4EFC7D0FF}.Debug|x64.ActiveCfg = Debug|x64
		{3EB86C0D-432C-4FFC-BAD4-8DF4EFC7D0FF}.Debug|x64.Build.0 = Debug|x64
		{3EB86C0D-432C-4FFC-BAD4-8DF4EFC7D0FF}.Release|ARM.ActiveCfg = Release|ARM
		{3EB86C0D-432C-4FFC-BAD4-8DF4EFC7D0FF}.Release|ARM.Build.0 = Release|ARM
		{3EB86C0D-432C-4FFC-BAD4-8DF4EFC7D0FF}.Release|Win32.ActiveCfg = Release|Win32
		{3EB86C0D-432C-4FFC-BAD4-8DF4EFC7D0FF}.Release|Win32.Build.0 = Release|Win32
		{3EB86C0D-432C-4FFC-BAD4-8DF4EFC7D0FF}.Release|x64.ActiveCfg = Release|x64
		{3EB86C0D-432C-4FFC-BAD4-8DF4EFC7D0FF}.Release|x64.Build.0 = Release|x64
		{0C9D50D9-94FB-4732-A4AD-58E068315BB2}.Debug|ARM.ActiveCfg = Debug|ARM
		{0C9D50D9-94FB-4732-A4AD-58E068315BB2}.Debug|ARM.Build.0 = Debug|ARM
		{0C9D50D9-94FB-4732-A4AD-58E068315BB2}.Debug|Win32.ActiveCfg = Debug|Win32
		{0C9D50D9-94FB-4732-A4AD-58E068315BB2}.Debug|Win32.Build.0 = Debug|Win32
		{0C9D50D9-94FB-4732-A4AD-58E068315BB2}.Debug|x64.ActiveCfg = Debug|x64
		{0C9D50D9-94FB-4732-A4AD-58E068315BB2}.Debug|x64.Build.0 = Debug|x64
		{0C9D50D9-94FB-4732-A4AD-58E068315BB2}.Release|ARM.ActiveCfg = Release|ARM
		{0C9D50D9-94FB-4732-A4AD-58E068315BB2}.Release|ARM.Build.0 = Release|ARM
		{0C9D50D9-94FB-4732-A4AD-58E068315BB2}.Release|Win32.ActiveCfg = Release|Win32
		{0C9D50D9-94FB-4732-A4AD-58E068315BB2}.Release|Win32.Build.0 = Release|Win32
		{0C9D50D9-94FB-4732-A4AD-58E068315BB2}.Release|x64.ActiveCfg = Release|x64
		{0C9D50D9-94FB-4732-A4AD-58E068315BB2}.Release|x64.Build.0 = Release|x64
		{DC215F97-C43C-47F5-9784-711908A24AE3}.Debug|ARM.ActiveCfg = Debug|ARM
		{DC215F97-C43C-47F5-9784-711908A24AE3}.Debug|ARM.Build.0 = Debug|ARM
		{DC215F97-C43C-47F5-9784-711908A24AE3}.Debug|Win32.ActiveCfg = Debug|Win32
		{DC215F97-C43C-47F5-9784-711908A24AE3}.Debug|Win32.Build.0 = Debug|Win32
		{DC215F97-C43C-47F5-9784-711908A24AE3}.Debug|x64.ActiveCfg = Debug|x64
		{DC215F97-C43C-47F5-9784-711908A24AE3}.Debug|x64.Build.0 = Debug|x64
		{DC215F97-C43C-47F5-9784-711908A24AE3}.Release|ARM.ActiveCfg = Release|ARM
		{DC215F97-C43C-47F5-9784-711908A24AE3}.Release|ARM.Build.0 = Release|ARM
		{DC215F97-C43C-47F5-9784-711908A24AE3}.Release|Win32.ActiveCfg = Release|Win32
		{DC215F97-C43C-47F5-9784-711908A24AE3}.Release|Win32.Build.0 = Release|Win32
		{DC215F97-C43C-47F5-9784-711908A24AE3}.Release|x64.ActiveCfg = Release|x64
		{DC215F97-C43C-47F5-9784-711908A24AE3}.Release|x64.Build.0 = Release|x64
		{6837625B-C0DB-4FD0-AEE2-19699031B76E}.Debug|ARM.ActiveCfg = Debug|ARM
		{6837625B-C0DB-4FD0-AEE2-19699031B76E}.Debug|ARM.Build.0 = Debug|ARM
		{6837625B-C0DB-4FD0-AEE2-19699031B76E}.Debug|Win32.ActiveCfg = Debug|Win32
		{6837625B-C0DB-4FD0-AEE2-19699031B76E}.Debug|Win32.Build.0 = Debug|Win32
		{6837625B-C0DB-4FD0-AEE2-19699031B76E}.Debug|x64.ActiveCfg = Debug|x64
		{6837625B-C0DB-4FD0-AEE2-19699031B76E}.Debug|x64.Build.0 = Debug|x64
		{6837625B-C0DB-4FD0-AEE2-19699031B76E}.Release|ARM.ActiveCfg = Release|ARM
		{6837625B-C0DB-4FD0-AEE2-19699031B76E}.Release|ARM.Build.0 = Release|ARM
		{6837625B-C0DB-4FD0-AEE2-19699031B76E}.Release|Win32.ActiveCfg = Release|Win32
		{6837625B-C0DB-4FD0-AEE2-19699031B76E}.Release|Win32.Build.0 = Release|Win32
		{6837625B-C0DB-4FD0-AEE2-19699031B76E}.Release|x64.ActiveCfg = Release|x64
		{6837625B-C0DB-4FD0-AEE2-19699031B76E}.Release|x64.Build.0 = Release|x64
		{6F026328-4D10-4EF1-BD6C-8FD3CBE0F530}.Debug|ARM.ActiveCfg = Debug|ARM
		{6F026328-4D10-4EF1-BD6C-8FD3CBE0F530}.Debug|ARM.Build.0 = Debug|ARM
		{6F026328-4D10-4EF1-BD6C-8FD3CBE0F530}.Debug|Win32.ActiveCfg = Debug|Win32
		{6F026328-4D10-4EF1-BD6C-8FD3CBE0F530}.Debug|Win32.Build.0 = Debug|Win32
		{6F026328-4D10-4EF1-BD6C-8FD3CBE0F530}.Debug|x64.ActiveCfg = Debug|x64
		{6F026328-4D10-4EF1-BD6C-8FD3CBE0F530}.Debug|x64.Build.0 = Debug|x64
		{6F026328-4D10-4EF1-BD6C-8FD3CBE0F530}.Release|ARM.ActiveCfg = Release|ARM
		{6F026328-4D10-4EF1-BD6C-8FD3CBE0F530}.Release|ARM.Build.0 = Release|ARM
		{6F026328-4D10-4EF1-BD6C-8FD3CBE0F530}.Release|Win32.ActiveCfg = Release|Win32
		{6F026328-4D10-4EF1-BD6C-8FD3CBE0F530}.Release|Win32.Build.0 = Release|Win32
		{6F026328-4D10-4EF1-BD6C-8FD3CBE0F530}.Release|x64.ActiveCfg = Release|x64
		{6F026328-4D10-4EF1-BD6C-8FD3CBE0F530}.Release|x64.Build.0 = Release|x64
		{32DB3115-2918-477F-B00A-DAC6277EEFAB}.Debug|ARM.ActiveCfg = Debug|Win32
		{32DB3115-2918-477F-B00A-DAC6277EEFAB}.Debug|Win32.ActiveCfg = Debug|Win32
		{32DB3115-2918-477F-B00A-DAC6277EEFAB}.Debug|Win32.Build.0 = Debug|Win32
		{32DB3115-2918-477F-B00A-DAC6277EEFAB}.Debug|x64.ActiveCfg = Debug|x64
		{32DB3115-2918-477F-B00A-DAC6277EEFAB}.Debug|x64.Build.0 = Debug|x64
		{32DB3115-2918-477F-B00A-DAC6277EEFAB}.Release|ARM.ActiveCfg = Release|Win32
		{32DB3115-2918-477F-B00A-DAC6277EEFAB}.Release|Win32.ActiveCfg = Release|Win32
		{32DB3115-2918-477F-B00A-DAC6277EEFAB}.Release|Win32.Build.0 = Release|Win32
		{32DB3115-2918-477F-B00A-DAC6277EEFAB}.Release|x64.ActiveCfg = Release|x64
		{32DB3115-2918-477F-B00A-DAC6277EEFAB}.Release|x64.Build.0 = Release|x64
		{5115840E-A5A8-4044-B595-CDA05C2D65D0}.Debug|ARM.ActiveCfg = Debug|ARM
		{5115840E-A5A8-4044-B595-CDA05C2D65D0}.Debug|ARM.Build.0 = Debug|ARM
		{5115840E-A5A8-4044-B595-CDA05C2D65D0}.Debug|Win32.ActiveCfg = Debug|Win32
		{5115840E-A5A8-4044-B595-CDA05C2D65D0}.Debug|Win32.Build.0 = Debug|Win32
		{5115840E-A5A8-4044-B595-CDA05C2D65D0}.Debug|x64.ActiveCfg = Debug|x64
		{5115840E-A5A8-4044-B595-CDA05C2D65D0}.Debug|x64.Build.0 = Debug|x64
		{5115840E-A5A8-4044-B595-CDA05C2D65D0}.Release|ARM.ActiveCfg = Release|ARM
		{5115840E-A5A8-4044-B595-CDA05C2D65D0}.Release|ARM.Build.0 = Release|ARM
		{5115840E-A5A8-4044-B595-CDA05C2D65D0}.Release|Win32.ActiveCfg = Release|Win32
		{5115840E-A5A8-4044-B595-CDA05C2D65D0}.Release|Win32.Build.0 = Release|Win32
		{5115840E-A5A8-4044-B595-CDA05C2D65D0}.Release|x64.ActiveCfg = Release|x64
		{5115840E-A5A8-4044-B595-CDA05C2D65D0}.Release|x64.Build.0 = Release|x64
		{181CCB80-9AE8-4ED7-8B7D-4C0CBC80EEDD}.Debug|ARM.ActiveCfg = Debug|ARM
		{181CCB80-9AE8-4ED7-8B7D-4C0CBC80EEDD}.Debug|ARM.Build.0 = Debug|ARM
		{181CCB80-9AE8-4ED7-8B7D-4C0CBC80EEDD}.Debug|Win32.ActiveCfg = Debug|Win32
		{181CCB80-9AE8-4ED7-8B7D-4C0CBC80EEDD}.Debug|Win32.Build.0 = Debug|Win32
		{181CCB80-9AE8-4ED7-8B7D-4C0CBC80EEDD}.Debug|x64.ActiveCfg = Debug|x64
		{181CCB80-9AE8-4ED7-8B7D-4C0CBC80EEDD}.Debug|x64.Build.0 = Debug|x64
		{181CCB80-9AE8-4ED7-8B7D-4C0CBC80EEDD}.Release|ARM.ActiveCfg = Release|ARM
		{181CCB80-9AE8-4ED7-8B7D-4C0CBC80EEDD}.Release|ARM.Build.0 = Release|ARM
		{181CCB80-9AE8-4ED7-8B7D-4C0CBC80EEDD}.Release|Win32.ActiveCfg = Release|Win32
		{181CCB80-9AE8-4ED7-8B7D-4C0CBC80EEDD}.Release|Win32.Build.0 = Release|Win32
		{181CCB80-9AE8-4ED7-8B7D-4C0CBC80EEDD}.Release|x64.ActiveCfg = Release|x64
		{181CCB80-9AE8-4ED7-8B7D-4C0CBC80EEDD}.Release|x64.Build.0 = Release|x64
		{3D9C3F25-1736-4D39-A31F-6B2DE34E20CF}.Debug|ARM.ActiveCfg = Debug|ARM
		{3D9C3F25-1736-4D39-A31F-6B2DE34E20CF}.Debug|ARM.Build.0 = Debug|ARM
		{3D9C3F25-1736-4D39-A31F-6B2DE34E20CF}.Debug|Win32.ActiveCfg = Debug|Win32
		{3D9C3F25-1736-4D39-A31F-6B2DE34E20CF}.Debug|Win32.Build.0 = Debug|Win32
		{3D9C3F25-1736-4D39-A31F-6B2DE34E20CF}.Debug|x64.ActiveCfg = Debug|x64
		{3D9C3F25-1736-4D39-A31F-6B2DE34E20CF}.Debug|x64.Build.0 = Debug|x64
		{3D9C3F25-1736-4D39-A31F-6B2DE34E20CF}.Release|ARM.ActiveCfg = Release|ARM
		{3D9C3F25-1736-4D39-A31F-6B2DE34E20CF}.Release|ARM.Build.0 = Release|ARM
		{3D9C3F25-1736-4D39-A31F-6B2DE34E20CF}.Release|Win32.ActiveCfg = Release|Win32
		{3D9C3F25-1736-4D39-A31F-6B2DE34E20CF}.Release|Win32.Build.0 = Release|Win32
		{3D9C3F25-1736-4D39-A31F-6B2DE34E20CF}.Release|x64.ActiveCfg = Release|x64
		{3D9C3F25-1736-4D39-A31F-6B2DE34E20CF}.Release|x64.Build.0 = Release|x64
		{198ED804-2655-4D92-8104-C220E3EA9452}.Debug|ARM.ActiveCfg = Debug|ARM
		{198ED804-2655-4D92-8104-C220E3EA9452}.Debug|ARM.Build.0 = Debug|ARM
		{198ED804-2655-4D92-8104-C220E3EA9452}.Debug|Win32.ActiveCfg = Debug|Win32
		{198ED804-2655-4D92-8104-C220E3EA9452}.Debug|Win32.Build.0 = Debug|Win32
		{198ED804-2655-4D92-8104-C220E3EA9452}.Debug|x64.ActiveCfg = Debug|x64
		{198ED804-2655-4D92-8104-C220E3EA9452}.Debug|x64.Build.0 = Debug|x64
		{198ED804-2655-4D92-8104-C220E3EA9452}.Release|ARM.ActiveCfg = Release|ARM
		{198ED804-2655-4D92-8104-C220E3EA9452}.Release|ARM.Build.0 = Release|ARM
		{198ED804-2655-4D92-8104-C220E3EA9452}.Release|Win32.ActiveCfg = Release|Win32
		{198ED804-2655-4D92-8104-C220E3EA9452}.Release|Win32.Build.0 = Release|Win32
		{198ED804-2655-4D92-8104-C220E3EA9452}.Release|x64.ActiveCfg = Release|x64
		{198ED804-2655-4D92-8104-C220E3EA9452}.Release|x64.Build.0 = Release|x64
	EndGlobalSection
	GlobalSection(SolutionProperties) = preSolution
		HideSolutionNode = FALSE
	EndGlobalSection
EndGlobal
