<?xml version="1.0" encoding="utf-8"?>
<Project ToolsVersion="4.0" xmlns="http://schemas.microsoft.com/developer/msbuild/2003">
  <ItemGroup>
    <Filter Include="Header Files">
      <UniqueIdentifier>{0c7a81ed-9ccc-45f4-9bdf-57faca71b5bd}</UniqueIdentifier>
    </Filter>
    <Filter Include="Source Files">
      <UniqueIdentifier>{2e751315-ab1c-448f-89db-1f3d7b7ccb4d}</UniqueIdentifier>
    </Filter>
  </ItemGroup>
  <ItemGroup>
    <ClCompile Include="$(CasablancaSrcDir)\utilities\asyncrt_utils.cpp">
      <Filter>Source Files</Filter>
    </ClCompile>
    <ClCompile Include="$(CasablancaSrcDir)\utilities\dllmain.cpp">
      <Filter>Source Files</Filter>
    </ClCompile>
    <ClCompile Include="$(CasablancaSrcDir)\http\client\http_client.cpp">
      <Filter>Source Files</Filter>
    </ClCompile>
    <ClCompile Include="$(CasablancaSrcDir)\http\common\http_helpers.cpp">
      <Filter>Source Files</Filter>
    </ClCompile>
    <ClCompile Include="$(CasablancaSrcDir)\http\common\http_msg.cpp">
      <Filter>Source Files</Filter>
    </ClCompile>
    <ClCompile Include="$(CasablancaSrcDir)\http\client\http_msg_client.cpp">
      <Filter>Source Files</Filter>
    </ClCompile>
    <ClCompile Include="$(CasablancaSrcDir)\json\json.cpp">
      <Filter>Source Files</Filter>
    </ClCompile>
    <ClCompile Include="$(CasablancaSrcDir)\pplx\pplx.cpp">
      <Filter>Source Files</Filter>
    </ClCompile>
    <ClCompile Include="$(CasablancaSrcDir)\http\uri\uri.cpp">
      <Filter>Source Files</Filter>
    </ClCompile>
    <ClCompile Include="$(CasablancaSrcDir)\http\uri\uri_builder.cpp">
      <Filter>Source Files</Filter>
    </ClCompile>
    <ClCompile Include="$(CasablancaSrcDir)\http\uri\uri_parser.cpp">
      <Filter>Source Files</Filter>
    </ClCompile>
    <ClCompile Include="$(CasablancaSrcDir)\streams\windows\fileio_winrt.cpp">
      <Filter>Source Files</Filter>
    </ClCompile>
    <ClCompile Include="$(CasablancaSrcDir)\pplx\windows\pplxwin.cpp">
      <Filter>Source Files</Filter>
    </ClCompile>
    <ClCompile Include="$(CasablancaSrcDir)\pch\stdafx.cpp">
      <Filter>Source Files</Filter>
    </ClCompile>
  </ItemGroup>
  <ItemGroup>
    <ClInclude Include="$(CasablancaIncludeDir)\streams.h">
      <Filter>Header Files</Filter>
    </ClInclude>
    <ClInclude Include="$(CasablancaIncludeDir)\astreambuf.h">
      <Filter>Header Files</Filter>
    </ClInclude>
    <ClInclude Include="$(CasablancaIncludeDir)\asyncrt_utils.h">
      <Filter>Header Files</Filter>
    </ClInclude>
    <ClInclude Include="$(CasablancaIncludeDir)\base_uri.h">
      <Filter>Header Files</Filter>
    </ClInclude>
    <ClInclude Include="$(CasablancaIncludeDir)\cancellation_token.h">
      <Filter>Header Files</Filter>
    </ClInclude>
    <ClInclude Include="$(CasablancaIncludeDir)\producerconsumerstream.h">
      <Filter>Header Files</Filter>
    </ClInclude>
    <ClInclude Include="$(CasablancaIncludeDir)\filestream.h">
      <Filter>Header Files</Filter>
    </ClInclude>
    <ClInclude Include="$(CasablancaIncludeDir)\globals.h">
      <Filter>Header Files</Filter>
    </ClInclude>
    <ClInclude Include="$(CasablancaIncludeDir)\http_client.h">
      <Filter>Header Files</Filter>
    </ClInclude>
    <ClInclude Include="$(CasablancaIncludeDir)\http_helpers.h">
      <Filter>Header Files</Filter>
    </ClInclude>
    <ClInclude Include="$(CasablancaIncludeDir)\http_msg.h">
      <Filter>Header Files</Filter>
    </ClInclude>
    <ClInclude Include="$(CasablancaIncludeDir)\json.h">
      <Filter>Header Files</Filter>
    </ClInclude>
    <ClInclude Include="$(CasablancaIncludeDir)\pplx.h">
      <Filter>Header Files</Filter>
    </ClInclude>
    <ClInclude Include="$(CasablancaIncludeDir)\pplxdefs.h">
      <Filter>Header Files</Filter>
    </ClInclude>
    <ClInclude Include="$(CasablancaIncludeDir)\pplxtasks.h">
      <Filter>Header Files</Filter>
    </ClInclude>
    <ClInclude Include="$(CasablancaSrcDir)\stdafx.h">
      <Filter>Header Files</Filter>
    </ClInclude>
    <ClInclude Include="$(CasablancaIncludeDir)\interopstream.h">
      <Filter>Header Files</Filter>
    </ClInclude>
    <ClInclude Include="$(CasablancaSrcDir)\targetver.h">
      <Filter>Header Files</Filter>
    </ClInclude>
    <ClInclude Include="$(CasablancaIncludeDir)\uri.h">
      <Filter>Header Files</Filter>
    </ClInclude>
    <ClInclude Include="$(CasablancaIncludeDir)\uri_builder.h">
      <Filter>Header Files</Filter>
    </ClInclude>
    <ClInclude Include="$(CasablancaIncludeDir)\fileio.h">
      <Filter>Header Files</Filter>
    </ClInclude>
    <ClInclude Include="$(CasablancaIncludeDir)\xxpublic.h">
      <Filter>Header Files</Filter>
    </ClInclude>
    <ClInclude Include="$(CasablancaIncludeDir)\pplxatomics.h">
      <Filter>Header Files</Filter>
    </ClInclude>
    <ClInclude Include="$(CasablancaIncludeDir)\pplxinterface.h">
      <Filter>Header Files</Filter>
    </ClInclude>
    <ClInclude Include="$(CasablancaIncludeDir)\pplxwin.h">
      <Filter>Header Files</Filter>
    </ClInclude>
    <ClInclude Include="$(CasablancaIncludeDir)\rawptrstream.h">
      <Filter>Header Files</Filter>
    </ClInclude>
    <ClInclude Include="$(CasablancaIncludeDir)\containerstream.h">
      <Filter>Header Files</Filter>
    </ClInclude>
  </ItemGroup>
</Project>