// !$*UTF8*$!
{
	archiveVersion = 1;
	classes = {
	};
	objectVersion = 46;
	objects = {

/* Begin PBXBuildFile section */
		EB355EE1176FE80C00D202C6 /* libcasablanca.dyn.dylib in Frameworks */ = {isa = PBXBuildFile; fileRef = EB355EE0176FE80C00D202C6 /* libcasablanca.dyn.dylib */; };
		EB355EE3176FE81700D202C6 /* libUnitTestpp.dylib in Frameworks */ = {isa = PBXBuildFile; fileRef = EB355EE2176FE81700D202C6 /* libUnitTestpp.dylib */; };
		EB355EEB17701DC000D202C6 /* prefix.h in Headers */ = {isa = PBXBuildFile; fileRef = EB355EEA17701DC000D202C6 /* prefix.h */; };
		EB6585951771780D00E291E4 /* fstreambuf_tests.cpp in Sources */ = {isa = PBXBuildFile; fileRef = EB355ECE176FE7D100D202C6 /* fstreambuf_tests.cpp */; };
		EB6585961771786100E291E4 /* ostream_tests.cpp in Sources */ = {isa = PBXBuildFile; fileRef = EB355ED2176FE7D100D202C6 /* ostream_tests.cpp */; };
		EB658597177178E900E291E4 /* istream_tests.cpp in Sources */ = {isa = PBXBuildFile; fileRef = EB355ED0176FE7D100D202C6 /* istream_tests.cpp */; };
		EB658598177178EB00E291E4 /* memstream_tests.cpp in Sources */ = {isa = PBXBuildFile; fileRef = EB355ED1176FE7D100D202C6 /* memstream_tests.cpp */; };
		EB658599177178F900E291E4 /* stdstream_tests.cpp in Sources */ = {isa = PBXBuildFile; fileRef = EB355ED5176FE7D100D202C6 /* stdstream_tests.cpp */; };
/* End PBXBuildFile section */

/* Begin PBXFileReference section */
		EB355EC7176FE7B900D202C6 /* libstream_test.dylib */ = {isa = PBXFileReference; explicitFileType = "compiled.mach-o.dylib"; includeInIndex = 0; path = libstream_test.dylib; sourceTree = BUILT_PRODUCTS_DIR; };
		EB355ECE176FE7D100D202C6 /* fstreambuf_tests.cpp */ = {isa = PBXFileReference; fileEncoding = 4; lastKnownFileType = sourcecode.cpp.cpp; name = fstreambuf_tests.cpp; path = ../../fstreambuf_tests.cpp; sourceTree = "<group>"; };
		EB355ECF176FE7D100D202C6 /* fuzz_tests.cpp */ = {isa = PBXFileReference; fileEncoding = 4; lastKnownFileType = sourcecode.cpp.cpp; name = fuzz_tests.cpp; path = ../../fuzz_tests.cpp; sourceTree = "<group>"; };
		EB355ED0176FE7D100D202C6 /* istream_tests.cpp */ = {isa = PBXFileReference; fileEncoding = 4; lastKnownFileType = sourcecode.cpp.cpp; name = istream_tests.cpp; path = ../../istream_tests.cpp; sourceTree = "<group>"; };
		EB355ED1176FE7D100D202C6 /* memstream_tests.cpp */ = {isa = PBXFileReference; fileEncoding = 4; lastKnownFileType = sourcecode.cpp.cpp; name = memstream_tests.cpp; path = ../../memstream_tests.cpp; sourceTree = "<group>"; };
		EB355ED2176FE7D100D202C6 /* ostream_tests.cpp */ = {isa = PBXFileReference; fileEncoding = 4; lastKnownFileType = sourcecode.cpp.cpp; name = ostream_tests.cpp; path = ../../ostream_tests.cpp; sourceTree = "<group>"; };
		EB355ED5176FE7D100D202C6 /* stdstream_tests.cpp */ = {isa = PBXFileReference; fileEncoding = 4; lastKnownFileType = sourcecode.cpp.cpp; name = stdstream_tests.cpp; path = ../../stdstream_tests.cpp; sourceTree = "<group>"; };
		EB355EE0176FE80C00D202C6 /* libcasablanca.dyn.dylib */ = {isa = PBXFileReference; lastKnownFileType = "compiled.mach-o.dylib"; name = libcasablanca.dyn.dylib; path = "../../../../../../../../Library/Developer/Xcode/DerivedData/casablanca-dsizxvnszpogyxcgnjjddmqvfvaa/Build/Products/Debug/libcasablanca.dyn.dylib"; sourceTree = "<group>"; };
		EB355EE2176FE81700D202C6 /* libUnitTestpp.dylib */ = {isa = PBXFileReference; lastKnownFileType = "compiled.mach-o.dylib"; name = libUnitTestpp.dylib; path = "../../../../../../../../Library/Developer/Xcode/DerivedData/casablanca-dsizxvnszpogyxcgnjjddmqvfvaa/Build/Products/Debug/libUnitTestpp.dylib"; sourceTree = "<group>"; };
		EB355EEA17701DC000D202C6 /* prefix.h */ = {isa = PBXFileReference; fileEncoding = 4; lastKnownFileType = sourcecode.c.h; name = prefix.h; path = ../../prefix.h; sourceTree = "<group>"; };
/* End PBXFileReference section */

/* Begin PBXFrameworksBuildPhase section */
		EB355EC4176FE7B900D202C6 /* Frameworks */ = {
			isa = PBXFrameworksBuildPhase;
			buildActionMask = 2147483647;
			files = (
				EB355EE1176FE80C00D202C6 /* libcasablanca.dyn.dylib in Frameworks */,
				EB355EE3176FE81700D202C6 /* libUnitTestpp.dylib in Frameworks */,
			);
			runOnlyForDeploymentPostprocessing = 0;
		};
/* End PBXFrameworksBuildPhase section */

/* Begin PBXGroup section */
		EB355EBE176FE7B900D202C6 = {
			isa = PBXGroup;
			children = (
				EB355EE2176FE81700D202C6 /* libUnitTestpp.dylib */,
				EB355EE0176FE80C00D202C6 /* libcasablanca.dyn.dylib */,
				EB355ECE176FE7D100D202C6 /* fstreambuf_tests.cpp */,
				EB355EEA17701DC000D202C6 /* prefix.h */,
				EB355ECF176FE7D100D202C6 /* fuzz_tests.cpp */,
				EB355ED0176FE7D100D202C6 /* istream_tests.cpp */,
				EB355ED1176FE7D100D202C6 /* memstream_tests.cpp */,
				EB355ED2176FE7D100D202C6 /* ostream_tests.cpp */,
				EB355ED5176FE7D100D202C6 /* stdstream_tests.cpp */,
				EB355EC8176FE7B900D202C6 /* Products */,
			);
			sourceTree = "<group>";
		};
		EB355EC8176FE7B900D202C6 /* Products */ = {
			isa = PBXGroup;
			children = (
				EB355EC7176FE7B900D202C6 /* libstream_test.dylib */,
			);
			name = Products;
			sourceTree = "<group>";
		};
/* End PBXGroup section */

/* Begin PBXHeadersBuildPhase section */
		EB355EC5176FE7B900D202C6 /* Headers */ = {
			isa = PBXHeadersBuildPhase;
			buildActionMask = 2147483647;
			files = (
				EB355EEB17701DC000D202C6 /* prefix.h in Headers */,
			);
			runOnlyForDeploymentPostprocessing = 0;
		};
/* End PBXHeadersBuildPhase section */

/* Begin PBXNativeTarget section */
		EB355EC6176FE7B900D202C6 /* stream_test */ = {
			isa = PBXNativeTarget;
			buildConfigurationList = EB355ECB176FE7B900D202C6 /* Build configuration list for PBXNativeTarget "stream_test" */;
			buildPhases = (
				EB355EC3176FE7B900D202C6 /* Sources */,
				EB355EC4176FE7B900D202C6 /* Frameworks */,
				EB355EC5176FE7B900D202C6 /* Headers */,
			);
			buildRules = (
			);
			dependencies = (
			);
			name = stream_test;
			productName = stream_test;
			productReference = EB355EC7176FE7B900D202C6 /* libstream_test.dylib */;
			productType = "com.apple.product-type.library.dynamic";
		};
/* End PBXNativeTarget section */

/* Begin PBXProject section */
		EB355EBF176FE7B900D202C6 /* Project object */ = {
			isa = PBXProject;
			attributes = {
				LastUpgradeCheck = 0460;
				ORGANIZATIONNAME = "Niklas Gustafsson";
			};
			buildConfigurationList = EB355EC2176FE7B900D202C6 /* Build configuration list for PBXProject "stream_test" */;
			compatibilityVersion = "Xcode 3.2";
			developmentRegion = English;
			hasScannedForEncodings = 0;
			knownRegions = (
				en,
			);
			mainGroup = EB355EBE176FE7B900D202C6;
			productRefGroup = EB355EC8176FE7B900D202C6 /* Products */;
			projectDirPath = "";
			projectRoot = "";
			targets = (
				EB355EC6176FE7B900D202C6 /* stream_test */,
			);
		};
/* End PBXProject section */

/* Begin PBXSourcesBuildPhase section */
		EB355EC3176FE7B900D202C6 /* Sources */ = {
			isa = PBXSourcesBuildPhase;
			buildActionMask = 2147483647;
			files = (
				EB6585951771780D00E291E4 /* fstreambuf_tests.cpp in Sources */,
				EB6585961771786100E291E4 /* ostream_tests.cpp in Sources */,
				EB658597177178E900E291E4 /* istream_tests.cpp in Sources */,
				EB658598177178EB00E291E4 /* memstream_tests.cpp in Sources */,
				EB658599177178F900E291E4 /* stdstream_tests.cpp in Sources */,
			);
			runOnlyForDeploymentPostprocessing = 0;
		};
/* End PBXSourcesBuildPhase section */

/* Begin XCBuildConfiguration section */
		EB355EC9176FE7B900D202C6 /* Debug */ = {
			isa = XCBuildConfiguration;
			buildSettings = {
				ALWAYS_SEARCH_USER_PATHS = NO;
				ARCHS = "$(ARCHS_STANDARD_64_BIT)";
				CLANG_CXX_LANGUAGE_STANDARD = "c++0x";
				CLANG_CXX_LIBRARY = "libc++";
				CLANG_WARN_CONSTANT_CONVERSION = YES;
				CLANG_WARN_EMPTY_BODY = YES;
				CLANG_WARN_ENUM_CONVERSION = YES;
				CLANG_WARN_INT_CONVERSION = YES;
				CLANG_WARN__DUPLICATE_METHOD_MATCH = YES;
				COPY_PHASE_STRIP = NO;
				GCC_C_LANGUAGE_STANDARD = gnu99;
				GCC_DYNAMIC_NO_PIC = NO;
				GCC_ENABLE_OBJC_EXCEPTIONS = YES;
				GCC_OPTIMIZATION_LEVEL = 0;
				GCC_PRECOMPILE_PREFIX_HEADER = YES;
				GCC_PREFIX_HEADER = ../../prefix.h;
				GCC_PREPROCESSOR_DEFINITIONS = (
					"MS_TARGET_APPLE=1",
					"DEBUG=1",
				);
				GCC_SYMBOLS_PRIVATE_EXTERN = NO;
				GCC_WARN_64_TO_32_BIT_CONVERSION = NO;
				GCC_WARN_ABOUT_RETURN_TYPE = YES;
				GCC_WARN_UNINITIALIZED_AUTOS = YES;
				GCC_WARN_UNUSED_VALUE = NO;
				GCC_WARN_UNUSED_VARIABLE = NO;
				HEADER_SEARCH_PATHS = (
					/opt/local/include,
					../../../../../include,
					../../../../Common/UnitTestpp,
					../../../../Common/utilities/include,
				);
				MACOSX_DEPLOYMENT_TARGET = 10.8;
				ONLY_ACTIVE_ARCH = YES;
				SDKROOT = macosx;
				WARNING_CFLAGS = "-Wno-return-type-c-linkage";
			};
			name = Debug;
		};
		EB355ECA176FE7B900D202C6 /* Release */ = {
			isa = XCBuildConfiguration;
			buildSettings = {
				ALWAYS_SEARCH_USER_PATHS = NO;
				ARCHS = "$(ARCHS_STANDARD_64_BIT)";
				CLANG_CXX_LANGUAGE_STANDARD = "c++0x";
				CLANG_CXX_LIBRARY = "libc++";
				CLANG_WARN_CONSTANT_CONVERSION = YES;
				CLANG_WARN_EMPTY_BODY = YES;
				CLANG_WARN_ENUM_CONVERSION = YES;
				CLANG_WARN_INT_CONVERSION = YES;
				CLANG_WARN__DUPLICATE_METHOD_MATCH = YES;
				COPY_PHASE_STRIP = YES;
				DEBUG_INFORMATION_FORMAT = "dwarf-with-dsym";
				GCC_C_LANGUAGE_STANDARD = gnu99;
				GCC_ENABLE_OBJC_EXCEPTIONS = YES;
				GCC_PRECOMPILE_PREFIX_HEADER = YES;
				GCC_PREFIX_HEADER = ../../prefix.h;
				GCC_PREPROCESSOR_DEFINITIONS = "MS_TARGET_APPLE=1";
				GCC_WARN_64_TO_32_BIT_CONVERSION = NO;
				GCC_WARN_ABOUT_RETURN_TYPE = YES;
				GCC_WARN_UNINITIALIZED_AUTOS = YES;
				GCC_WARN_UNUSED_VALUE = NO;
				GCC_WARN_UNUSED_VARIABLE = NO;
				HEADER_SEARCH_PATHS = (
					/opt/local/include,
					../../../../../include,
					../../../../Common/UnitTestpp,
					../../../../Common/utilities/include,
				);
				MACOSX_DEPLOYMENT_TARGET = 10.8;
				SDKROOT = macosx;
				WARNING_CFLAGS = "-Wno-return-type-c-linkage";
			};
			name = Release;
		};
		EB355ECC176FE7B900D202C6 /* Debug */ = {
			isa = XCBuildConfiguration;
			buildSettings = {
				EXECUTABLE_PREFIX = lib;
				LIBRARY_SEARCH_PATHS = (
					"$(inherited)",
					"\"$(SRCROOT)/../../../../../../../../Library/Developer/Xcode/DerivedData/casablanca-dsizxvnszpogyxcgnjjddmqvfvaa/Build/Products/Debug\"",
				);
				PRODUCT_NAME = "$(TARGET_NAME)";
			};
			name = Debug;
		};
		EB355ECD176FE7B900D202C6 /* Release */ = {
			isa = XCBuildConfiguration;
			buildSettings = {
				EXECUTABLE_PREFIX = lib;
				LIBRARY_SEARCH_PATHS = (
					"$(inherited)",
					"\"$(SRCROOT)/../../../../../../../../Library/Developer/Xcode/DerivedData/casablanca-dsizxvnszpogyxcgnjjddmqvfvaa/Build/Products/Debug\"",
				);
				PRODUCT_NAME = "$(TARGET_NAME)";
			};
			name = Release;
		};
/* End XCBuildConfiguration section */

/* Begin XCConfigurationList section */
		EB355EC2176FE7B900D202C6 /* Build configuration list for PBXProject "stream_test" */ = {
			isa = XCConfigurationList;
			buildConfigurations = (
				EB355EC9176FE7B900D202C6 /* Debug */,
				EB355ECA176FE7B900D202C6 /* Release */,
			);
			defaultConfigurationIsVisible = 0;
			defaultConfigurationName = Release;
		};
		EB355ECB176FE7B900D202C6 /* Build configuration list for PBXNativeTarget "stream_test" */ = {
			isa = XCConfigurationList;
			buildConfigurations = (
				EB355ECC176FE7B900D202C6 /* Debug */,
				EB355ECD176FE7B900D202C6 /* Release */,
			);
			defaultConfigurationIsVisible = 0;
			defaultConfigurationName = Release;
		};
/* End XCConfigurationList section */
	};
	rootObject = EB355EBF176FE7B900D202C6 /* Project object */;
}
