// !$*UTF8*$!
{
	archiveVersion = 1;
	classes = {
	};
	objectVersion = 46;
	objects = {

/* Begin PBXBuildFile section */
		EB23720B1768355B00C10787 /* test_module_loader.cpp in Sources */ = {isa = PBXBuildFile; fileRef = EB2372081768355B00C10787 /* test_module_loader.cpp */; };
		EB23720C1768355B00C10787 /* test_runner.cpp in Sources */ = {isa = PBXBuildFile; fileRef = EB23720A1768355B00C10787 /* test_runner.cpp */; };
		EB3F0215176AA5F50064D425 /* libUnitTestpp.dylib in Frameworks */ = {isa = PBXBuildFile; fileRef = EB3F0214176AA5F50064D425 /* libUnitTestpp.dylib */; };
/* End PBXBuildFile section */

/* Begin PBXCopyFilesBuildPhase section */
		EB2371FA176834F600C10787 /* CopyFiles */ = {
			isa = PBXCopyFilesBuildPhase;
			buildActionMask = 2147483647;
			dstPath = /usr/share/man/man1/;
			dstSubfolderSpec = 0;
			files = (
			);
			runOnlyForDeploymentPostprocessing = 1;
		};
/* End PBXCopyFilesBuildPhase section */

/* Begin PBXFileReference section */
		EB2371FC176834F600C10787 /* test_runner */ = {isa = PBXFileReference; explicitFileType = "compiled.mach-o.executable"; includeInIndex = 0; path = test_runner; sourceTree = BUILT_PRODUCTS_DIR; };
		EB2372081768355B00C10787 /* test_module_loader.cpp */ = {isa = PBXFileReference; fileEncoding = 4; lastKnownFileType = sourcecode.cpp.cpp; name = test_module_loader.cpp; path = ../../test_module_loader.cpp; sourceTree = "<group>"; };
		EB2372091768355B00C10787 /* test_module_loader.h */ = {isa = PBXFileReference; fileEncoding = 4; lastKnownFileType = sourcecode.c.h; name = test_module_loader.h; path = ../../test_module_loader.h; sourceTree = "<group>"; };
		EB23720A1768355B00C10787 /* test_runner.cpp */ = {isa = PBXFileReference; fileEncoding = 4; lastKnownFileType = sourcecode.cpp.cpp; name = test_runner.cpp; path = ../../test_runner.cpp; sourceTree = "<group>"; };
		EB3F0214176AA5F50064D425 /* libUnitTestpp.dylib */ = {isa = PBXFileReference; lastKnownFileType = "compiled.mach-o.dylib"; name = libUnitTestpp.dylib; path = "../../../../../../../../Library/Developer/Xcode/DerivedData/casablanca-dsizxvnszpogyxcgnjjddmqvfvaa/Build/Products/Debug/libUnitTestpp.dylib"; sourceTree = "<group>"; };
/* End PBXFileReference section */

/* Begin PBXFrameworksBuildPhase section */
		EB2371F9176834F600C10787 /* Frameworks */ = {
			isa = PBXFrameworksBuildPhase;
			buildActionMask = 2147483647;
			files = (
				EB3F0215176AA5F50064D425 /* libUnitTestpp.dylib in Frameworks */,
			);
			runOnlyForDeploymentPostprocessing = 0;
		};
/* End PBXFrameworksBuildPhase section */

/* Begin PBXGroup section */
		EB2371F3176834F600C10787 = {
			isa = PBXGroup;
			children = (
				EB3F0214176AA5F50064D425 /* libUnitTestpp.dylib */,
				EB2372081768355B00C10787 /* test_module_loader.cpp */,
				EB2372091768355B00C10787 /* test_module_loader.h */,
				EB23720A1768355B00C10787 /* test_runner.cpp */,
				EB2371FD176834F600C10787 /* Products */,
			);
			sourceTree = "<group>";
		};
		EB2371FD176834F600C10787 /* Products */ = {
			isa = PBXGroup;
			children = (
				EB2371FC176834F600C10787 /* test_runner */,
			);
			name = Products;
			sourceTree = "<group>";
		};
/* End PBXGroup section */

/* Begin PBXNativeTarget section */
		EB2371FB176834F600C10787 /* test_runner */ = {
			isa = PBXNativeTarget;
			buildConfigurationList = EB237205176834F600C10787 /* Build configuration list for PBXNativeTarget "test_runner" */;
			buildPhases = (
				EB2371F8176834F600C10787 /* Sources */,
				EB2371F9176834F600C10787 /* Frameworks */,
				EB2371FA176834F600C10787 /* CopyFiles */,
			);
			buildRules = (
			);
			dependencies = (
			);
			name = test_runner;
			productName = test_runner;
			productReference = EB2371FC176834F600C10787 /* test_runner */;
			productType = "com.apple.product-type.tool";
		};
/* End PBXNativeTarget section */

/* Begin PBXProject section */
		EB2371F4176834F600C10787 /* Project object */ = {
			isa = PBXProject;
			attributes = {
				LastUpgradeCheck = 0460;
				ORGANIZATIONNAME = "Niklas Gustafsson";
			};
			buildConfigurationList = EB2371F7176834F600C10787 /* Build configuration list for PBXProject "test_runner" */;
			compatibilityVersion = "Xcode 3.2";
			developmentRegion = English;
			hasScannedForEncodings = 0;
			knownRegions = (
				en,
			);
			mainGroup = EB2371F3176834F600C10787;
			productRefGroup = EB2371FD176834F600C10787 /* Products */;
			projectDirPath = "";
			projectRoot = "";
			targets = (
				EB2371FB176834F600C10787 /* test_runner */,
			);
		};
/* End PBXProject section */

/* Begin PBXSourcesBuildPhase section */
		EB2371F8176834F600C10787 /* Sources */ = {
			isa = PBXSourcesBuildPhase;
			buildActionMask = 2147483647;
			files = (
				EB23720B1768355B00C10787 /* test_module_loader.cpp in Sources */,
				EB23720C1768355B00C10787 /* test_runner.cpp in Sources */,
			);
			runOnlyForDeploymentPostprocessing = 0;
		};
/* End PBXSourcesBuildPhase section */

/* Begin XCBuildConfiguration section */
		EB237203176834F600C10787 /* Debug */ = {
			isa = XCBuildConfiguration;
			buildSettings = {
				ALWAYS_SEARCH_USER_PATHS = NO;
				ARCHS = "$(ARCHS_STANDARD_64_BIT)";
				CLANG_CXX_LANGUAGE_STANDARD = "gnu++0x";
				CLANG_CXX_LIBRARY = "libc++";
				CLANG_WARN_CONSTANT_CONVERSION = YES;
				CLANG_WARN_EMPTY_BODY = YES;
				CLANG_WARN_ENUM_CONVERSION = YES;
				CLANG_WARN_INT_CONVERSION = YES;
				CLANG_WARN__DUPLICATE_METHOD_MATCH = YES;
				COPY_PHASE_STRIP = NO;
				GCC_C_LANGUAGE_STANDARD = gnu99;
				GCC_DYNAMIC_NO_PIC = NO;
				GCC_ENABLE_OBJC_EXCEPTIONS = YES;
				GCC_OPTIMIZATION_LEVEL = 0;
				GCC_PREPROCESSOR_DEFINITIONS = (
					"DEBUG=1",
					"$(inherited)",
				);
				GCC_SYMBOLS_PRIVATE_EXTERN = NO;
				GCC_WARN_64_TO_32_BIT_CONVERSION = YES;
				GCC_WARN_ABOUT_RETURN_TYPE = YES;
				GCC_WARN_UNINITIALIZED_AUTOS = YES;
				GCC_WARN_UNUSED_VARIABLE = YES;
				MACOSX_DEPLOYMENT_TARGET = 10.8;
				ONLY_ACTIVE_ARCH = YES;
				OTHER_LDFLAGS = (
					"-l",
					"boost_filesystem-mt",
					"-l",
					"boost_system-mt",
				);
				SDKROOT = macosx;
			};
			name = Debug;
		};
		EB237204176834F600C10787 /* Release */ = {
			isa = XCBuildConfiguration;
			buildSettings = {
				ALWAYS_SEARCH_USER_PATHS = NO;
				ARCHS = "$(ARCHS_STANDARD_64_BIT)";
				CLANG_CXX_LANGUAGE_STANDARD = "gnu++0x";
				CLANG_CXX_LIBRARY = "libc++";
				CLANG_WARN_CONSTANT_CONVERSION = YES;
				CLANG_WARN_EMPTY_BODY = YES;
				CLANG_WARN_ENUM_CONVERSION = YES;
				CLANG_WARN_INT_CONVERSION = YES;
				CLANG_WARN__DUPLICATE_METHOD_MATCH = YES;
				COPY_PHASE_STRIP = YES;
				DEBUG_INFORMATION_FORMAT = "dwarf-with-dsym";
				GCC_C_LANGUAGE_STANDARD = gnu99;
				GCC_ENABLE_OBJC_EXCEPTIONS = YES;
				GCC_WARN_64_TO_32_BIT_CONVERSION = YES;
				GCC_WARN_ABOUT_RETURN_TYPE = YES;
				GCC_WARN_UNINITIALIZED_AUTOS = YES;
				GCC_WARN_UNUSED_VARIABLE = YES;
				MACOSX_DEPLOYMENT_TARGET = 10.8;
				OTHER_LDFLAGS = (
					"-l",
					"boost_filesystem-mt",
					"-l",
					"boost_system-mt",
				);
				SDKROOT = macosx;
			};
			name = Release;
		};
		EB237206176834F600C10787 /* Debug */ = {
			isa = XCBuildConfiguration;
			buildSettings = {
				ALWAYS_SEARCH_USER_PATHS = YES;
				GCC_PREPROCESSOR_DEFINITIONS = (
					MS_TARGET_APPLE,
					"$(inherited)",
				);
				GCC_WARN_64_TO_32_BIT_CONVERSION = NO;
				GCC_WARN_UNUSED_VALUE = YES;
				HEADER_SEARCH_PATHS = (
					/opt/local/include,
					../../../UnitTestpp,
					../../../../../include,
					../../../../include,
				);
				LIBRARY_SEARCH_PATHS = (
					/opt/local/lib,
					"\"$(SRCROOT)/../../../../../../../../Library/Developer/Xcode/DerivedData/casablanca-dsizxvnszpogyxcgnjjddmqvfvaa/Build/Products/Debug\"",
				);
				PRODUCT_NAME = "$(TARGET_NAME)";
				WARNING_CFLAGS = "-Wno-return-type-c-linkage";
			};
			name = Debug;
		};
		EB237207176834F600C10787 /* Release */ = {
			isa = XCBuildConfiguration;
			buildSettings = {
				ALWAYS_SEARCH_USER_PATHS = YES;
				GCC_PREPROCESSOR_DEFINITIONS = MS_TARGET_APPLE;
				GCC_WARN_64_TO_32_BIT_CONVERSION = NO;
				GCC_WARN_UNUSED_VALUE = YES;
				HEADER_SEARCH_PATHS = (
					/opt/local/include,
					../../../UnitTestpp,
					../../../../../include,
					../../../../include,
				);
				LIBRARY_SEARCH_PATHS = (
					/opt/local/lib,
					"\"$(SRCROOT)/../../../../../../../../Library/Developer/Xcode/DerivedData/casablanca-dsizxvnszpogyxcgnjjddmqvfvaa/Build/Products/Debug\"",
				);
				PRODUCT_NAME = "$(TARGET_NAME)";
				WARNING_CFLAGS = "-Wno-return-type-c-linkage";
			};
			name = Release;
		};
/* End XCBuildConfiguration section */

/* Begin XCConfigurationList section */
		EB2371F7176834F600C10787 /* Build configuration list for PBXProject "test_runner" */ = {
			isa = XCConfigurationList;
			buildConfigurations = (
				EB237203176834F600C10787 /* Debug */,
				EB237204176834F600C10787 /* Release */,
			);
			defaultConfigurationIsVisible = 0;
			defaultConfigurationName = Release;
		};
		EB237205176834F600C10787 /* Build configuration list for PBXNativeTarget "test_runner" */ = {
			isa = XCConfigurationList;
			buildConfigurations = (
				EB237206176834F600C10787 /* Debug */,
				EB237207176834F600C10787 /* Release */,
			);
			defaultConfigurationIsVisible = 0;
			defaultConfigurationName = Release;
		};
/* End XCConfigurationList section */
	};
	rootObject = EB2371F4176834F600C10787 /* Project object */;
}
