<?xml version="1.0" encoding="utf-8"?>
<Project ToolsVersion="4.0" xmlns="http://schemas.microsoft.com/developer/msbuild/2003">
  <ItemGroup>
    <ClCompile Include="..\src\listener\http_listener.cpp">
      <Filter>Source Files</Filter>
    </ClCompile>
    <ClCompile Include="..\src\listener\http_msg_listen.cpp">
      <Filter>Source Files</Filter>
    </ClCompile>
    <ClCompile Include="..\src\listener\http_server_api.cpp">
      <Filter>Source Files</Filter>
    </ClCompile>
    <ClCompile Include="..\src\listener\http_windows_server.cpp">
      <Filter>Source Files</Filter>
    </ClCompile>
    <ClCompile Include="..\stdafx.cpp">
      <Filter>Source Files</Filter>
    </ClCompile>
    <ClCompile Include="..\src\logging\log.cpp">
      <Filter>Source Files</Filter>
    </ClCompile>
  </ItemGroup>
  <ItemGroup>
    <ClInclude Include="..\include\http_linux_server.h">
      <Filter>Header Files</Filter>
    </ClInclude>
    <ClInclude Include="..\include\http_listener.h">
      <Filter>Header Files</Filter>
    </ClInclude>
    <ClInclude Include="..\include\http_server.h">
      <Filter>Header Files</Filter>
    </ClInclude>
    <ClInclude Include="..\include\http_server_api.h">
      <Filter>Header Files</Filter>
    </ClInclude>
    <ClInclude Include="..\include\http_windows_server.h">
      <Filter>Header Files</Filter>
    </ClInclude>
    <ClInclude Include="..\stdafx.h">
      <Filter>Header Files</Filter>
    </ClInclude>
    <ClInclude Include="..\include\filelog.h" />
    <ClInclude Include="..\include\log.h">
      <Filter>Header Files</Filter>
    </ClInclude>
  </ItemGroup>
  <ItemGroup>
    <Filter Include="Header Files">
      <UniqueIdentifier>{dc8a4647-8239-45cf-b814-61a56952bc6d}</UniqueIdentifier>
    </Filter>
    <Filter Include="Source Files">
      <UniqueIdentifier>{34ce39f3-4f7f-43e5-b56a-d90a3d7c0b6d}</UniqueIdentifier>
    </Filter>
  </ItemGroup>
</Project>